// !$*UTF8*$!
{
	archiveVersion = 1;
	classes = {
	};
	objectVersion = 46;
	objects = {

/* Begin PBXBuildFile section */
		1A03C076152F470700249036 /* NSManagedObjectContext+FetchAdditions.m in Sources */ = {isa = PBXBuildFile; fileRef = 1A03C075152F470700249036 /* NSManagedObjectContext+FetchAdditions.m */; };
		1A161D6F152018D60062B4A5 /* Event.m in Sources */ = {isa = PBXBuildFile; fileRef = 1A161D6E152018D60062B4A5 /* Event.m */; };
		1A17C1F0158936F300FED786 /* FPOCsvWriter.m in Sources */ = {isa = PBXBuildFile; fileRef = 1A17C1EF158936F300FED786 /* FPOCsvWriter.m */; };
		1A17C1FB1589488200FED786 /* MessageUI.framework in Frameworks */ = {isa = PBXBuildFile; fileRef = 1A17C1FA1589488200FED786 /* MessageUI.framework */; };
		1A212A4415957255001B6293 /* LogEntry.m in Sources */ = {isa = PBXBuildFile; fileRef = 1AED06231510F9F100CCDA4F /* LogEntry.m */; };
		1A212A461595728B001B6293 /* CoreLocation.framework in Frameworks */ = {isa = PBXBuildFile; fileRef = 1A212A451595728A001B6293 /* CoreLocation.framework */; };
		1A212A55159573E5001B6293 /* CoreData.framework in Frameworks */ = {isa = PBXBuildFile; fileRef = 1A212A54159573E5001B6293 /* CoreData.framework */; };
		1A212A56159576D1001B6293 /* Last Time.xcdatamodeld in Sources */ = {isa = PBXBuildFile; fileRef = 1AED06071510EEF100CCDA4F /* Last Time.xcdatamodeld */; };
		1A21320D16156D9E00770280 /* Default-568h@2x.png in Resources */ = {isa = PBXBuildFile; fileRef = 1A21320C16156D9E00770280 /* Default-568h@2x.png */; };
		1A4688FB15518CB500C64F49 /* white_paper.jpg in Resources */ = {isa = PBXBuildFile; fileRef = 1A4688F915518CB500C64F49 /* white_paper.jpg */; };
		1A4688FC15518CB500C64F49 /* white_paper@2x.jpg in Resources */ = {isa = PBXBuildFile; fileRef = 1A4688FA15518CB500C64F49 /* white_paper@2x.jpg */; };
		1A4B6ACC162A10740078A7EA /* Icon-72.png in Resources */ = {isa = PBXBuildFile; fileRef = 1A4B6AC2162A10740078A7EA /* Icon-72.png */; };
		1A4B6ACD162A10740078A7EA /* Icon-72@2x.png in Resources */ = {isa = PBXBuildFile; fileRef = 1A4B6AC3162A10740078A7EA /* Icon-72@2x.png */; };
		1A4B6ACE162A10740078A7EA /* Icon-Small-50.png in Resources */ = {isa = PBXBuildFile; fileRef = 1A4B6AC4162A10740078A7EA /* Icon-Small-50.png */; };
		1A4B6ACF162A10740078A7EA /* Icon-Small-50@2x.png in Resources */ = {isa = PBXBuildFile; fileRef = 1A4B6AC5162A10740078A7EA /* Icon-Small-50@2x.png */; };
		1A4B6AD0162A10740078A7EA /* Icon-Small.png in Resources */ = {isa = PBXBuildFile; fileRef = 1A4B6AC6162A10740078A7EA /* Icon-Small.png */; };
		1A4B6AD1162A10740078A7EA /* Icon-Small@2x.png in Resources */ = {isa = PBXBuildFile; fileRef = 1A4B6AC7162A10740078A7EA /* Icon-Small@2x.png */; };
		1A4B6AD2162A10740078A7EA /* Icon.png in Resources */ = {isa = PBXBuildFile; fileRef = 1A4B6AC8162A10740078A7EA /* Icon.png */; };
		1A4B6AD3162A10740078A7EA /* Icon@2x.png in Resources */ = {isa = PBXBuildFile; fileRef = 1A4B6AC9162A10740078A7EA /* Icon@2x.png */; };
		1A508EDD15C0DDC200FC737C /* leather_back.png in Resources */ = {isa = PBXBuildFile; fileRef = 1A508EDB15C0DDC200FC737C /* leather_back.png */; };
		1A508EDE15C0DDC200FC737C /* leather_back@2x.png in Resources */ = {isa = PBXBuildFile; fileRef = 1A508EDC15C0DDC200FC737C /* leather_back@2x.png */; };
		1A508EE215C0DE0800FC737C /* leather_navbar_button.png in Resources */ = {isa = PBXBuildFile; fileRef = 1A508EE015C0DE0800FC737C /* leather_navbar_button.png */; };
		1A508EE315C0DE0800FC737C /* leather_navbar_button@2x.png in Resources */ = {isa = PBXBuildFile; fileRef = 1A508EE115C0DE0800FC737C /* leather_navbar_button@2x.png */; };
		1A508EE615C0E0A600FC737C /* leather_toolbar.png in Resources */ = {isa = PBXBuildFile; fileRef = 1A508EE415C0E0A600FC737C /* leather_toolbar.png */; };
		1A508EE715C0E0A600FC737C /* leather_toolbar@2x.png in Resources */ = {isa = PBXBuildFile; fileRef = 1A508EE515C0E0A600FC737C /* leather_toolbar@2x.png */; };
		1A508EEA15C187D300FC737C /* leather_seg_uns.png in Resources */ = {isa = PBXBuildFile; fileRef = 1A508EE815C187D300FC737C /* leather_seg_uns.png */; };
		1A508EEB15C187D300FC737C /* leather_seg_uns@2x.png in Resources */ = {isa = PBXBuildFile; fileRef = 1A508EE915C187D300FC737C /* leather_seg_uns@2x.png */; };
		1A508EEE15C1896900FC737C /* leather_seg_sel.png in Resources */ = {isa = PBXBuildFile; fileRef = 1A508EEC15C1896900FC737C /* leather_seg_sel.png */; };
		1A508EEF15C1896900FC737C /* leather_seg_sel@2x.png in Resources */ = {isa = PBXBuildFile; fileRef = 1A508EED15C1896900FC737C /* leather_seg_sel@2x.png */; };
		1A6284FC153EFECE003C57F9 /* QuartzCore.framework in Frameworks */ = {isa = PBXBuildFile; fileRef = 1A6284FB153EFECE003C57F9 /* QuartzCore.framework */; };
		1A628504153F0FD7003C57F9 /* HeaderView.m in Sources */ = {isa = PBXBuildFile; fileRef = 1A628503153F0FD7003C57F9 /* HeaderView.m */; };
		1A79C11515BD14C200E2C39F /* leather_navbar.png in Resources */ = {isa = PBXBuildFile; fileRef = 1A79C11315BD14C200E2C39F /* leather_navbar.png */; };
		1A79C11615BD14C200E2C39F /* leather_navbar@2x.png in Resources */ = {isa = PBXBuildFile; fileRef = 1A79C11415BD14C200E2C39F /* leather_navbar@2x.png */; };
		1A823B6B153B959D00B997C8 /* default_data.plist in Resources */ = {isa = PBXBuildFile; fileRef = 1A823B6D153B959D00B997C8 /* default_data.plist */; };
		1A8A645D1597D6E3009DD55F /* ReminderSwitchCell.m in Sources */ = {isa = PBXBuildFile; fileRef = 1A8A645C1597D6E3009DD55F /* ReminderSwitchCell.m */; };
		1A8A646115981BDA009DD55F /* BasePickerCell.m in Sources */ = {isa = PBXBuildFile; fileRef = 1A8A646015981BDA009DD55F /* BasePickerCell.m */; };
		1A8A646515982311009DD55F /* DurationPickerCell.m in Sources */ = {isa = PBXBuildFile; fileRef = 1A8A646415982311009DD55F /* DurationPickerCell.m */; };
		1A8A6468159BFCCB009DD55F /* DurationPickerCell.xib in Resources */ = {isa = PBXBuildFile; fileRef = 1A8A6467159BFCCB009DD55F /* DurationPickerCell.xib */; };
		1A90626E159EA33600982649 /* Tapstream.framework in Frameworks */ = {isa = PBXBuildFile; fileRef = 1A90626D159EA33600982649 /* Tapstream.framework */; };
		1A95D751159CB9F2005686C1 /* NSString+UUID.m in Sources */ = {isa = PBXBuildFile; fileRef = 1A95D750159CB9F2005686C1 /* NSString+UUID.m */; };
		1A9CBA1F175C22C10040D99F /* libTestFlight.a in Frameworks */ = {isa = PBXBuildFile; fileRef = 3988B96114DC31500010062E /* libTestFlight.a */; };
		1AB4B3E7152961B900D66347 /* SegmentsController.m in Sources */ = {isa = PBXBuildFile; fileRef = 1AB4B3E6152961B800D66347 /* SegmentsController.m */; };
		1ABC9B0B1589284F00E12E31 /* TimelineViewController.xib in Resources */ = {isa = PBXBuildFile; fileRef = 1ABC9B0A1589284F00E12E31 /* TimelineViewController.xib */; };
		1AC020A3152550200022A07B /* oldEvent.m in Sources */ = {isa = PBXBuildFile; fileRef = 1AC0209E152550200022A07B /* oldEvent.m */; };
		1AC020A4152550200022A07B /* oldEventFolder.m in Sources */ = {isa = PBXBuildFile; fileRef = 1AC020A0152550200022A07B /* oldEventFolder.m */; };
		1AC020A5152550200022A07B /* oldLogEntry.m in Sources */ = {isa = PBXBuildFile; fileRef = 1AC020A2152550200022A07B /* oldLogEntry.m */; };
		1AC09F891520BAB600C483DE /* PlistStore.m in Sources */ = {isa = PBXBuildFile; fileRef = 1AC09F881520BAB600C483DE /* PlistStore.m */; };
		1AC0E2591552D29D00BD05AB /* paper@2x.jpg in Resources */ = {isa = PBXBuildFile; fileRef = 1A628507153F1B70003C57F9 /* paper@2x.jpg */; };
		1AC0E25A1552D2A200BD05AB /* paper.jpg in Resources */ = {isa = PBXBuildFile; fileRef = 1A628505153F1A4F003C57F9 /* paper.jpg */; };
		1AC62B9F152950760019362B /* TimelineViewController.m in Sources */ = {isa = PBXBuildFile; fileRef = 1AC62B9E152950760019362B /* TimelineViewController.m */; };
		1ADD036815165531006EAD7E /* EventFolder.m in Sources */ = {isa = PBXBuildFile; fileRef = 1ADD036715165531006EAD7E /* EventFolder.m */; };
		1AED06051510EEC700CCDA4F /* CoreData.framework in Frameworks */ = {isa = PBXBuildFile; fileRef = 1AED06041510EEC700CCDA4F /* CoreData.framework */; };
		1AED06091510EEF100CCDA4F /* Last Time.xcdatamodeld in Sources */ = {isa = PBXBuildFile; fileRef = 1AED06071510EEF100CCDA4F /* Last Time.xcdatamodeld */; };
		1AED06241510F9F100CCDA4F /* LogEntry.m in Sources */ = {isa = PBXBuildFile; fileRef = 1AED06231510F9F100CCDA4F /* LogEntry.m */; };
		1AEDBCE3153494310098E3A0 /* Localizable.strings in Resources */ = {isa = PBXBuildFile; fileRef = 1AEDBCE5153494310098E3A0 /* Localizable.strings */; };
		3904CFA114C078E200B7396A /* Foundation.framework in Frameworks */ = {isa = PBXBuildFile; fileRef = 39D70CB814BD3515009C3615 /* Foundation.framework */; };
		3904CFA414C078E200B7396A /* main.m in Sources */ = {isa = PBXBuildFile; fileRef = 3904CFA314C078E200B7396A /* main.m */; };
		3913EADC14EEB5DC0013A86A /* LocationSwitchCell.m in Sources */ = {isa = PBXBuildFile; fileRef = 3913EADB14EEB5DC0013A86A /* LocationSwitchCell.m */; };
		391AF43C14F0C03F00DCA3F0 /* NumberCell.m in Sources */ = {isa = PBXBuildFile; fileRef = 391AF43B14F0C03F00DCA3F0 /* NumberCell.m */; };
		392009FF14E4B88D006B6A79 /* CustomTableViewController.m in Sources */ = {isa = PBXBuildFile; fileRef = 392009FE14E4B88D006B6A79 /* CustomTableViewController.m */; };
		39200A1414E76C18006B6A79 /* EventController.xib in Resources */ = {isa = PBXBuildFile; fileRef = 39200A1314E76C17006B6A79 /* EventController.xib */; };
		3940D3F014F17DE20056D01B /* HistoryLogCell.xib in Resources */ = {isa = PBXBuildFile; fileRef = 3940D3EF14F17DE20056D01B /* HistoryLogCell.xib */; };
		3940D3F414F17E230056D01B /* HistoryLogCell.m in Sources */ = {isa = PBXBuildFile; fileRef = 3940D3F314F17E230056D01B /* HistoryLogCell.m */; };
		3950E86714BFE0AB009C6F6F /* Foundation.framework in Frameworks */ = {isa = PBXBuildFile; fileRef = 39D70CB814BD3515009C3615 /* Foundation.framework */; };
		3950E86A14BFE0AB009C6F6F /* main.m in Sources */ = {isa = PBXBuildFile; fileRef = 3950E86914BFE0AB009C6F6F /* main.m */; };
		3969111514C9BCF0006E8272 /* EventController.m in Sources */ = {isa = PBXBuildFile; fileRef = 3969111014C9BCF0006E8272 /* EventController.m */; };
		3969111614C9BCF0006E8272 /* FolderListViewController.m in Sources */ = {isa = PBXBuildFile; fileRef = 3969111214C9BCF0006E8272 /* FolderListViewController.m */; };
		3969111714C9BCF0006E8272 /* LastTimeAppDelegate.m in Sources */ = {isa = PBXBuildFile; fileRef = 3969111414C9BCF0006E8272 /* LastTimeAppDelegate.m */; };
		3969112614C9BD04006E8272 /* MainWindow.xib in Resources */ = {isa = PBXBuildFile; fileRef = 3969112414C9BD04006E8272 /* MainWindow.xib */; };
		39825C9014E8757200C4D684 /* FileHelpers.m in Sources */ = {isa = PBXBuildFile; fileRef = 39825C8F14E8757200C4D684 /* FileHelpers.m */; };
		39861AA714BD526D006F30A0 /* Foundation.framework in Frameworks */ = {isa = PBXBuildFile; fileRef = 39D70CB814BD3515009C3615 /* Foundation.framework */; };
		39861AAA14BD526D006F30A0 /* main.m in Sources */ = {isa = PBXBuildFile; fileRef = 39861AA914BD526D006F30A0 /* main.m */; };
		3988B9BC14E0214F0010062E /* EditableTableCell.m in Sources */ = {isa = PBXBuildFile; fileRef = 3988B9BB14E0214F0010062E /* EditableTableCell.m */; };
		398F458514F1B6E50095A405 /* map-pin.png in Resources */ = {isa = PBXBuildFile; fileRef = 398F458314F1B6E50095A405 /* map-pin.png */; };
		398F458614F1B6E50095A405 /* map-pin@2x.png in Resources */ = {isa = PBXBuildFile; fileRef = 398F458414F1B6E50095A405 /* map-pin@2x.png */; };
		39918C1714F6062000D8D4EE /* EventListViewController.m in Sources */ = {isa = PBXBuildFile; fileRef = 39918C1514F6062000D8D4EE /* EventListViewController.m */; };
		39918C1A14F606A200D8D4EE /* EventListViewController.xib in Resources */ = {isa = PBXBuildFile; fileRef = 39918C1914F606A200D8D4EE /* EventListViewController.xib */; };
		39918C2514F7F99700D8D4EE /* EventStore.m in Sources */ = {isa = PBXBuildFile; fileRef = 39918C2414F7F99700D8D4EE /* EventStore.m */; };
		399F70B714FB1FB00012F089 /* FolderListCell.m in Sources */ = {isa = PBXBuildFile; fileRef = 399F70B614FB1FB00012F089 /* FolderListCell.m */; };
		39A0F9F714F0B9AF00BA0AFA /* Foundation.framework in Frameworks */ = {isa = PBXBuildFile; fileRef = 39D70CB814BD3515009C3615 /* Foundation.framework */; };
		39A0F9FA14F0B9AF00BA0AFA /* main.m in Sources */ = {isa = PBXBuildFile; fileRef = 39A0F9F914F0B9AF00BA0AFA /* main.m */; };
		39AA478114DAD8B300580EB9 /* EventDetailController.m in Sources */ = {isa = PBXBuildFile; fileRef = 39AA477F14DAD8B300580EB9 /* EventDetailController.m */; };
		39AED56714BD3B6600AE6625 /* CoreLocation.framework in Frameworks */ = {isa = PBXBuildFile; fileRef = 39AED56614BD3B6600AE6625 /* CoreLocation.framework */; };
		39BF455714F33BC40059C8B9 /* libz.dylib in Frameworks */ = {isa = PBXBuildFile; fileRef = 39BF455614F33BC40059C8B9 /* libz.dylib */; };
		39C10D3A15005B6A00DF3F70 /* MGSplitCornersView.m in Sources */ = {isa = PBXBuildFile; fileRef = 39C10D3515005B6A00DF3F70 /* MGSplitCornersView.m */; };
		39C10D3B15005B6A00DF3F70 /* MGSplitDividerView.m in Sources */ = {isa = PBXBuildFile; fileRef = 39C10D3715005B6A00DF3F70 /* MGSplitDividerView.m */; };
		39C10D3C15005B6A00DF3F70 /* MGSplitViewController.m in Sources */ = {isa = PBXBuildFile; fileRef = 39C10D3915005B6A00DF3F70 /* MGSplitViewController.m */; };
		39D70CB714BD3515009C3615 /* UIKit.framework in Frameworks */ = {isa = PBXBuildFile; fileRef = 39D70CB614BD3515009C3615 /* UIKit.framework */; };
		39D70CB914BD3515009C3615 /* Foundation.framework in Frameworks */ = {isa = PBXBuildFile; fileRef = 39D70CB814BD3515009C3615 /* Foundation.framework */; };
		39D70CBB14BD3515009C3615 /* CoreGraphics.framework in Frameworks */ = {isa = PBXBuildFile; fileRef = 39D70CBA14BD3515009C3615 /* CoreGraphics.framework */; };
		39D70CC114BD3515009C3615 /* InfoPlist.strings in Resources */ = {isa = PBXBuildFile; fileRef = 39D70CBF14BD3515009C3615 /* InfoPlist.strings */; };
		39D70CC314BD3515009C3615 /* main.m in Sources */ = {isa = PBXBuildFile; fileRef = 39D70CC214BD3515009C3615 /* main.m */; };
		39DB081614E95640006E4E08 /* FolderPickerCell.m in Sources */ = {isa = PBXBuildFile; fileRef = 39DB081514E95640006E4E08 /* FolderPickerCell.m */; };
		39F6436014E40AAE004B0900 /* DatePickerCell.m in Sources */ = {isa = PBXBuildFile; fileRef = 39F6435F14E40AAE004B0900 /* DatePickerCell.m */; };
		39F6F10E14D1A2B800DBA262 /* HistoryLogDetailController.m in Sources */ = {isa = PBXBuildFile; fileRef = 39F6F10C14D1A2B800DBA262 /* HistoryLogDetailController.m */; };
/* End PBXBuildFile section */

/* Begin PBXCopyFilesBuildPhase section */
		3904CF9D14C078E200B7396A /* CopyFiles */ = {
			isa = PBXCopyFilesBuildPhase;
			buildActionMask = 2147483647;
			dstPath = /usr/share/man/man1/;
			dstSubfolderSpec = 0;
			files = (
			);
			runOnlyForDeploymentPostprocessing = 1;
		};
		3950E86314BFE0AB009C6F6F /* CopyFiles */ = {
			isa = PBXCopyFilesBuildPhase;
			buildActionMask = 2147483647;
			dstPath = /usr/share/man/man1/;
			dstSubfolderSpec = 0;
			files = (
			);
			runOnlyForDeploymentPostprocessing = 1;
		};
		39861AA314BD526D006F30A0 /* CopyFiles */ = {
			isa = PBXCopyFilesBuildPhase;
			buildActionMask = 2147483647;
			dstPath = /usr/share/man/man1/;
			dstSubfolderSpec = 0;
			files = (
			);
			runOnlyForDeploymentPostprocessing = 1;
		};
		39A0F9F314F0B9AF00BA0AFA /* CopyFiles */ = {
			isa = PBXCopyFilesBuildPhase;
			buildActionMask = 2147483647;
			dstPath = /usr/share/man/man1/;
			dstSubfolderSpec = 0;
			files = (
			);
			runOnlyForDeploymentPostprocessing = 1;
		};
/* End PBXCopyFilesBuildPhase section */

/* Begin PBXFileReference section */
		1A03C072152F43D500249036 /* Last Time 3.xcdatamodel */ = {isa = PBXFileReference; lastKnownFileType = wrapper.xcdatamodel; path = "Last Time 3.xcdatamodel"; sourceTree = "<group>"; };
		1A03C074152F470700249036 /* NSManagedObjectContext+FetchAdditions.h */ = {isa = PBXFileReference; fileEncoding = 4; lastKnownFileType = sourcecode.c.h; name = "NSManagedObjectContext+FetchAdditions.h"; path = "Support/NSManagedObjectContext+FetchAdditions.h"; sourceTree = "<group>"; };
		1A03C075152F470700249036 /* NSManagedObjectContext+FetchAdditions.m */ = {isa = PBXFileReference; fileEncoding = 4; lastKnownFileType = sourcecode.c.objc; name = "NSManagedObjectContext+FetchAdditions.m"; path = "Support/NSManagedObjectContext+FetchAdditions.m"; sourceTree = "<group>"; };
		1A161D6D152018D60062B4A5 /* Event.h */ = {isa = PBXFileReference; fileEncoding = 4; lastKnownFileType = sourcecode.c.h; path = Event.h; sourceTree = "<group>"; };
		1A161D6E152018D60062B4A5 /* Event.m */ = {isa = PBXFileReference; fileEncoding = 4; lastKnownFileType = sourcecode.c.objc; path = Event.m; sourceTree = "<group>"; };
		1A17C1EE158936F300FED786 /* FPOCsvWriter.h */ = {isa = PBXFileReference; fileEncoding = 4; lastKnownFileType = sourcecode.c.h; name = FPOCsvWriter.h; path = Resources/fourcsv/FPOCsvWriter.h; sourceTree = "<group>"; };
		1A17C1EF158936F300FED786 /* FPOCsvWriter.m */ = {isa = PBXFileReference; fileEncoding = 4; lastKnownFileType = sourcecode.c.objc; name = FPOCsvWriter.m; path = Resources/fourcsv/FPOCsvWriter.m; sourceTree = "<group>"; };
		1A17C1F51589445500FED786 /* FPOICsvWriter.h */ = {isa = PBXFileReference; fileEncoding = 4; lastKnownFileType = sourcecode.c.h; name = FPOICsvWriter.h; path = Resources/fourcsv/FPOICsvWriter.h; sourceTree = "<group>"; };
		1A17C1FA1589488200FED786 /* MessageUI.framework */ = {isa = PBXFileReference; lastKnownFileType = wrapper.framework; name = MessageUI.framework; path = System/Library/Frameworks/MessageUI.framework; sourceTree = SDKROOT; };
		1A17C225158954DB00FED786 /* Last Time 4.xcdatamodel */ = {isa = PBXFileReference; lastKnownFileType = wrapper.xcdatamodel; path = "Last Time 4.xcdatamodel"; sourceTree = "<group>"; };
		1A212A451595728A001B6293 /* CoreLocation.framework */ = {isa = PBXFileReference; lastKnownFileType = wrapper.framework; name = CoreLocation.framework; path = Platforms/MacOSX.platform/Developer/SDKs/MacOSX10.7.sdk/System/Library/Frameworks/CoreLocation.framework; sourceTree = DEVELOPER_DIR; };
		1A212A54159573E5001B6293 /* CoreData.framework */ = {isa = PBXFileReference; lastKnownFileType = wrapper.framework; name = CoreData.framework; path = Platforms/MacOSX.platform/Developer/SDKs/MacOSX10.7.sdk/System/Library/Frameworks/CoreData.framework; sourceTree = DEVELOPER_DIR; };
		1A21320C16156D9E00770280 /* Default-568h@2x.png */ = {isa = PBXFileReference; lastKnownFileType = image.png; path = "Default-568h@2x.png"; sourceTree = "<group>"; };
		1A4688F915518CB500C64F49 /* white_paper.jpg */ = {isa = PBXFileReference; lastKnownFileType = image.jpeg; path = white_paper.jpg; sourceTree = "<group>"; };
		1A4688FA15518CB500C64F49 /* white_paper@2x.jpg */ = {isa = PBXFileReference; lastKnownFileType = image.jpeg; path = "white_paper@2x.jpg"; sourceTree = "<group>"; };
		1A468902155194F300C64F49 /* ipad-menubar-left.png */ = {isa = PBXFileReference; lastKnownFileType = image.png; name = "ipad-menubar-left.png"; path = "foody/ipad-menubar-left.png"; sourceTree = "<group>"; };
		1A468903155194F300C64F49 /* ipad-menubar-left@2x.png */ = {isa = PBXFileReference; lastKnownFileType = image.png; name = "ipad-menubar-left@2x.png"; path = "foody/ipad-menubar-left@2x.png"; sourceTree = "<group>"; };
		1A468904155194F300C64F49 /* ipad-menubar-right.png */ = {isa = PBXFileReference; lastKnownFileType = image.png; name = "ipad-menubar-right.png"; path = "foody/ipad-menubar-right.png"; sourceTree = "<group>"; };
		1A468905155194F300C64F49 /* ipad-menubar-right@2x.png */ = {isa = PBXFileReference; lastKnownFileType = image.png; name = "ipad-menubar-right@2x.png"; path = "foody/ipad-menubar-right@2x.png"; sourceTree = "<group>"; };
		1A46890A1551963700C64F49 /* ipad-tabbar-left.png */ = {isa = PBXFileReference; lastKnownFileType = image.png; name = "ipad-tabbar-left.png"; path = "foody/ipad-tabbar-left.png"; sourceTree = "<group>"; };
		1A46890B1551963700C64F49 /* ipad-tabbar-left@2x.png */ = {isa = PBXFileReference; lastKnownFileType = image.png; name = "ipad-tabbar-left@2x.png"; path = "foody/ipad-tabbar-left@2x.png"; sourceTree = "<group>"; };
		1A46890C1551963700C64F49 /* ipad-tabbar-right.png */ = {isa = PBXFileReference; lastKnownFileType = image.png; name = "ipad-tabbar-right.png"; path = "foody/ipad-tabbar-right.png"; sourceTree = "<group>"; };
		1A46890D1551963700C64F49 /* ipad-tabbar-right@2x.png */ = {isa = PBXFileReference; lastKnownFileType = image.png; name = "ipad-tabbar-right@2x.png"; path = "foody/ipad-tabbar-right@2x.png"; sourceTree = "<group>"; };
		1A4B6ABE162A103A0078A7EA /* Icon.png */ = {isa = PBXFileReference; lastKnownFileType = image.png; path = Icon.png; sourceTree = "<group>"; };
		1A4B6AC0162A103E0078A7EA /* Icon@2x.png */ = {isa = PBXFileReference; lastKnownFileType = image.png; path = "Icon@2x.png"; sourceTree = "<group>"; };
		1A4B6AC2162A10740078A7EA /* Icon-72.png */ = {isa = PBXFileReference; lastKnownFileType = image.png; path = "Icon-72.png"; sourceTree = "<group>"; };
		1A4B6AC3162A10740078A7EA /* Icon-72@2x.png */ = {isa = PBXFileReference; lastKnownFileType = image.png; path = "Icon-72@2x.png"; sourceTree = "<group>"; };
		1A4B6AC4162A10740078A7EA /* Icon-Small-50.png */ = {isa = PBXFileReference; lastKnownFileType = image.png; path = "Icon-Small-50.png"; sourceTree = "<group>"; };
		1A4B6AC5162A10740078A7EA /* Icon-Small-50@2x.png */ = {isa = PBXFileReference; lastKnownFileType = image.png; path = "Icon-Small-50@2x.png"; sourceTree = "<group>"; };
		1A4B6AC6162A10740078A7EA /* Icon-Small.png */ = {isa = PBXFileReference; lastKnownFileType = image.png; path = "Icon-Small.png"; sourceTree = "<group>"; };
		1A4B6AC7162A10740078A7EA /* Icon-Small@2x.png */ = {isa = PBXFileReference; lastKnownFileType = image.png; path = "Icon-Small@2x.png"; sourceTree = "<group>"; };
		1A4B6AC8162A10740078A7EA /* Icon.png */ = {isa = PBXFileReference; lastKnownFileType = image.png; path = Icon.png; sourceTree = "<group>"; };
		1A4B6AC9162A10740078A7EA /* Icon@2x.png */ = {isa = PBXFileReference; lastKnownFileType = image.png; path = "Icon@2x.png"; sourceTree = "<group>"; };
		1A508EDB15C0DDC200FC737C /* leather_back.png */ = {isa = PBXFileReference; lastKnownFileType = image.png; name = leather_back.png; path = leather/leather_back.png; sourceTree = "<group>"; };
		1A508EDC15C0DDC200FC737C /* leather_back@2x.png */ = {isa = PBXFileReference; lastKnownFileType = image.png; name = "leather_back@2x.png"; path = "leather/leather_back@2x.png"; sourceTree = "<group>"; };
		1A508EE015C0DE0800FC737C /* leather_navbar_button.png */ = {isa = PBXFileReference; lastKnownFileType = image.png; name = leather_navbar_button.png; path = leather/leather_navbar_button.png; sourceTree = "<group>"; };
		1A508EE115C0DE0800FC737C /* leather_navbar_button@2x.png */ = {isa = PBXFileReference; lastKnownFileType = image.png; name = "leather_navbar_button@2x.png"; path = "leather/leather_navbar_button@2x.png"; sourceTree = "<group>"; };
		1A508EE415C0E0A600FC737C /* leather_toolbar.png */ = {isa = PBXFileReference; lastKnownFileType = image.png; name = leather_toolbar.png; path = leather/leather_toolbar.png; sourceTree = "<group>"; };
		1A508EE515C0E0A600FC737C /* leather_toolbar@2x.png */ = {isa = PBXFileReference; lastKnownFileType = image.png; name = "leather_toolbar@2x.png"; path = "leather/leather_toolbar@2x.png"; sourceTree = "<group>"; };
		1A508EE815C187D300FC737C /* leather_seg_uns.png */ = {isa = PBXFileReference; lastKnownFileType = image.png; name = leather_seg_uns.png; path = leather/leather_seg_uns.png; sourceTree = "<group>"; };
		1A508EE915C187D300FC737C /* leather_seg_uns@2x.png */ = {isa = PBXFileReference; lastKnownFileType = image.png; name = "leather_seg_uns@2x.png"; path = "leather/leather_seg_uns@2x.png"; sourceTree = "<group>"; };
		1A508EEC15C1896900FC737C /* leather_seg_sel.png */ = {isa = PBXFileReference; lastKnownFileType = image.png; name = leather_seg_sel.png; path = leather/leather_seg_sel.png; sourceTree = "<group>"; };
		1A508EED15C1896900FC737C /* leather_seg_sel@2x.png */ = {isa = PBXFileReference; lastKnownFileType = image.png; name = "leather_seg_sel@2x.png"; path = "leather/leather_seg_sel@2x.png"; sourceTree = "<group>"; };
		1A6284FB153EFECE003C57F9 /* QuartzCore.framework */ = {isa = PBXFileReference; lastKnownFileType = wrapper.framework; name = QuartzCore.framework; path = System/Library/Frameworks/QuartzCore.framework; sourceTree = SDKROOT; };
		1A628502153F0FD7003C57F9 /* HeaderView.h */ = {isa = PBXFileReference; fileEncoding = 4; lastKnownFileType = sourcecode.c.h; name = HeaderView.h; path = Support/HeaderView.h; sourceTree = "<group>"; };
		1A628503153F0FD7003C57F9 /* HeaderView.m */ = {isa = PBXFileReference; fileEncoding = 4; lastKnownFileType = sourcecode.c.objc; name = HeaderView.m; path = Support/HeaderView.m; sourceTree = "<group>"; };
		1A628505153F1A4F003C57F9 /* paper.jpg */ = {isa = PBXFileReference; lastKnownFileType = image.jpeg; path = paper.jpg; sourceTree = "<group>"; };
		1A628507153F1B70003C57F9 /* paper@2x.jpg */ = {isa = PBXFileReference; lastKnownFileType = image.jpeg; path = "paper@2x.jpg"; sourceTree = "<group>"; };
		1A79C11315BD14C200E2C39F /* leather_navbar.png */ = {isa = PBXFileReference; lastKnownFileType = image.png; name = leather_navbar.png; path = leather/leather_navbar.png; sourceTree = "<group>"; };
		1A79C11415BD14C200E2C39F /* leather_navbar@2x.png */ = {isa = PBXFileReference; lastKnownFileType = image.png; name = "leather_navbar@2x.png"; path = "leather/leather_navbar@2x.png"; sourceTree = "<group>"; };
		1A823B6C153B959D00B997C8 /* en */ = {isa = PBXFileReference; lastKnownFileType = text.plist.xml; name = en; path = en.lproj/default_data.plist; sourceTree = "<group>"; };
		1A823B6E153B95A300B997C8 /* es */ = {isa = PBXFileReference; lastKnownFileType = text.plist.xml; name = es; path = es.lproj/default_data.plist; sourceTree = "<group>"; };
		1A823B6F153B95A300B997C8 /* ja */ = {isa = PBXFileReference; lastKnownFileType = text.plist.xml; name = ja; path = ja.lproj/default_data.plist; sourceTree = "<group>"; };
		1A823B70153B95A300B997C8 /* fr */ = {isa = PBXFileReference; lastKnownFileType = text.plist.xml; name = fr; path = fr.lproj/default_data.plist; sourceTree = "<group>"; };
		1A823B71153B95A300B997C8 /* de */ = {isa = PBXFileReference; lastKnownFileType = text.plist.xml; name = de; path = de.lproj/default_data.plist; sourceTree = "<group>"; };
		1A8A645B1597D6E3009DD55F /* ReminderSwitchCell.h */ = {isa = PBXFileReference; fileEncoding = 4; lastKnownFileType = sourcecode.c.h; name = ReminderSwitchCell.h; path = Support/ReminderSwitchCell.h; sourceTree = "<group>"; };
		1A8A645C1597D6E3009DD55F /* ReminderSwitchCell.m */ = {isa = PBXFileReference; fileEncoding = 4; lastKnownFileType = sourcecode.c.objc; name = ReminderSwitchCell.m; path = Support/ReminderSwitchCell.m; sourceTree = "<group>"; };
		1A8A645F15981BDA009DD55F /* BasePickerCell.h */ = {isa = PBXFileReference; fileEncoding = 4; lastKnownFileType = sourcecode.c.h; name = BasePickerCell.h; path = Support/BasePickerCell.h; sourceTree = "<group>"; };
		1A8A646015981BDA009DD55F /* BasePickerCell.m */ = {isa = PBXFileReference; fileEncoding = 4; lastKnownFileType = sourcecode.c.objc; name = BasePickerCell.m; path = Support/BasePickerCell.m; sourceTree = "<group>"; };
		1A8A646315982311009DD55F /* DurationPickerCell.h */ = {isa = PBXFileReference; fileEncoding = 4; lastKnownFileType = sourcecode.c.h; name = DurationPickerCell.h; path = Support/DurationPickerCell.h; sourceTree = "<group>"; };
		1A8A646415982311009DD55F /* DurationPickerCell.m */ = {isa = PBXFileReference; fileEncoding = 4; lastKnownFileType = sourcecode.c.objc; name = DurationPickerCell.m; path = Support/DurationPickerCell.m; sourceTree = "<group>"; };
		1A8A6466159A1412009DD55F /* Last Time 6.xcdatamodel */ = {isa = PBXFileReference; lastKnownFileType = wrapper.xcdatamodel; path = "Last Time 6.xcdatamodel"; sourceTree = "<group>"; };
		1A8A6467159BFCCB009DD55F /* DurationPickerCell.xib */ = {isa = PBXFileReference; fileEncoding = 4; lastKnownFileType = file.xib; path = DurationPickerCell.xib; sourceTree = "<group>"; };
		1A90626D159EA33600982649 /* Tapstream.framework */ = {isa = PBXFileReference; lastKnownFileType = wrapper.framework; name = Tapstream.framework; path = "Last Time/Resources/Tapstream.framework"; sourceTree = "<group>"; };
		1A923742152F33F700521C89 /* Last Time 2.xcdatamodel */ = {isa = PBXFileReference; lastKnownFileType = wrapper.xcdatamodel; path = "Last Time 2.xcdatamodel"; sourceTree = "<group>"; };
		1A95D74F159CB9F2005686C1 /* NSString+UUID.h */ = {isa = PBXFileReference; fileEncoding = 4; lastKnownFileType = sourcecode.c.h; name = "NSString+UUID.h"; path = "Support/NSString+UUID.h"; sourceTree = "<group>"; };
		1A95D750159CB9F2005686C1 /* NSString+UUID.m */ = {isa = PBXFileReference; fileEncoding = 4; lastKnownFileType = sourcecode.c.objc; name = "NSString+UUID.m"; path = "Support/NSString+UUID.m"; sourceTree = "<group>"; };
		1AB0127D15348A7E00359153 /* es */ = {isa = PBXFileReference; lastKnownFileType = text.plist.strings; name = es; path = es.lproj/InfoPlist.strings; sourceTree = "<group>"; };
		1AB0127E15348B2300359153 /* ja */ = {isa = PBXFileReference; lastKnownFileType = text.plist.strings; name = ja; path = ja.lproj/InfoPlist.strings; sourceTree = "<group>"; };
		1AB0127F15348B2700359153 /* fr */ = {isa = PBXFileReference; lastKnownFileType = text.plist.strings; name = fr; path = fr.lproj/InfoPlist.strings; sourceTree = "<group>"; };
		1AB0128015348B2B00359153 /* de */ = {isa = PBXFileReference; lastKnownFileType = text.plist.strings; name = de; path = de.lproj/InfoPlist.strings; sourceTree = "<group>"; };
		1AB4B3E5152961B800D66347 /* SegmentsController.h */ = {isa = PBXFileReference; fileEncoding = 4; lastKnownFileType = sourcecode.c.h; name = SegmentsController.h; path = "Last Time/Support/SegmentsController.h"; sourceTree = SOURCE_ROOT; };
		1AB4B3E6152961B800D66347 /* SegmentsController.m */ = {isa = PBXFileReference; fileEncoding = 4; lastKnownFileType = sourcecode.c.objc; name = SegmentsController.m; path = "Last Time/Support/SegmentsController.m"; sourceTree = SOURCE_ROOT; };
		1AB6DEA61597705D00F68A50 /* Last Time 5.xcdatamodel */ = {isa = PBXFileReference; lastKnownFileType = wrapper.xcdatamodel; path = "Last Time 5.xcdatamodel"; sourceTree = "<group>"; };
		1ABC9B0A1589284F00E12E31 /* TimelineViewController.xib */ = {isa = PBXFileReference; fileEncoding = 4; lastKnownFileType = file.xib; path = TimelineViewController.xib; sourceTree = "<group>"; };
		1AC0209D152550200022A07B /* oldEvent.h */ = {isa = PBXFileReference; fileEncoding = 4; lastKnownFileType = sourcecode.c.h; path = oldEvent.h; sourceTree = "<group>"; };
		1AC0209E152550200022A07B /* oldEvent.m */ = {isa = PBXFileReference; fileEncoding = 4; lastKnownFileType = sourcecode.c.objc; path = oldEvent.m; sourceTree = "<group>"; };
		1AC0209F152550200022A07B /* oldEventFolder.h */ = {isa = PBXFileReference; fileEncoding = 4; lastKnownFileType = sourcecode.c.h; path = oldEventFolder.h; sourceTree = "<group>"; };
		1AC020A0152550200022A07B /* oldEventFolder.m */ = {isa = PBXFileReference; fileEncoding = 4; lastKnownFileType = sourcecode.c.objc; path = oldEventFolder.m; sourceTree = "<group>"; };
		1AC020A1152550200022A07B /* oldLogEntry.h */ = {isa = PBXFileReference; fileEncoding = 4; lastKnownFileType = sourcecode.c.h; path = oldLogEntry.h; sourceTree = "<group>"; };
		1AC020A2152550200022A07B /* oldLogEntry.m */ = {isa = PBXFileReference; fileEncoding = 4; lastKnownFileType = sourcecode.c.objc; path = oldLogEntry.m; sourceTree = "<group>"; };
		1AC09F871520BAB600C483DE /* PlistStore.h */ = {isa = PBXFileReference; fileEncoding = 4; lastKnownFileType = sourcecode.c.h; path = PlistStore.h; sourceTree = "<group>"; };
		1AC09F881520BAB600C483DE /* PlistStore.m */ = {isa = PBXFileReference; fileEncoding = 4; lastKnownFileType = sourcecode.c.objc; path = PlistStore.m; sourceTree = "<group>"; };
		1AC62B9D152950760019362B /* TimelineViewController.h */ = {isa = PBXFileReference; fileEncoding = 4; lastKnownFileType = sourcecode.c.h; path = TimelineViewController.h; sourceTree = "<group>"; };
		1AC62B9E152950760019362B /* TimelineViewController.m */ = {isa = PBXFileReference; fileEncoding = 4; lastKnownFileType = sourcecode.c.objc; path = TimelineViewController.m; sourceTree = "<group>"; };
		1ADD036615165531006EAD7E /* EventFolder.h */ = {isa = PBXFileReference; fileEncoding = 4; lastKnownFileType = sourcecode.c.h; path = EventFolder.h; sourceTree = "<group>"; };
		1ADD036715165531006EAD7E /* EventFolder.m */ = {isa = PBXFileReference; fileEncoding = 4; lastKnownFileType = sourcecode.c.objc; path = EventFolder.m; sourceTree = "<group>"; };
		1AED06041510EEC700CCDA4F /* CoreData.framework */ = {isa = PBXFileReference; lastKnownFileType = wrapper.framework; name = CoreData.framework; path = System/Library/Frameworks/CoreData.framework; sourceTree = SDKROOT; };
		1AED06081510EEF100CCDA4F /* Last Time.xcdatamodel */ = {isa = PBXFileReference; lastKnownFileType = wrapper.xcdatamodel; path = "Last Time.xcdatamodel"; sourceTree = "<group>"; };
		1AED06221510F9F100CCDA4F /* LogEntry.h */ = {isa = PBXFileReference; fileEncoding = 4; lastKnownFileType = sourcecode.c.h; path = LogEntry.h; sourceTree = "<group>"; };
		1AED06231510F9F100CCDA4F /* LogEntry.m */ = {isa = PBXFileReference; fileEncoding = 4; lastKnownFileType = sourcecode.c.objc; path = LogEntry.m; sourceTree = "<group>"; };
		1AEDBCE4153494310098E3A0 /* en */ = {isa = PBXFileReference; lastKnownFileType = text.plist.strings; name = en; path = en.lproj/Localizable.strings; sourceTree = "<group>"; };
		1AEDBCE6153494360098E3A0 /* es */ = {isa = PBXFileReference; lastKnownFileType = text.plist.strings; name = es; path = es.lproj/Localizable.strings; sourceTree = "<group>"; };
		1AEDBCE7153494360098E3A0 /* ja */ = {isa = PBXFileReference; lastKnownFileType = text.plist.strings; name = ja; path = ja.lproj/Localizable.strings; sourceTree = "<group>"; };
		1AEDBCE8153494360098E3A0 /* fr */ = {isa = PBXFileReference; lastKnownFileType = text.plist.strings; name = fr; path = fr.lproj/Localizable.strings; sourceTree = "<group>"; };
		1AEDBCE9153494360098E3A0 /* de */ = {isa = PBXFileReference; lastKnownFileType = text.plist.strings; name = de; path = de.lproj/Localizable.strings; sourceTree = "<group>"; };
		3904CF9F14C078E200B7396A /* RandomEventFolder */ = {isa = PBXFileReference; explicitFileType = "compiled.mach-o.executable"; includeInIndex = 0; path = RandomEventFolder; sourceTree = BUILT_PRODUCTS_DIR; };
		3904CFA314C078E200B7396A /* main.m */ = {isa = PBXFileReference; lastKnownFileType = sourcecode.c.objc; path = main.m; sourceTree = "<group>"; };
		3913EADA14EEB5DC0013A86A /* LocationSwitchCell.h */ = {isa = PBXFileReference; fileEncoding = 4; lastKnownFileType = sourcecode.c.h; name = LocationSwitchCell.h; path = Support/LocationSwitchCell.h; sourceTree = "<group>"; };
		3913EADB14EEB5DC0013A86A /* LocationSwitchCell.m */ = {isa = PBXFileReference; fileEncoding = 4; lastKnownFileType = sourcecode.c.objc; name = LocationSwitchCell.m; path = Support/LocationSwitchCell.m; sourceTree = "<group>"; };
		391AF43A14F0C03F00DCA3F0 /* NumberCell.h */ = {isa = PBXFileReference; fileEncoding = 4; lastKnownFileType = sourcecode.c.h; name = NumberCell.h; path = Support/NumberCell.h; sourceTree = "<group>"; };
		391AF43B14F0C03F00DCA3F0 /* NumberCell.m */ = {isa = PBXFileReference; fileEncoding = 4; lastKnownFileType = sourcecode.c.objc; name = NumberCell.m; path = Support/NumberCell.m; sourceTree = "<group>"; };
		392009FD14E4B88D006B6A79 /* CustomTableViewController.h */ = {isa = PBXFileReference; fileEncoding = 4; lastKnownFileType = sourcecode.c.h; path = CustomTableViewController.h; sourceTree = "<group>"; };
		392009FE14E4B88D006B6A79 /* CustomTableViewController.m */ = {isa = PBXFileReference; fileEncoding = 4; lastKnownFileType = sourcecode.c.objc; path = CustomTableViewController.m; sourceTree = "<group>"; };
		39200A1314E76C17006B6A79 /* EventController.xib */ = {isa = PBXFileReference; fileEncoding = 4; lastKnownFileType = file.xib; path = EventController.xib; sourceTree = "<group>"; };
		3940D3EF14F17DE20056D01B /* HistoryLogCell.xib */ = {isa = PBXFileReference; fileEncoding = 4; lastKnownFileType = file.xib; path = HistoryLogCell.xib; sourceTree = "<group>"; };
		3940D3F214F17E230056D01B /* HistoryLogCell.h */ = {isa = PBXFileReference; fileEncoding = 4; lastKnownFileType = sourcecode.c.h; name = HistoryLogCell.h; path = ../Support/HistoryLogCell.h; sourceTree = "<group>"; };
		3940D3F314F17E230056D01B /* HistoryLogCell.m */ = {isa = PBXFileReference; fileEncoding = 4; lastKnownFileType = sourcecode.c.objc; name = HistoryLogCell.m; path = ../Support/HistoryLogCell.m; sourceTree = "<group>"; };
		3950E86514BFE0AB009C6F6F /* RandomEvent */ = {isa = PBXFileReference; explicitFileType = "compiled.mach-o.executable"; includeInIndex = 0; path = RandomEvent; sourceTree = BUILT_PRODUCTS_DIR; };
		3950E86914BFE0AB009C6F6F /* main.m */ = {isa = PBXFileReference; lastKnownFileType = sourcecode.c.objc; path = main.m; sourceTree = "<group>"; };
		3969110F14C9BCF0006E8272 /* EventController.h */ = {isa = PBXFileReference; fileEncoding = 4; lastKnownFileType = sourcecode.c.h; path = EventController.h; sourceTree = "<group>"; };
		3969111014C9BCF0006E8272 /* EventController.m */ = {isa = PBXFileReference; fileEncoding = 4; lastKnownFileType = sourcecode.c.objc; path = EventController.m; sourceTree = "<group>"; };
		3969111114C9BCF0006E8272 /* FolderListViewController.h */ = {isa = PBXFileReference; fileEncoding = 4; lastKnownFileType = sourcecode.c.h; path = FolderListViewController.h; sourceTree = "<group>"; };
		3969111214C9BCF0006E8272 /* FolderListViewController.m */ = {isa = PBXFileReference; fileEncoding = 4; lastKnownFileType = sourcecode.c.objc; path = FolderListViewController.m; sourceTree = "<group>"; };
		3969111314C9BCF0006E8272 /* LastTimeAppDelegate.h */ = {isa = PBXFileReference; fileEncoding = 4; lastKnownFileType = sourcecode.c.h; path = LastTimeAppDelegate.h; sourceTree = "<group>"; };
		3969111414C9BCF0006E8272 /* LastTimeAppDelegate.m */ = {isa = PBXFileReference; fileEncoding = 4; lastKnownFileType = sourcecode.c.objc; path = LastTimeAppDelegate.m; sourceTree = "<group>"; };
		3969112414C9BD04006E8272 /* MainWindow.xib */ = {isa = PBXFileReference; fileEncoding = 4; lastKnownFileType = file.xib; path = MainWindow.xib; sourceTree = "<group>"; };
		39825C8E14E8757200C4D684 /* FileHelpers.h */ = {isa = PBXFileReference; fileEncoding = 4; lastKnownFileType = sourcecode.c.h; name = FileHelpers.h; path = Support/FileHelpers.h; sourceTree = "<group>"; };
		39825C8F14E8757200C4D684 /* FileHelpers.m */ = {isa = PBXFileReference; fileEncoding = 4; lastKnownFileType = sourcecode.c.objc; name = FileHelpers.m; path = Support/FileHelpers.m; sourceTree = "<group>"; };
		39861AA514BD526D006F30A0 /* RandomLogEntry */ = {isa = PBXFileReference; explicitFileType = "compiled.mach-o.executable"; includeInIndex = 0; path = RandomLogEntry; sourceTree = BUILT_PRODUCTS_DIR; };
		39861AA914BD526D006F30A0 /* main.m */ = {isa = PBXFileReference; lastKnownFileType = sourcecode.c.objc; name = main.m; path = "Last Time/Tools/RandomLogEntry/main.m"; sourceTree = SOURCE_ROOT; };
		3988B96114DC31500010062E /* libTestFlight.a */ = {isa = PBXFileReference; lastKnownFileType = archive.ar; path = libTestFlight.a; sourceTree = "<group>"; };
		3988B96214DC31500010062E /* TestFlight.h */ = {isa = PBXFileReference; fileEncoding = 4; lastKnownFileType = sourcecode.c.h; path = TestFlight.h; sourceTree = "<group>"; };
		3988B9BA14E0214F0010062E /* EditableTableCell.h */ = {isa = PBXFileReference; fileEncoding = 4; lastKnownFileType = sourcecode.c.h; name = EditableTableCell.h; path = Support/EditableTableCell.h; sourceTree = "<group>"; };
		3988B9BB14E0214F0010062E /* EditableTableCell.m */ = {isa = PBXFileReference; fileEncoding = 4; lastKnownFileType = sourcecode.c.objc; name = EditableTableCell.m; path = Support/EditableTableCell.m; sourceTree = "<group>"; };
		398F458314F1B6E50095A405 /* map-pin.png */ = {isa = PBXFileReference; lastKnownFileType = image.png; path = "map-pin.png"; sourceTree = "<group>"; };
		398F458414F1B6E50095A405 /* map-pin@2x.png */ = {isa = PBXFileReference; lastKnownFileType = image.png; path = "map-pin@2x.png"; sourceTree = "<group>"; };
		39918C1414F6062000D8D4EE /* EventListViewController.h */ = {isa = PBXFileReference; fileEncoding = 4; lastKnownFileType = sourcecode.c.h; path = EventListViewController.h; sourceTree = "<group>"; };
		39918C1514F6062000D8D4EE /* EventListViewController.m */ = {isa = PBXFileReference; fileEncoding = 4; lastKnownFileType = sourcecode.c.objc; path = EventListViewController.m; sourceTree = "<group>"; };
		39918C1914F606A200D8D4EE /* EventListViewController.xib */ = {isa = PBXFileReference; fileEncoding = 4; lastKnownFileType = file.xib; path = EventListViewController.xib; sourceTree = "<group>"; };
		39918C2314F7F99700D8D4EE /* EventStore.h */ = {isa = PBXFileReference; fileEncoding = 4; lastKnownFileType = sourcecode.c.h; path = EventStore.h; sourceTree = "<group>"; };
		39918C2414F7F99700D8D4EE /* EventStore.m */ = {isa = PBXFileReference; fileEncoding = 4; lastKnownFileType = sourcecode.c.objc; path = EventStore.m; sourceTree = "<group>"; };
		399F70B514FB1FB00012F089 /* FolderListCell.h */ = {isa = PBXFileReference; fileEncoding = 4; lastKnownFileType = sourcecode.c.h; name = FolderListCell.h; path = "Last Time/Support/FolderListCell.h"; sourceTree = SOURCE_ROOT; };
		399F70B614FB1FB00012F089 /* FolderListCell.m */ = {isa = PBXFileReference; fileEncoding = 4; lastKnownFileType = sourcecode.c.objc; name = FolderListCell.m; path = "Last Time/Support/FolderListCell.m"; sourceTree = SOURCE_ROOT; };
		39A0F9F514F0B9AF00BA0AFA /* DurationTest */ = {isa = PBXFileReference; explicitFileType = "compiled.mach-o.executable"; includeInIndex = 0; path = DurationTest; sourceTree = BUILT_PRODUCTS_DIR; };
		39A0F9F914F0B9AF00BA0AFA /* main.m */ = {isa = PBXFileReference; lastKnownFileType = sourcecode.c.objc; name = main.m; path = "Last Time/Tools/DurationTest/main.m"; sourceTree = SOURCE_ROOT; };
		39AA477E14DAD8B300580EB9 /* EventDetailController.h */ = {isa = PBXFileReference; fileEncoding = 4; lastKnownFileType = sourcecode.c.h; path = EventDetailController.h; sourceTree = "<group>"; };
		39AA477F14DAD8B300580EB9 /* EventDetailController.m */ = {isa = PBXFileReference; fileEncoding = 4; lastKnownFileType = sourcecode.c.objc; path = EventDetailController.m; sourceTree = "<group>"; };
		39AED56614BD3B6600AE6625 /* CoreLocation.framework */ = {isa = PBXFileReference; lastKnownFileType = wrapper.framework; name = CoreLocation.framework; path = System/Library/Frameworks/CoreLocation.framework; sourceTree = SDKROOT; };
		39B8C8771504684800A55B5C /* libprofile_rt.dylib */ = {isa = PBXFileReference; lastKnownFileType = "compiled.mach-o.dylib"; name = libprofile_rt.dylib; path = Platforms/iPhoneOS.platform/Developer/usr/lib/libprofile_rt.dylib; sourceTree = DEVELOPER_DIR; };
		39BF455614F33BC40059C8B9 /* libz.dylib */ = {isa = PBXFileReference; lastKnownFileType = "compiled.mach-o.dylib"; name = libz.dylib; path = usr/lib/libz.dylib; sourceTree = SDKROOT; };
		39C10D3415005B6A00DF3F70 /* MGSplitCornersView.h */ = {isa = PBXFileReference; fileEncoding = 4; lastKnownFileType = sourcecode.c.h; path = MGSplitCornersView.h; sourceTree = "<group>"; };
		39C10D3515005B6A00DF3F70 /* MGSplitCornersView.m */ = {isa = PBXFileReference; fileEncoding = 4; lastKnownFileType = sourcecode.c.objc; path = MGSplitCornersView.m; sourceTree = "<group>"; };
		39C10D3615005B6A00DF3F70 /* MGSplitDividerView.h */ = {isa = PBXFileReference; fileEncoding = 4; lastKnownFileType = sourcecode.c.h; path = MGSplitDividerView.h; sourceTree = "<group>"; };
		39C10D3715005B6A00DF3F70 /* MGSplitDividerView.m */ = {isa = PBXFileReference; fileEncoding = 4; lastKnownFileType = sourcecode.c.objc; path = MGSplitDividerView.m; sourceTree = "<group>"; };
		39C10D3815005B6A00DF3F70 /* MGSplitViewController.h */ = {isa = PBXFileReference; fileEncoding = 4; lastKnownFileType = sourcecode.c.h; path = MGSplitViewController.h; sourceTree = "<group>"; };
		39C10D3915005B6A00DF3F70 /* MGSplitViewController.m */ = {isa = PBXFileReference; fileEncoding = 4; lastKnownFileType = sourcecode.c.objc; path = MGSplitViewController.m; sourceTree = "<group>"; };
		39D70CB214BD3515009C3615 /* Last Time.app */ = {isa = PBXFileReference; explicitFileType = wrapper.application; includeInIndex = 0; path = "Last Time.app"; sourceTree = BUILT_PRODUCTS_DIR; };
		39D70CB614BD3515009C3615 /* UIKit.framework */ = {isa = PBXFileReference; lastKnownFileType = wrapper.framework; name = UIKit.framework; path = System/Library/Frameworks/UIKit.framework; sourceTree = SDKROOT; };
		39D70CB814BD3515009C3615 /* Foundation.framework */ = {isa = PBXFileReference; lastKnownFileType = wrapper.framework; name = Foundation.framework; path = System/Library/Frameworks/Foundation.framework; sourceTree = SDKROOT; };
		39D70CBA14BD3515009C3615 /* CoreGraphics.framework */ = {isa = PBXFileReference; lastKnownFileType = wrapper.framework; name = CoreGraphics.framework; path = System/Library/Frameworks/CoreGraphics.framework; sourceTree = SDKROOT; };
		39D70CBE14BD3515009C3615 /* Last Time-Info.plist */ = {isa = PBXFileReference; lastKnownFileType = text.plist.xml; path = "Last Time-Info.plist"; sourceTree = "<group>"; };
		39D70CC014BD3515009C3615 /* en */ = {isa = PBXFileReference; fileEncoding = 10; lastKnownFileType = text.plist.strings; name = en; path = en.lproj/InfoPlist.strings; sourceTree = "<group>"; };
		39D70CC214BD3515009C3615 /* main.m */ = {isa = PBXFileReference; lastKnownFileType = sourcecode.c.objc; path = main.m; sourceTree = "<group>"; };
		39D70CC414BD3515009C3615 /* Last Time-Prefix.pch */ = {isa = PBXFileReference; lastKnownFileType = sourcecode.c.h; path = "Last Time-Prefix.pch"; sourceTree = "<group>"; };
		39D70CD014BD3515009C3615 /* SenTestingKit.framework */ = {isa = PBXFileReference; lastKnownFileType = wrapper.framework; name = SenTestingKit.framework; path = Library/Frameworks/SenTestingKit.framework; sourceTree = DEVELOPER_DIR; };
		39DB081414E95640006E4E08 /* FolderPickerCell.h */ = {isa = PBXFileReference; fileEncoding = 4; lastKnownFileType = sourcecode.c.h; name = FolderPickerCell.h; path = Support/FolderPickerCell.h; sourceTree = "<group>"; };
		39DB081514E95640006E4E08 /* FolderPickerCell.m */ = {isa = PBXFileReference; fileEncoding = 4; lastKnownFileType = sourcecode.c.objc; name = FolderPickerCell.m; path = Support/FolderPickerCell.m; sourceTree = "<group>"; };
		39F6435E14E40AAE004B0900 /* DatePickerCell.h */ = {isa = PBXFileReference; fileEncoding = 4; lastKnownFileType = sourcecode.c.h; name = DatePickerCell.h; path = Support/DatePickerCell.h; sourceTree = "<group>"; };
		39F6435F14E40AAE004B0900 /* DatePickerCell.m */ = {isa = PBXFileReference; fileEncoding = 4; lastKnownFileType = sourcecode.c.objc; name = DatePickerCell.m; path = Support/DatePickerCell.m; sourceTree = "<group>"; };
		39F6F10B14D1A2B700DBA262 /* HistoryLogDetailController.h */ = {isa = PBXFileReference; fileEncoding = 4; lastKnownFileType = sourcecode.c.h; path = HistoryLogDetailController.h; sourceTree = "<group>"; };
		39F6F10C14D1A2B800DBA262 /* HistoryLogDetailController.m */ = {isa = PBXFileReference; fileEncoding = 4; lastKnownFileType = sourcecode.c.objc; path = HistoryLogDetailController.m; sourceTree = "<group>"; };
/* End PBXFileReference section */

/* Begin PBXFrameworksBuildPhase section */
		3904CF9C14C078E200B7396A /* Frameworks */ = {
			isa = PBXFrameworksBuildPhase;
			buildActionMask = 2147483647;
			files = (
				3904CFA114C078E200B7396A /* Foundation.framework in Frameworks */,
			);
			runOnlyForDeploymentPostprocessing = 0;
		};
		3950E86214BFE0AB009C6F6F /* Frameworks */ = {
			isa = PBXFrameworksBuildPhase;
			buildActionMask = 2147483647;
			files = (
				3950E86714BFE0AB009C6F6F /* Foundation.framework in Frameworks */,
			);
			runOnlyForDeploymentPostprocessing = 0;
		};
		39861AA214BD526D006F30A0 /* Frameworks */ = {
			isa = PBXFrameworksBuildPhase;
			buildActionMask = 2147483647;
			files = (
				39861AA714BD526D006F30A0 /* Foundation.framework in Frameworks */,
			);
			runOnlyForDeploymentPostprocessing = 0;
		};
		39A0F9F214F0B9AF00BA0AFA /* Frameworks */ = {
			isa = PBXFrameworksBuildPhase;
			buildActionMask = 2147483647;
			files = (
				1A212A55159573E5001B6293 /* CoreData.framework in Frameworks */,
				1A212A461595728B001B6293 /* CoreLocation.framework in Frameworks */,
				39A0F9F714F0B9AF00BA0AFA /* Foundation.framework in Frameworks */,
			);
			runOnlyForDeploymentPostprocessing = 0;
		};
		39D70CAF14BD3515009C3615 /* Frameworks */ = {
			isa = PBXFrameworksBuildPhase;
			buildActionMask = 2147483647;
			files = (
				1A17C1FB1589488200FED786 /* MessageUI.framework in Frameworks */,
				1A6284FC153EFECE003C57F9 /* QuartzCore.framework in Frameworks */,
				1AED06051510EEC700CCDA4F /* CoreData.framework in Frameworks */,
				39BF455714F33BC40059C8B9 /* libz.dylib in Frameworks */,
				39AED56714BD3B6600AE6625 /* CoreLocation.framework in Frameworks */,
				39D70CB714BD3515009C3615 /* UIKit.framework in Frameworks */,
				39D70CB914BD3515009C3615 /* Foundation.framework in Frameworks */,
				39D70CBB14BD3515009C3615 /* CoreGraphics.framework in Frameworks */,
				1A90626E159EA33600982649 /* Tapstream.framework in Frameworks */,
				1A9CBA1F175C22C10040D99F /* libTestFlight.a in Frameworks */,
			);
			runOnlyForDeploymentPostprocessing = 0;
		};
/* End PBXFrameworksBuildPhase section */

/* Begin PBXGroup section */
		1A03C0771530F6C100249036 /* Misc */ = {
			isa = PBXGroup;
			children = (
				1AB4B3E5152961B800D66347 /* SegmentsController.h */,
				1AB4B3E6152961B800D66347 /* SegmentsController.m */,
				392009FD14E4B88D006B6A79 /* CustomTableViewController.h */,
				392009FE14E4B88D006B6A79 /* CustomTableViewController.m */,
			);
			name = Misc;
			sourceTree = "<group>";
		};
		1A17C1EC158936DE00FED786 /* FourCSV */ = {
			isa = PBXGroup;
			children = (
				1A17C1EE158936F300FED786 /* FPOCsvWriter.h */,
				1A17C1EF158936F300FED786 /* FPOCsvWriter.m */,
				1A17C1F51589445500FED786 /* FPOICsvWriter.h */,
			);
			name = FourCSV;
			sourceTree = "<group>";
		};
		1A79C11715BD14C700E2C39F /* leather */ = {
			isa = PBXGroup;
			children = (
				1A508EDB15C0DDC200FC737C /* leather_back.png */,
				1A508EDC15C0DDC200FC737C /* leather_back@2x.png */,
				1A79C11315BD14C200E2C39F /* leather_navbar.png */,
				1A79C11415BD14C200E2C39F /* leather_navbar@2x.png */,
				1A508EE015C0DE0800FC737C /* leather_navbar_button.png */,
				1A508EE115C0DE0800FC737C /* leather_navbar_button@2x.png */,
				1A508EE415C0E0A600FC737C /* leather_toolbar.png */,
				1A508EE515C0E0A600FC737C /* leather_toolbar@2x.png */,
				1A508EE815C187D300FC737C /* leather_seg_uns.png */,
				1A508EE915C187D300FC737C /* leather_seg_uns@2x.png */,
				1A508EEC15C1896900FC737C /* leather_seg_sel.png */,
				1A508EED15C1896900FC737C /* leather_seg_sel@2x.png */,
			);
			name = leather;
			sourceTree = "<group>";
		};
		1A823C2C153BB07000B997C8 /* Appearance */ = {
			isa = PBXGroup;
			children = (
				1A79C11715BD14C700E2C39F /* leather */,
				1A4688F915518CB500C64F49 /* white_paper.jpg */,
				1A4688FA15518CB500C64F49 /* white_paper@2x.jpg */,
				1A628505153F1A4F003C57F9 /* paper.jpg */,
				1A628507153F1B70003C57F9 /* paper@2x.jpg */,
				1A468902155194F300C64F49 /* ipad-menubar-left.png */,
				1A468903155194F300C64F49 /* ipad-menubar-left@2x.png */,
				1A468904155194F300C64F49 /* ipad-menubar-right.png */,
				1A468905155194F300C64F49 /* ipad-menubar-right@2x.png */,
				1A46890A1551963700C64F49 /* ipad-tabbar-left.png */,
				1A46890B1551963700C64F49 /* ipad-tabbar-left@2x.png */,
				1A46890C1551963700C64F49 /* ipad-tabbar-right.png */,
				1A46890D1551963700C64F49 /* ipad-tabbar-right@2x.png */,
			);
			name = Appearance;
			sourceTree = "<group>";
		};
		1A8A646215981BE7009DD55F /* Pickers */ = {
			isa = PBXGroup;
			children = (
				1A8A645F15981BDA009DD55F /* BasePickerCell.h */,
				1A8A646015981BDA009DD55F /* BasePickerCell.m */,
				39F6435E14E40AAE004B0900 /* DatePickerCell.h */,
				39F6435F14E40AAE004B0900 /* DatePickerCell.m */,
				1A8A646315982311009DD55F /* DurationPickerCell.h */,
				1A8A646415982311009DD55F /* DurationPickerCell.m */,
			);
			name = Pickers;
			sourceTree = "<group>";
		};
		1AC0209C152550200022A07B /* old */ = {
			isa = PBXGroup;
			children = (
				1AC0209D152550200022A07B /* oldEvent.h */,
				1AC0209E152550200022A07B /* oldEvent.m */,
				1AC0209F152550200022A07B /* oldEventFolder.h */,
				1AC020A0152550200022A07B /* oldEventFolder.m */,
				1AC020A1152550200022A07B /* oldLogEntry.h */,
				1AC020A2152550200022A07B /* oldLogEntry.m */,
			);
			path = old;
			sourceTree = "<group>";
		};
		3904CFA214C078E200B7396A /* RandomEventFolder */ = {
			isa = PBXGroup;
			children = (
				3904CFA314C078E200B7396A /* main.m */,
			);
			name = RandomEventFolder;
			path = "Last Time/Tools/RandomEventFolder";
			sourceTree = SOURCE_ROOT;
		};
		3950E86814BFE0AB009C6F6F /* RandomEvent */ = {
			isa = PBXGroup;
			children = (
				3950E86914BFE0AB009C6F6F /* main.m */,
			);
			name = RandomEvent;
			path = "Last Time/Tools/RandomEvent";
			sourceTree = SOURCE_ROOT;
		};
		3969110E14C9BCF0006E8272 /* Controllers */ = {
			isa = PBXGroup;
			children = (
				3969111314C9BCF0006E8272 /* LastTimeAppDelegate.h */,
				3969111414C9BCF0006E8272 /* LastTimeAppDelegate.m */,
				39918C1214F604BC00D8D4EE /* Event */,
				39918C1114F604AD00D8D4EE /* Folder */,
				39918C1314F604D700D8D4EE /* Log Entry */,
				1A03C0771530F6C100249036 /* Misc */,
			);
			path = Controllers;
			sourceTree = "<group>";
		};
		3969111814C9BCF8006E8272 /* Models */ = {
			isa = PBXGroup;
			children = (
				1AED06071510EEF100CCDA4F /* Last Time.xcdatamodeld */,
				1A161D6D152018D60062B4A5 /* Event.h */,
				1A161D6E152018D60062B4A5 /* Event.m */,
				1ADD036615165531006EAD7E /* EventFolder.h */,
				1ADD036715165531006EAD7E /* EventFolder.m */,
				39918C2314F7F99700D8D4EE /* EventStore.h */,
				39918C2414F7F99700D8D4EE /* EventStore.m */,
				1AED06221510F9F100CCDA4F /* LogEntry.h */,
				1AED06231510F9F100CCDA4F /* LogEntry.m */,
				1AC09F871520BAB600C483DE /* PlistStore.h */,
				1AC09F881520BAB600C483DE /* PlistStore.m */,
				1AC0209C152550200022A07B /* old */,
			);
			path = Models;
			sourceTree = "<group>";
		};
		3969112214C9BD04006E8272 /* Views */ = {
			isa = PBXGroup;
			children = (
				39200A1314E76C17006B6A79 /* EventController.xib */,
				39918C1914F606A200D8D4EE /* EventListViewController.xib */,
				3969112414C9BD04006E8272 /* MainWindow.xib */,
				3940D3EF14F17DE20056D01B /* HistoryLogCell.xib */,
				1ABC9B0A1589284F00E12E31 /* TimelineViewController.xib */,
				1A8A6467159BFCCB009DD55F /* DurationPickerCell.xib */,
			);
			path = Views;
			sourceTree = "<group>";
		};
		39861A9D14BD518C006F30A0 /* Tools */ = {
			isa = PBXGroup;
			children = (
				39A0F9F814F0B9AF00BA0AFA /* DurationTest */,
				3904CFA214C078E200B7396A /* RandomEventFolder */,
				3950E86814BFE0AB009C6F6F /* RandomEvent */,
				39861AA814BD526D006F30A0 /* RandomLogEntry */,
			);
			name = Tools;
			sourceTree = "<group>";
		};
		39861AA814BD526D006F30A0 /* RandomLogEntry */ = {
			isa = PBXGroup;
			children = (
				39861AA914BD526D006F30A0 /* main.m */,
			);
			name = RandomLogEntry;
			path = ../RandomLogEntry;
			sourceTree = "<group>";
		};
		3988B95F14DC31360010062E /* Resources */ = {
			isa = PBXGroup;
			children = (
				39EF4A4A14F1AE1000A8BAB7 /* Images */,
				3988B96014DC31500010062E /* TestFlight */,
			);
			name = Resources;
			sourceTree = "<group>";
		};
		3988B96014DC31500010062E /* TestFlight */ = {
			isa = PBXGroup;
			children = (
				3988B96114DC31500010062E /* libTestFlight.a */,
				3988B96214DC31500010062E /* TestFlight.h */,
			);
			name = TestFlight;
			path = Resources/TestFlight;
			sourceTree = "<group>";
		};
		39918C1114F604AD00D8D4EE /* Folder */ = {
			isa = PBXGroup;
			children = (
				3969111114C9BCF0006E8272 /* FolderListViewController.h */,
				3969111214C9BCF0006E8272 /* FolderListViewController.m */,
				399F70B514FB1FB00012F089 /* FolderListCell.h */,
				399F70B614FB1FB00012F089 /* FolderListCell.m */,
			);
			name = Folder;
			sourceTree = "<group>";
		};
		39918C1214F604BC00D8D4EE /* Event */ = {
			isa = PBXGroup;
			children = (
				3969110F14C9BCF0006E8272 /* EventController.h */,
				3969111014C9BCF0006E8272 /* EventController.m */,
				39AA477E14DAD8B300580EB9 /* EventDetailController.h */,
				39AA477F14DAD8B300580EB9 /* EventDetailController.m */,
				39918C1414F6062000D8D4EE /* EventListViewController.h */,
				39918C1514F6062000D8D4EE /* EventListViewController.m */,
				1AC62B9D152950760019362B /* TimelineViewController.h */,
				1AC62B9E152950760019362B /* TimelineViewController.m */,
			);
			name = Event;
			sourceTree = "<group>";
		};
		39918C1314F604D700D8D4EE /* Log Entry */ = {
			isa = PBXGroup;
			children = (
				39F6F10B14D1A2B700DBA262 /* HistoryLogDetailController.h */,
				39F6F10C14D1A2B800DBA262 /* HistoryLogDetailController.m */,
				3940D3F214F17E230056D01B /* HistoryLogCell.h */,
				3940D3F314F17E230056D01B /* HistoryLogCell.m */,
			);
			name = "Log Entry";
			sourceTree = "<group>";
		};
		39A0F9F814F0B9AF00BA0AFA /* DurationTest */ = {
			isa = PBXGroup;
			children = (
				39A0F9F914F0B9AF00BA0AFA /* main.m */,
			);
			name = DurationTest;
			path = ../DurationTest;
			sourceTree = "<group>";
		};
		39BE368414F3E2BD00DBCC43 /* Icons */ = {
			isa = PBXGroup;
			children = (
				1A4B6AC0162A103E0078A7EA /* Icon@2x.png */,
				1A4B6ABE162A103A0078A7EA /* Icon.png */,
				1A4B6AC2162A10740078A7EA /* Icon-72.png */,
				1A4B6AC3162A10740078A7EA /* Icon-72@2x.png */,
				1A4B6AC4162A10740078A7EA /* Icon-Small-50.png */,
				1A4B6AC5162A10740078A7EA /* Icon-Small-50@2x.png */,
				1A4B6AC6162A10740078A7EA /* Icon-Small.png */,
				1A4B6AC7162A10740078A7EA /* Icon-Small@2x.png */,
				1A4B6AC8162A10740078A7EA /* Icon.png */,
				1A4B6AC9162A10740078A7EA /* Icon@2x.png */,
			);
			path = Icons;
			sourceTree = "<group>";
		};
		39C10D3315005B6A00DF3F70 /* MGSplitView */ = {
			isa = PBXGroup;
			children = (
				39C10D3415005B6A00DF3F70 /* MGSplitCornersView.h */,
				39C10D3515005B6A00DF3F70 /* MGSplitCornersView.m */,
				39C10D3615005B6A00DF3F70 /* MGSplitDividerView.h */,
				39C10D3715005B6A00DF3F70 /* MGSplitDividerView.m */,
				39C10D3815005B6A00DF3F70 /* MGSplitViewController.h */,
				39C10D3915005B6A00DF3F70 /* MGSplitViewController.m */,
			);
			name = MGSplitView;
			path = Resources/MGSplitView;
			sourceTree = "<group>";
		};
		39D70CA714BD3515009C3615 = {
			isa = PBXGroup;
			children = (
				39D70CBC14BD3515009C3615 /* Last Time */,
				39D70CB514BD3515009C3615 /* Frameworks */,
				39D70CB314BD3515009C3615 /* Products */,
			);
			sourceTree = "<group>";
		};
		39D70CB314BD3515009C3615 /* Products */ = {
			isa = PBXGroup;
			children = (
				39D70CB214BD3515009C3615 /* Last Time.app */,
				39861AA514BD526D006F30A0 /* RandomLogEntry */,
				3950E86514BFE0AB009C6F6F /* RandomEvent */,
				3904CF9F14C078E200B7396A /* RandomEventFolder */,
				39A0F9F514F0B9AF00BA0AFA /* DurationTest */,
			);
			name = Products;
			sourceTree = "<group>";
		};
		39D70CB514BD3515009C3615 /* Frameworks */ = {
			isa = PBXGroup;
			children = (
				1A90626D159EA33600982649 /* Tapstream.framework */,
				1A212A54159573E5001B6293 /* CoreData.framework */,
				1A212A451595728A001B6293 /* CoreLocation.framework */,
				1A17C1FA1589488200FED786 /* MessageUI.framework */,
				1A6284FB153EFECE003C57F9 /* QuartzCore.framework */,
				1AED06041510EEC700CCDA4F /* CoreData.framework */,
				39BF455614F33BC40059C8B9 /* libz.dylib */,
				39B8C8771504684800A55B5C /* libprofile_rt.dylib */,
				39AED56614BD3B6600AE6625 /* CoreLocation.framework */,
				39D70CB614BD3515009C3615 /* UIKit.framework */,
				39D70CB814BD3515009C3615 /* Foundation.framework */,
				39D70CBA14BD3515009C3615 /* CoreGraphics.framework */,
				39D70CD014BD3515009C3615 /* SenTestingKit.framework */,
			);
			name = Frameworks;
			sourceTree = "<group>";
		};
		39D70CBC14BD3515009C3615 /* Last Time */ = {
			isa = PBXGroup;
			children = (
				3969110E14C9BCF0006E8272 /* Controllers */,
				3969111814C9BCF8006E8272 /* Models */,
				3969112214C9BD04006E8272 /* Views */,
				39F6F11414D1B79B00DBA262 /* Supporting Classes */,
				39D70CBD14BD3515009C3615 /* Supporting Files */,
				3988B95F14DC31360010062E /* Resources */,
				39861A9D14BD518C006F30A0 /* Tools */,
			);
			path = "Last Time";
			sourceTree = "<group>";
		};
		39D70CBD14BD3515009C3615 /* Supporting Files */ = {
			isa = PBXGroup;
			children = (
				39D70CBE14BD3515009C3615 /* Last Time-Info.plist */,
				39D70CBF14BD3515009C3615 /* InfoPlist.strings */,
				39D70CC214BD3515009C3615 /* main.m */,
				39D70CC414BD3515009C3615 /* Last Time-Prefix.pch */,
				1AEDBCE5153494310098E3A0 /* Localizable.strings */,
				1A823B6D153B959D00B997C8 /* default_data.plist */,
			);
			name = "Supporting Files";
			sourceTree = "<group>";
		};
		39EF4A4A14F1AE1000A8BAB7 /* Images */ = {
			isa = PBXGroup;
			children = (
				1A21320C16156D9E00770280 /* Default-568h@2x.png */,
				1A823C2C153BB07000B997C8 /* Appearance */,
				39BE368414F3E2BD00DBCC43 /* Icons */,
				398F458314F1B6E50095A405 /* map-pin.png */,
				398F458414F1B6E50095A405 /* map-pin@2x.png */,
			);
			name = Images;
			path = Resources/Images;
			sourceTree = "<group>";
		};
		39F6F11414D1B79B00DBA262 /* Supporting Classes */ = {
			isa = PBXGroup;
			children = (
				39FEDFAB14EAC350009672A5 /* Custom Cells */,
				1A03C074152F470700249036 /* NSManagedObjectContext+FetchAdditions.h */,
				1A03C075152F470700249036 /* NSManagedObjectContext+FetchAdditions.m */,
				39825C8E14E8757200C4D684 /* FileHelpers.h */,
				39825C8F14E8757200C4D684 /* FileHelpers.m */,
				1A628502153F0FD7003C57F9 /* HeaderView.h */,
				1A628503153F0FD7003C57F9 /* HeaderView.m */,
				39C10D3315005B6A00DF3F70 /* MGSplitView */,
				1A17C1EC158936DE00FED786 /* FourCSV */,
				1A95D74F159CB9F2005686C1 /* NSString+UUID.h */,
				1A95D750159CB9F2005686C1 /* NSString+UUID.m */,
			);
			name = "Supporting Classes";
			sourceTree = "<group>";
		};
		39FEDFAB14EAC350009672A5 /* Custom Cells */ = {
			isa = PBXGroup;
			children = (
				1A8A646215981BE7009DD55F /* Pickers */,
				3988B9BA14E0214F0010062E /* EditableTableCell.h */,
				3988B9BB14E0214F0010062E /* EditableTableCell.m */,
				39DB081414E95640006E4E08 /* FolderPickerCell.h */,
				39DB081514E95640006E4E08 /* FolderPickerCell.m */,
				3913EADA14EEB5DC0013A86A /* LocationSwitchCell.h */,
				3913EADB14EEB5DC0013A86A /* LocationSwitchCell.m */,
				391AF43A14F0C03F00DCA3F0 /* NumberCell.h */,
				391AF43B14F0C03F00DCA3F0 /* NumberCell.m */,
				1A8A645B1597D6E3009DD55F /* ReminderSwitchCell.h */,
				1A8A645C1597D6E3009DD55F /* ReminderSwitchCell.m */,
			);
			name = "Custom Cells";
			sourceTree = "<group>";
		};
/* End PBXGroup section */

/* Begin PBXNativeTarget section */
		3904CF9E14C078E200B7396A /* RandomEventFolder */ = {
			isa = PBXNativeTarget;
			buildConfigurationList = 3904CFA914C078E200B7396A /* Build configuration list for PBXNativeTarget "RandomEventFolder" */;
			buildPhases = (
				3904CF9B14C078E200B7396A /* Sources */,
				3904CF9C14C078E200B7396A /* Frameworks */,
				3904CF9D14C078E200B7396A /* CopyFiles */,
			);
			buildRules = (
			);
			dependencies = (
			);
			name = RandomEventFolder;
			productName = RandomEventFolder;
			productReference = 3904CF9F14C078E200B7396A /* RandomEventFolder */;
			productType = "com.apple.product-type.tool";
		};
		3950E86414BFE0AB009C6F6F /* RandomEvent */ = {
			isa = PBXNativeTarget;
			buildConfigurationList = 3950E86F14BFE0AB009C6F6F /* Build configuration list for PBXNativeTarget "RandomEvent" */;
			buildPhases = (
				3950E86114BFE0AB009C6F6F /* Sources */,
				3950E86214BFE0AB009C6F6F /* Frameworks */,
				3950E86314BFE0AB009C6F6F /* CopyFiles */,
			);
			buildRules = (
			);
			dependencies = (
			);
			name = RandomEvent;
			productName = RandomEvent;
			productReference = 3950E86514BFE0AB009C6F6F /* RandomEvent */;
			productType = "com.apple.product-type.tool";
		};
		39861AA414BD526D006F30A0 /* RandomLogEntry */ = {
			isa = PBXNativeTarget;
			buildConfigurationList = 39861AAF14BD526D006F30A0 /* Build configuration list for PBXNativeTarget "RandomLogEntry" */;
			buildPhases = (
				39861AA114BD526D006F30A0 /* Sources */,
				39861AA214BD526D006F30A0 /* Frameworks */,
				39861AA314BD526D006F30A0 /* CopyFiles */,
			);
			buildRules = (
			);
			dependencies = (
			);
			name = RandomLogEntry;
			productName = RandomLogEntry;
			productReference = 39861AA514BD526D006F30A0 /* RandomLogEntry */;
			productType = "com.apple.product-type.tool";
		};
		39A0F9F414F0B9AF00BA0AFA /* DurationTest */ = {
			isa = PBXNativeTarget;
			buildConfigurationList = 39A0F9FF14F0B9AF00BA0AFA /* Build configuration list for PBXNativeTarget "DurationTest" */;
			buildPhases = (
				39A0F9F114F0B9AF00BA0AFA /* Sources */,
				39A0F9F214F0B9AF00BA0AFA /* Frameworks */,
				39A0F9F314F0B9AF00BA0AFA /* CopyFiles */,
			);
			buildRules = (
			);
			dependencies = (
			);
			name = DurationTest;
			productName = DurationTest;
			productReference = 39A0F9F514F0B9AF00BA0AFA /* DurationTest */;
			productType = "com.apple.product-type.tool";
		};
		39D70CB114BD3515009C3615 /* Last Time */ = {
			isa = PBXNativeTarget;
			buildConfigurationList = 39D70CE114BD3516009C3615 /* Build configuration list for PBXNativeTarget "Last Time" */;
			buildPhases = (
				39D70CAE14BD3515009C3615 /* Sources */,
				39D70CAF14BD3515009C3615 /* Frameworks */,
				39D70CB014BD3515009C3615 /* Resources */,
				39BF451714F2A2000059C8B9 /* ShellScript */,
			);
			buildRules = (
			);
			dependencies = (
			);
			name = "Last Time";
			productName = "Last Time";
			productReference = 39D70CB214BD3515009C3615 /* Last Time.app */;
			productType = "com.apple.product-type.application";
		};
/* End PBXNativeTarget section */

/* Begin PBXProject section */
		39D70CA914BD3515009C3615 /* Project object */ = {
			isa = PBXProject;
			attributes = {
				LastUpgradeCheck = 0430;
				ORGANIZATIONNAME = Self;
			};
			buildConfigurationList = 39D70CAC14BD3515009C3615 /* Build configuration list for PBXProject "Last Time" */;
			compatibilityVersion = "Xcode 3.2";
			developmentRegion = English;
			hasScannedForEncodings = 0;
			knownRegions = (
				en,
				es,
				ja,
				fr,
				de,
			);
			mainGroup = 39D70CA714BD3515009C3615;
			productRefGroup = 39D70CB314BD3515009C3615 /* Products */;
			projectDirPath = "";
			projectRoot = "";
			targets = (
				39D70CB114BD3515009C3615 /* Last Time */,
				39861AA414BD526D006F30A0 /* RandomLogEntry */,
				3950E86414BFE0AB009C6F6F /* RandomEvent */,
				3904CF9E14C078E200B7396A /* RandomEventFolder */,
				39A0F9F414F0B9AF00BA0AFA /* DurationTest */,
			);
		};
/* End PBXProject section */

/* Begin PBXResourcesBuildPhase section */
		39D70CB014BD3515009C3615 /* Resources */ = {
			isa = PBXResourcesBuildPhase;
			buildActionMask = 2147483647;
			files = (
				39D70CC114BD3515009C3615 /* InfoPlist.strings in Resources */,
				3969112614C9BD04006E8272 /* MainWindow.xib in Resources */,
				39200A1414E76C18006B6A79 /* EventController.xib in Resources */,
				3940D3F014F17DE20056D01B /* HistoryLogCell.xib in Resources */,
				398F458514F1B6E50095A405 /* map-pin.png in Resources */,
				398F458614F1B6E50095A405 /* map-pin@2x.png in Resources */,
				39918C1A14F606A200D8D4EE /* EventListViewController.xib in Resources */,
				1A823B6B153B959D00B997C8 /* default_data.plist in Resources */,
				1AEDBCE3153494310098E3A0 /* Localizable.strings in Resources */,
				1A4688FB15518CB500C64F49 /* white_paper.jpg in Resources */,
				1A4688FC15518CB500C64F49 /* white_paper@2x.jpg in Resources */,
				1AC0E2591552D29D00BD05AB /* paper@2x.jpg in Resources */,
				1AC0E25A1552D2A200BD05AB /* paper.jpg in Resources */,
				1ABC9B0B1589284F00E12E31 /* TimelineViewController.xib in Resources */,
				1A8A6468159BFCCB009DD55F /* DurationPickerCell.xib in Resources */,
				1A79C11515BD14C200E2C39F /* leather_navbar.png in Resources */,
				1A79C11615BD14C200E2C39F /* leather_navbar@2x.png in Resources */,
				1A508EDD15C0DDC200FC737C /* leather_back.png in Resources */,
				1A508EDE15C0DDC200FC737C /* leather_back@2x.png in Resources */,
				1A508EE215C0DE0800FC737C /* leather_navbar_button.png in Resources */,
				1A508EE315C0DE0800FC737C /* leather_navbar_button@2x.png in Resources */,
				1A508EE615C0E0A600FC737C /* leather_toolbar.png in Resources */,
				1A508EE715C0E0A600FC737C /* leather_toolbar@2x.png in Resources */,
				1A508EEA15C187D300FC737C /* leather_seg_uns.png in Resources */,
				1A508EEB15C187D300FC737C /* leather_seg_uns@2x.png in Resources */,
				1A508EEE15C1896900FC737C /* leather_seg_sel.png in Resources */,
				1A508EEF15C1896900FC737C /* leather_seg_sel@2x.png in Resources */,
				1A21320D16156D9E00770280 /* Default-568h@2x.png in Resources */,
				1A4B6ACC162A10740078A7EA /* Icon-72.png in Resources */,
				1A4B6ACD162A10740078A7EA /* Icon-72@2x.png in Resources */,
				1A4B6ACE162A10740078A7EA /* Icon-Small-50.png in Resources */,
				1A4B6ACF162A10740078A7EA /* Icon-Small-50@2x.png in Resources */,
				1A4B6AD0162A10740078A7EA /* Icon-Small.png in Resources */,
				1A4B6AD1162A10740078A7EA /* Icon-Small@2x.png in Resources */,
				1A4B6AD2162A10740078A7EA /* Icon.png in Resources */,
				1A4B6AD3162A10740078A7EA /* Icon@2x.png in Resources */,
			);
			runOnlyForDeploymentPostprocessing = 0;
		};
/* End PBXResourcesBuildPhase section */

/* Begin PBXShellScriptBuildPhase section */
		39BF451714F2A2000059C8B9 /* ShellScript */ = {
			isa = PBXShellScriptBuildPhase;
			buildActionMask = 2147483647;
			files = (
			);
			inputPaths = (
			);
			outputPaths = (
			);
			runOnlyForDeploymentPostprocessing = 0;
			shellPath = /bin/sh;
			shellScript = "#if [[ $CONFIGURATION == \"Distribution\" ]]; then\n#    BUILD_NUMBER=`date +\"%Y%m%d%H%M%S\"`\n#    GIT_TAG=`git describe --tags --abbrev=0`\n\n#    agvtool new-marketing-version $GIT_TAG\n#    agvtool new-version -all $BUILD_NUMBER\n#fi";
			showEnvVarsInLog = 0;
		};
/* End PBXShellScriptBuildPhase section */

/* Begin PBXSourcesBuildPhase section */
		3904CF9B14C078E200B7396A /* Sources */ = {
			isa = PBXSourcesBuildPhase;
			buildActionMask = 2147483647;
			files = (
				3904CFA414C078E200B7396A /* main.m in Sources */,
			);
			runOnlyForDeploymentPostprocessing = 0;
		};
		3950E86114BFE0AB009C6F6F /* Sources */ = {
			isa = PBXSourcesBuildPhase;
			buildActionMask = 2147483647;
			files = (
				3950E86A14BFE0AB009C6F6F /* main.m in Sources */,
			);
			runOnlyForDeploymentPostprocessing = 0;
		};
		39861AA114BD526D006F30A0 /* Sources */ = {
			isa = PBXSourcesBuildPhase;
			buildActionMask = 2147483647;
			files = (
				39861AAA14BD526D006F30A0 /* main.m in Sources */,
			);
			runOnlyForDeploymentPostprocessing = 0;
		};
		39A0F9F114F0B9AF00BA0AFA /* Sources */ = {
			isa = PBXSourcesBuildPhase;
			buildActionMask = 2147483647;
			files = (
				39A0F9FA14F0B9AF00BA0AFA /* main.m in Sources */,
				1A212A4415957255001B6293 /* LogEntry.m in Sources */,
				1A212A56159576D1001B6293 /* Last Time.xcdatamodeld in Sources */,
			);
			runOnlyForDeploymentPostprocessing = 0;
		};
		39D70CAE14BD3515009C3615 /* Sources */ = {
			isa = PBXSourcesBuildPhase;
			buildActionMask = 2147483647;
			files = (
				39D70CC314BD3515009C3615 /* main.m in Sources */,
				3969111514C9BCF0006E8272 /* EventController.m in Sources */,
				3969111614C9BCF0006E8272 /* FolderListViewController.m in Sources */,
				3969111714C9BCF0006E8272 /* LastTimeAppDelegate.m in Sources */,
				39F6F10E14D1A2B800DBA262 /* HistoryLogDetailController.m in Sources */,
				39AA478114DAD8B300580EB9 /* EventDetailController.m in Sources */,
				3988B9BC14E0214F0010062E /* EditableTableCell.m in Sources */,
				39F6436014E40AAE004B0900 /* DatePickerCell.m in Sources */,
				392009FF14E4B88D006B6A79 /* CustomTableViewController.m in Sources */,
				39825C9014E8757200C4D684 /* FileHelpers.m in Sources */,
				39DB081614E95640006E4E08 /* FolderPickerCell.m in Sources */,
				3913EADC14EEB5DC0013A86A /* LocationSwitchCell.m in Sources */,
				391AF43C14F0C03F00DCA3F0 /* NumberCell.m in Sources */,
				3940D3F414F17E230056D01B /* HistoryLogCell.m in Sources */,
				39918C1714F6062000D8D4EE /* EventListViewController.m in Sources */,
				39918C2514F7F99700D8D4EE /* EventStore.m in Sources */,
				399F70B714FB1FB00012F089 /* FolderListCell.m in Sources */,
				39C10D3A15005B6A00DF3F70 /* MGSplitCornersView.m in Sources */,
				39C10D3B15005B6A00DF3F70 /* MGSplitDividerView.m in Sources */,
				39C10D3C15005B6A00DF3F70 /* MGSplitViewController.m in Sources */,
				1AED06091510EEF100CCDA4F /* Last Time.xcdatamodeld in Sources */,
				1AED06241510F9F100CCDA4F /* LogEntry.m in Sources */,
				1ADD036815165531006EAD7E /* EventFolder.m in Sources */,
				1A161D6F152018D60062B4A5 /* Event.m in Sources */,
				1AC09F891520BAB600C483DE /* PlistStore.m in Sources */,
				1AC020A3152550200022A07B /* oldEvent.m in Sources */,
				1AC020A4152550200022A07B /* oldEventFolder.m in Sources */,
				1AC020A5152550200022A07B /* oldLogEntry.m in Sources */,
				1AC62B9F152950760019362B /* TimelineViewController.m in Sources */,
				1AB4B3E7152961B900D66347 /* SegmentsController.m in Sources */,
				1A03C076152F470700249036 /* NSManagedObjectContext+FetchAdditions.m in Sources */,
				1A628504153F0FD7003C57F9 /* HeaderView.m in Sources */,
				1A17C1F0158936F300FED786 /* FPOCsvWriter.m in Sources */,
				1A8A645D1597D6E3009DD55F /* ReminderSwitchCell.m in Sources */,
				1A8A646115981BDA009DD55F /* BasePickerCell.m in Sources */,
				1A8A646515982311009DD55F /* DurationPickerCell.m in Sources */,
				1A95D751159CB9F2005686C1 /* NSString+UUID.m in Sources */,
			);
			runOnlyForDeploymentPostprocessing = 0;
		};
/* End PBXSourcesBuildPhase section */

/* Begin PBXVariantGroup section */
		1A823B6D153B959D00B997C8 /* default_data.plist */ = {
			isa = PBXVariantGroup;
			children = (
				1A823B6C153B959D00B997C8 /* en */,
				1A823B6E153B95A300B997C8 /* es */,
				1A823B6F153B95A300B997C8 /* ja */,
				1A823B70153B95A300B997C8 /* fr */,
				1A823B71153B95A300B997C8 /* de */,
			);
			name = default_data.plist;
			sourceTree = "<group>";
		};
		1AEDBCE5153494310098E3A0 /* Localizable.strings */ = {
			isa = PBXVariantGroup;
			children = (
				1AEDBCE4153494310098E3A0 /* en */,
				1AEDBCE6153494360098E3A0 /* es */,
				1AEDBCE7153494360098E3A0 /* ja */,
				1AEDBCE8153494360098E3A0 /* fr */,
				1AEDBCE9153494360098E3A0 /* de */,
			);
			name = Localizable.strings;
			sourceTree = "<group>";
		};
		39D70CBF14BD3515009C3615 /* InfoPlist.strings */ = {
			isa = PBXVariantGroup;
			children = (
				39D70CC014BD3515009C3615 /* en */,
				1AB0127D15348A7E00359153 /* es */,
				1AB0127E15348B2300359153 /* ja */,
				1AB0127F15348B2700359153 /* fr */,
				1AB0128015348B2B00359153 /* de */,
			);
			name = InfoPlist.strings;
			sourceTree = "<group>";
		};
/* End PBXVariantGroup section */

/* Begin XCBuildConfiguration section */
		3904CFAA14C078E200B7396A /* Debug */ = {
			isa = XCBuildConfiguration;
			buildSettings = {
				ARCHS = "$(ARCHS_STANDARD_64_BIT)";
				CLANG_ENABLE_OBJC_ARC = YES;
				GCC_ENABLE_OBJC_EXCEPTIONS = YES;
				GCC_PRECOMPILE_PREFIX_HEADER = YES;
				MACOSX_DEPLOYMENT_TARGET = 10.7;
				ONLY_ACTIVE_ARCH = YES;
				PRODUCT_NAME = "$(TARGET_NAME)";
				SDKROOT = macosx;
			};
			name = Debug;
		};
		3904CFAB14C078E200B7396A /* Release */ = {
			isa = XCBuildConfiguration;
			buildSettings = {
				ARCHS = "$(ARCHS_STANDARD_64_BIT)";
				CLANG_ENABLE_OBJC_ARC = YES;
				DEBUG_INFORMATION_FORMAT = "dwarf-with-dsym";
				GCC_ENABLE_OBJC_EXCEPTIONS = YES;
				GCC_PRECOMPILE_PREFIX_HEADER = YES;
				MACOSX_DEPLOYMENT_TARGET = 10.7;
				PRODUCT_NAME = "$(TARGET_NAME)";
				SDKROOT = macosx;
			};
			name = Release;
		};
		3950E87014BFE0AB009C6F6F /* Debug */ = {
			isa = XCBuildConfiguration;
			buildSettings = {
				ARCHS = "$(ARCHS_STANDARD_64_BIT)";
				CLANG_ENABLE_OBJC_ARC = YES;
				GCC_ENABLE_OBJC_EXCEPTIONS = YES;
				GCC_PRECOMPILE_PREFIX_HEADER = YES;
				MACOSX_DEPLOYMENT_TARGET = 10.7;
				ONLY_ACTIVE_ARCH = YES;
				PRODUCT_NAME = "$(TARGET_NAME)";
				SDKROOT = macosx;
			};
			name = Debug;
		};
		3950E87114BFE0AB009C6F6F /* Release */ = {
			isa = XCBuildConfiguration;
			buildSettings = {
				ARCHS = "$(ARCHS_STANDARD_64_BIT)";
				CLANG_ENABLE_OBJC_ARC = YES;
				DEBUG_INFORMATION_FORMAT = "dwarf-with-dsym";
				GCC_ENABLE_OBJC_EXCEPTIONS = YES;
				GCC_PRECOMPILE_PREFIX_HEADER = YES;
				MACOSX_DEPLOYMENT_TARGET = 10.7;
				PRODUCT_NAME = "$(TARGET_NAME)";
				SDKROOT = macosx;
			};
			name = Release;
		};
		39861AB014BD526D006F30A0 /* Debug */ = {
			isa = XCBuildConfiguration;
			buildSettings = {
				ARCHS = "$(ARCHS_STANDARD_64_BIT)";
				CLANG_ENABLE_OBJC_ARC = YES;
				GCC_ENABLE_OBJC_EXCEPTIONS = YES;
				GCC_PRECOMPILE_PREFIX_HEADER = YES;
				GCC_WARN_64_TO_32_BIT_CONVERSION = YES;
				GCC_WARN_SHADOW = YES;
				MACOSX_DEPLOYMENT_TARGET = 10.7;
				ONLY_ACTIVE_ARCH = YES;
				PRODUCT_NAME = "$(TARGET_NAME)";
				RUN_CLANG_STATIC_ANALYZER = YES;
				SDKROOT = macosx;
			};
			name = Debug;
		};
		39861AB114BD526D006F30A0 /* Release */ = {
			isa = XCBuildConfiguration;
			buildSettings = {
				ARCHS = "$(ARCHS_STANDARD_64_BIT)";
				CLANG_ENABLE_OBJC_ARC = YES;
				DEBUG_INFORMATION_FORMAT = "dwarf-with-dsym";
				GCC_ENABLE_OBJC_EXCEPTIONS = YES;
				GCC_PRECOMPILE_PREFIX_HEADER = YES;
				GCC_WARN_64_TO_32_BIT_CONVERSION = YES;
				GCC_WARN_SHADOW = YES;
				MACOSX_DEPLOYMENT_TARGET = 10.7;
				PRODUCT_NAME = "$(TARGET_NAME)";
				RUN_CLANG_STATIC_ANALYZER = YES;
				SDKROOT = macosx;
			};
			name = Release;
		};
		3988B96414DC32690010062E /* Beta */ = {
			isa = XCBuildConfiguration;
			buildSettings = {
				ALWAYS_SEARCH_USER_PATHS = NO;
				CLANG_ENABLE_OBJC_ARC = YES;
				CLANG_WARN_OBJC_IMPLICIT_ATOMIC_PROPERTIES = YES;
				COPY_PHASE_STRIP = YES;
				CURRENT_PROJECT_VERSION = 20120726092056;
				GCC_OPTIMIZATION_LEVEL = s;
				GCC_WARN_64_TO_32_BIT_CONVERSION = YES;
				GCC_WARN_ABOUT_MISSING_FIELD_INITIALIZERS = YES;
				GCC_WARN_ABOUT_MISSING_NEWLINE = YES;
				GCC_WARN_ABOUT_MISSING_PROTOTYPES = YES;
				GCC_WARN_ABOUT_RETURN_TYPE = YES;
				GCC_WARN_INITIALIZER_NOT_FULLY_BRACKETED = YES;
				GCC_WARN_SHADOW = YES;
				GCC_WARN_SIGN_COMPARE = YES;
				GCC_WARN_UNDECLARED_SELECTOR = YES;
				GCC_WARN_UNINITIALIZED_AUTOS = YES;
				GCC_WARN_UNUSED_FUNCTION = YES;
				GCC_WARN_UNUSED_LABEL = YES;
				GCC_WARN_UNUSED_PARAMETER = NO;
				GCC_WARN_UNUSED_VARIABLE = YES;
				IPHONEOS_DEPLOYMENT_TARGET = 5.0;
				SDKROOT = iphoneos;
				TARGETED_DEVICE_FAMILY = "1,2";
				VERSIONING_SYSTEM = "apple-generic";
			};
			name = Beta;
		};
		3988B96514DC32690010062E /* Beta */ = {
			isa = XCBuildConfiguration;
			buildSettings = {
				CLANG_ENABLE_OBJC_ARC = YES;
				CODE_SIGN_IDENTITY = "iPhone Distribution";
				FRAMEWORK_SEARCH_PATHS = (
					"$(inherited)",
					"\"$(SRCROOT)/Last Time/Resources\"",
				);
				GCC_PRECOMPILE_PREFIX_HEADER = YES;
				GCC_PREFIX_HEADER = "Last Time/Last Time-Prefix.pch";
				GCC_PREPROCESSOR_DEFINITIONS = (
					"TESTFLIGHT=1",
					"SEND_UDID=1",
				);
				GCC_TREAT_WARNINGS_AS_ERRORS = NO;
				INFOPLIST_FILE = "Last Time/Last Time-Info.plist";
				IPHONEOS_DEPLOYMENT_TARGET = 5.1;
				LIBRARY_SEARCH_PATHS = (
					"$(inherited)",
					"\"$(SRCROOT)/Last Time/Resources/TestFlight\"",
				);
				OTHER_LDFLAGS = "-lTestFlight";
				PRODUCT_NAME = "$(TARGET_NAME)";
				PROVISIONING_PROFILE = "";
				RUN_CLANG_STATIC_ANALYZER = YES;
				TARGETED_DEVICE_FAMILY = 1;
				VALIDATE_PRODUCT = YES;
				WRAPPER_EXTENSION = app;
			};
			name = Beta;
		};
		3988B96714DC32690010062E /* Beta */ = {
			isa = XCBuildConfiguration;
			buildSettings = {
				ARCHS = "$(ARCHS_STANDARD_64_BIT)";
				CLANG_ENABLE_OBJC_ARC = YES;
				GCC_ENABLE_OBJC_EXCEPTIONS = YES;
				GCC_PRECOMPILE_PREFIX_HEADER = YES;
				GCC_WARN_64_TO_32_BIT_CONVERSION = YES;
				GCC_WARN_SHADOW = YES;
				MACOSX_DEPLOYMENT_TARGET = 10.7;
				ONLY_ACTIVE_ARCH = YES;
				PRODUCT_NAME = "$(TARGET_NAME)";
				RUN_CLANG_STATIC_ANALYZER = YES;
				SDKROOT = macosx;
			};
			name = Beta;
		};
		3988B96814DC32690010062E /* Beta */ = {
			isa = XCBuildConfiguration;
			buildSettings = {
				ARCHS = "$(ARCHS_STANDARD_64_BIT)";
				CLANG_ENABLE_OBJC_ARC = YES;
				GCC_ENABLE_OBJC_EXCEPTIONS = YES;
				GCC_PRECOMPILE_PREFIX_HEADER = YES;
				MACOSX_DEPLOYMENT_TARGET = 10.7;
				ONLY_ACTIVE_ARCH = YES;
				PRODUCT_NAME = "$(TARGET_NAME)";
				SDKROOT = macosx;
			};
			name = Beta;
		};
		3988B96914DC32690010062E /* Beta */ = {
			isa = XCBuildConfiguration;
			buildSettings = {
				ARCHS = "$(ARCHS_STANDARD_64_BIT)";
				CLANG_ENABLE_OBJC_ARC = YES;
				GCC_ENABLE_OBJC_EXCEPTIONS = YES;
				GCC_PRECOMPILE_PREFIX_HEADER = YES;
				MACOSX_DEPLOYMENT_TARGET = 10.7;
				ONLY_ACTIVE_ARCH = YES;
				PRODUCT_NAME = "$(TARGET_NAME)";
				SDKROOT = macosx;
			};
			name = Beta;
		};
		39A0FA0014F0B9AF00BA0AFA /* Debug */ = {
			isa = XCBuildConfiguration;
			buildSettings = {
				ARCHS = "$(ARCHS_STANDARD_64_BIT)";
				CLANG_ENABLE_OBJC_ARC = YES;
				GCC_ENABLE_OBJC_EXCEPTIONS = YES;
				GCC_PRECOMPILE_PREFIX_HEADER = YES;
				GCC_WARN_UNINITIALIZED_AUTOS = YES;
				MACOSX_DEPLOYMENT_TARGET = 10.7;
				ONLY_ACTIVE_ARCH = YES;
				PRODUCT_NAME = "$(TARGET_NAME)";
				SDKROOT = macosx;
			};
			name = Debug;
		};
		39A0FA0114F0B9AF00BA0AFA /* Beta */ = {
			isa = XCBuildConfiguration;
			buildSettings = {
				ARCHS = "$(ARCHS_STANDARD_64_BIT)";
				CLANG_ENABLE_OBJC_ARC = YES;
				DEBUG_INFORMATION_FORMAT = "dwarf-with-dsym";
				GCC_ENABLE_OBJC_EXCEPTIONS = YES;
				GCC_PRECOMPILE_PREFIX_HEADER = YES;
				GCC_WARN_UNINITIALIZED_AUTOS = YES;
				MACOSX_DEPLOYMENT_TARGET = 10.7;
				PRODUCT_NAME = "$(TARGET_NAME)";
				SDKROOT = macosx;
			};
			name = Beta;
		};
		39A0FA0214F0B9AF00BA0AFA /* Release */ = {
			isa = XCBuildConfiguration;
			buildSettings = {
				ARCHS = "$(ARCHS_STANDARD_64_BIT)";
				CLANG_ENABLE_OBJC_ARC = YES;
				DEBUG_INFORMATION_FORMAT = "dwarf-with-dsym";
				GCC_ENABLE_OBJC_EXCEPTIONS = YES;
				GCC_PRECOMPILE_PREFIX_HEADER = YES;
				GCC_WARN_UNINITIALIZED_AUTOS = YES;
				MACOSX_DEPLOYMENT_TARGET = 10.7;
				PRODUCT_NAME = "$(TARGET_NAME)";
				SDKROOT = macosx;
			};
			name = Release;
		};
		39B8C8701504661700A55B5C /* Coverage */ = {
			isa = XCBuildConfiguration;
			buildSettings = {
				ALWAYS_SEARCH_USER_PATHS = NO;
				CLANG_ENABLE_OBJC_ARC = YES;
				CLANG_WARN_OBJC_IMPLICIT_ATOMIC_PROPERTIES = YES;
				COPY_PHASE_STRIP = NO;
				CURRENT_PROJECT_VERSION = 20120726092056;
				GCC_OPTIMIZATION_LEVEL = 0;
				GCC_WARN_64_TO_32_BIT_CONVERSION = YES;
				GCC_WARN_ABOUT_MISSING_FIELD_INITIALIZERS = YES;
				GCC_WARN_ABOUT_MISSING_NEWLINE = YES;
				GCC_WARN_ABOUT_MISSING_PROTOTYPES = YES;
				GCC_WARN_ABOUT_RETURN_TYPE = YES;
				GCC_WARN_INITIALIZER_NOT_FULLY_BRACKETED = YES;
				GCC_WARN_SHADOW = YES;
				GCC_WARN_SIGN_COMPARE = YES;
				GCC_WARN_UNDECLARED_SELECTOR = YES;
				GCC_WARN_UNINITIALIZED_AUTOS = YES;
				GCC_WARN_UNUSED_FUNCTION = YES;
				GCC_WARN_UNUSED_LABEL = YES;
				GCC_WARN_UNUSED_PARAMETER = NO;
				GCC_WARN_UNUSED_VARIABLE = YES;
				IPHONEOS_DEPLOYMENT_TARGET = 5.0;
				OTHER_CFLAGS = "";
				SDKROOT = iphoneos;
				TARGETED_DEVICE_FAMILY = "1,2";
				VERSIONING_SYSTEM = "apple-generic";
			};
			name = Coverage;
		};
		39B8C8711504661700A55B5C /* Coverage */ = {
			isa = XCBuildConfiguration;
			buildSettings = {
				CLANG_ENABLE_OBJC_ARC = YES;
				CODE_SIGN_IDENTITY = "iPhone Developer";
				FRAMEWORK_SEARCH_PATHS = (
					"$(inherited)",
					"\"$(SRCROOT)/Last Time/Resources\"",
				);
				GCC_GENERATE_TEST_COVERAGE_FILES = YES;
				GCC_INSTRUMENT_PROGRAM_FLOW_ARCS = YES;
				GCC_PRECOMPILE_PREFIX_HEADER = YES;
				GCC_PREFIX_HEADER = "Last Time/Last Time-Prefix.pch";
				INFOPLIST_FILE = "Last Time/Last Time-Info.plist";
				IPHONEOS_DEPLOYMENT_TARGET = 5.1;
				LIBRARY_SEARCH_PATHS = (
					"$(inherited)",
					"\"$(SRCROOT)/Last Time/Resources/TestFlight\"",
				);
				OTHER_CFLAGS = (
					"-DDEBUG=1",
					"-ftest-coverage",
					"-fprofile-arcs",
				);
				OTHER_LDFLAGS = "-lprofile_rt";
				PRODUCT_NAME = "Last Time";
				PROVISIONING_PROFILE = "";
				RUN_CLANG_STATIC_ANALYZER = YES;
				TARGETED_DEVICE_FAMILY = 1;
				VALIDATE_PRODUCT = NO;
				WRAPPER_EXTENSION = app;
			};
			name = Coverage;
		};
		39B8C8731504661700A55B5C /* Coverage */ = {
			isa = XCBuildConfiguration;
			buildSettings = {
				ARCHS = "$(ARCHS_STANDARD_64_BIT)";
				CLANG_ENABLE_OBJC_ARC = YES;
				GCC_ENABLE_OBJC_EXCEPTIONS = YES;
				GCC_PRECOMPILE_PREFIX_HEADER = YES;
				GCC_WARN_64_TO_32_BIT_CONVERSION = YES;
				GCC_WARN_SHADOW = YES;
				MACOSX_DEPLOYMENT_TARGET = 10.7;
				ONLY_ACTIVE_ARCH = YES;
				PRODUCT_NAME = "$(TARGET_NAME)";
				RUN_CLANG_STATIC_ANALYZER = YES;
				SDKROOT = macosx;
			};
			name = Coverage;
		};
		39B8C8741504661700A55B5C /* Coverage */ = {
			isa = XCBuildConfiguration;
			buildSettings = {
				ARCHS = "$(ARCHS_STANDARD_64_BIT)";
				CLANG_ENABLE_OBJC_ARC = YES;
				GCC_ENABLE_OBJC_EXCEPTIONS = YES;
				GCC_PRECOMPILE_PREFIX_HEADER = YES;
				MACOSX_DEPLOYMENT_TARGET = 10.7;
				ONLY_ACTIVE_ARCH = YES;
				PRODUCT_NAME = "$(TARGET_NAME)";
				SDKROOT = macosx;
			};
			name = Coverage;
		};
		39B8C8751504661700A55B5C /* Coverage */ = {
			isa = XCBuildConfiguration;
			buildSettings = {
				ARCHS = "$(ARCHS_STANDARD_64_BIT)";
				CLANG_ENABLE_OBJC_ARC = YES;
				GCC_ENABLE_OBJC_EXCEPTIONS = YES;
				GCC_PRECOMPILE_PREFIX_HEADER = YES;
				MACOSX_DEPLOYMENT_TARGET = 10.7;
				ONLY_ACTIVE_ARCH = YES;
				PRODUCT_NAME = "$(TARGET_NAME)";
				SDKROOT = macosx;
			};
			name = Coverage;
		};
		39B8C8761504661700A55B5C /* Coverage */ = {
			isa = XCBuildConfiguration;
			buildSettings = {
				ARCHS = "$(ARCHS_STANDARD_64_BIT)";
				CLANG_ENABLE_OBJC_ARC = YES;
				GCC_ENABLE_OBJC_EXCEPTIONS = YES;
				GCC_PRECOMPILE_PREFIX_HEADER = YES;
				GCC_WARN_UNINITIALIZED_AUTOS = YES;
				MACOSX_DEPLOYMENT_TARGET = 10.7;
				ONLY_ACTIVE_ARCH = YES;
				PRODUCT_NAME = "$(TARGET_NAME)";
				SDKROOT = macosx;
			};
			name = Coverage;
		};
		39D70CDF14BD3516009C3615 /* Debug */ = {
			isa = XCBuildConfiguration;
			buildSettings = {
				ALWAYS_SEARCH_USER_PATHS = NO;
				CLANG_ENABLE_OBJC_ARC = YES;
				CLANG_WARN_OBJC_IMPLICIT_ATOMIC_PROPERTIES = YES;
				COPY_PHASE_STRIP = NO;
				CURRENT_PROJECT_VERSION = 20120726092056;
				GCC_OPTIMIZATION_LEVEL = 0;
				GCC_WARN_64_TO_32_BIT_CONVERSION = YES;
				GCC_WARN_ABOUT_MISSING_FIELD_INITIALIZERS = YES;
				GCC_WARN_ABOUT_MISSING_NEWLINE = YES;
				GCC_WARN_ABOUT_MISSING_PROTOTYPES = YES;
				GCC_WARN_ABOUT_RETURN_TYPE = YES;
				GCC_WARN_INITIALIZER_NOT_FULLY_BRACKETED = YES;
				GCC_WARN_SHADOW = YES;
				GCC_WARN_SIGN_COMPARE = YES;
				GCC_WARN_UNDECLARED_SELECTOR = YES;
				GCC_WARN_UNINITIALIZED_AUTOS = YES;
				GCC_WARN_UNUSED_FUNCTION = YES;
				GCC_WARN_UNUSED_LABEL = YES;
				GCC_WARN_UNUSED_PARAMETER = NO;
				GCC_WARN_UNUSED_VARIABLE = YES;
				IPHONEOS_DEPLOYMENT_TARGET = 5.0;
				OTHER_CFLAGS = "";
				SDKROOT = iphoneos;
				TARGETED_DEVICE_FAMILY = "1,2";
				VERSIONING_SYSTEM = "apple-generic";
			};
			name = Debug;
		};
		39D70CE014BD3516009C3615 /* Release */ = {
			isa = XCBuildConfiguration;
			buildSettings = {
				ALWAYS_SEARCH_USER_PATHS = NO;
				CLANG_ENABLE_OBJC_ARC = YES;
				CLANG_WARN_OBJC_IMPLICIT_ATOMIC_PROPERTIES = YES;
				COPY_PHASE_STRIP = YES;
				CURRENT_PROJECT_VERSION = 20120726092056;
				GCC_TREAT_WARNINGS_AS_ERRORS = YES;
				GCC_WARN_64_TO_32_BIT_CONVERSION = YES;
				GCC_WARN_ABOUT_MISSING_FIELD_INITIALIZERS = YES;
				GCC_WARN_ABOUT_MISSING_NEWLINE = YES;
				GCC_WARN_ABOUT_MISSING_PROTOTYPES = YES;
				GCC_WARN_ABOUT_RETURN_TYPE = YES;
				GCC_WARN_INITIALIZER_NOT_FULLY_BRACKETED = YES;
				GCC_WARN_SHADOW = YES;
				GCC_WARN_SIGN_COMPARE = YES;
				GCC_WARN_UNDECLARED_SELECTOR = YES;
				GCC_WARN_UNINITIALIZED_AUTOS = YES;
				GCC_WARN_UNUSED_FUNCTION = YES;
				GCC_WARN_UNUSED_LABEL = YES;
				GCC_WARN_UNUSED_PARAMETER = NO;
				GCC_WARN_UNUSED_VARIABLE = YES;
				IPHONEOS_DEPLOYMENT_TARGET = 5.0;
				OTHER_CFLAGS = "-DNS_BLOCK_ASSERTIONS=1";
				SDKROOT = iphoneos;
				TARGETED_DEVICE_FAMILY = "1,2";
				VALIDATE_PRODUCT = YES;
				VERSIONING_SYSTEM = "apple-generic";
			};
			name = Release;
		};
		39D70CE214BD3516009C3615 /* Debug */ = {
			isa = XCBuildConfiguration;
			buildSettings = {
				CLANG_ENABLE_OBJC_ARC = YES;
				CODE_SIGN_IDENTITY = "iPhone Developer";
				FRAMEWORK_SEARCH_PATHS = (
					"$(inherited)",
					"\"$(SRCROOT)/Last Time/Resources\"",
				);
				GCC_PRECOMPILE_PREFIX_HEADER = YES;
				GCC_PREFIX_HEADER = "Last Time/Last Time-Prefix.pch";
				GCC_PREPROCESSOR_DEFINITIONS = (
					"DEBUG=1",
					"TESTFLIGHT=1",
				);
				INFOPLIST_FILE = "Last Time/Last Time-Info.plist";
				IPHONEOS_DEPLOYMENT_TARGET = 5.1;
				LIBRARY_SEARCH_PATHS = (
					"$(inherited)",
					"\"$(SRCROOT)/Last Time/Resources/TestFlight\"",
				);
				OTHER_LDFLAGS = "-lTestFlight";
				PRODUCT_NAME = "$(TARGET_NAME)";
				PROVISIONING_PROFILE = "";
				RUN_CLANG_STATIC_ANALYZER = YES;
				TARGETED_DEVICE_FAMILY = 1;
				VALIDATE_PRODUCT = NO;
				WRAPPER_EXTENSION = app;
			};
			name = Debug;
		};
		39D70CE314BD3516009C3615 /* Release */ = {
			isa = XCBuildConfiguration;
			buildSettings = {
				CLANG_ENABLE_OBJC_ARC = YES;
				CODE_SIGN_IDENTITY = "iPhone Distribution: James Moore";
				FRAMEWORK_SEARCH_PATHS = (
					"$(inherited)",
					"\"$(SRCROOT)/Last Time/Resources\"",
				);
				GCC_PRECOMPILE_PREFIX_HEADER = YES;
				GCC_PREFIX_HEADER = "Last Time/Last Time-Prefix.pch";
				GCC_PREPROCESSOR_DEFINITIONS = "TESTFLIGHT=1";
				INFOPLIST_FILE = "Last Time/Last Time-Info.plist";
				IPHONEOS_DEPLOYMENT_TARGET = 5.1;
				LIBRARY_SEARCH_PATHS = (
					"$(inherited)",
					"\"$(SRCROOT)/Last Time/Resources/TestFlight\"",
				);
				OTHER_LDFLAGS = "-lTestFlight";
				PRODUCT_NAME = "$(TARGET_NAME)";
				PROVISIONING_PROFILE = "D666853A-B275-40D9-AD88-599FFA54A363";
				RUN_CLANG_STATIC_ANALYZER = YES;
				TARGETED_DEVICE_FAMILY = 1;
				VALIDATE_PRODUCT = YES;
				WRAPPER_EXTENSION = app;
			};
			name = Release;
		};
/* End XCBuildConfiguration section */

/* Begin XCConfigurationList section */
		3904CFA914C078E200B7396A /* Build configuration list for PBXNativeTarget "RandomEventFolder" */ = {
			isa = XCConfigurationList;
			buildConfigurations = (
				3904CFAA14C078E200B7396A /* Debug */,
				39B8C8751504661700A55B5C /* Coverage */,
				3988B96914DC32690010062E /* Beta */,
				3904CFAB14C078E200B7396A /* Release */,
			);
			defaultConfigurationIsVisible = 0;
			defaultConfigurationName = Release;
		};
		3950E86F14BFE0AB009C6F6F /* Build configuration list for PBXNativeTarget "RandomEvent" */ = {
			isa = XCConfigurationList;
			buildConfigurations = (
				3950E87014BFE0AB009C6F6F /* Debug */,
				39B8C8741504661700A55B5C /* Coverage */,
				3988B96814DC32690010062E /* Beta */,
				3950E87114BFE0AB009C6F6F /* Release */,
			);
			defaultConfigurationIsVisible = 0;
			defaultConfigurationName = Release;
		};
		39861AAF14BD526D006F30A0 /* Build configuration list for PBXNativeTarget "RandomLogEntry" */ = {
			isa = XCConfigurationList;
			buildConfigurations = (
				39861AB014BD526D006F30A0 /* Debug */,
				39B8C8731504661700A55B5C /* Coverage */,
				3988B96714DC32690010062E /* Beta */,
				39861AB114BD526D006F30A0 /* Release */,
			);
			defaultConfigurationIsVisible = 0;
			defaultConfigurationName = Release;
		};
		39A0F9FF14F0B9AF00BA0AFA /* Build configuration list for PBXNativeTarget "DurationTest" */ = {
			isa = XCConfigurationList;
			buildConfigurations = (
				39A0FA0014F0B9AF00BA0AFA /* Debug */,
				39B8C8761504661700A55B5C /* Coverage */,
				39A0FA0114F0B9AF00BA0AFA /* Beta */,
				39A0FA0214F0B9AF00BA0AFA /* Release */,
			);
			defaultConfigurationIsVisible = 0;
			defaultConfigurationName = Release;
		};
		39D70CAC14BD3515009C3615 /* Build configuration list for PBXProject "Last Time" */ = {
			isa = XCConfigurationList;
			buildConfigurations = (
				39D70CDF14BD3516009C3615 /* Debug */,
				39B8C8701504661700A55B5C /* Coverage */,
				3988B96414DC32690010062E /* Beta */,
				39D70CE014BD3516009C3615 /* Release */,
			);
			defaultConfigurationIsVisible = 0;
			defaultConfigurationName = Release;
		};
		39D70CE114BD3516009C3615 /* Build configuration list for PBXNativeTarget "Last Time" */ = {
			isa = XCConfigurationList;
			buildConfigurations = (
				39D70CE214BD3516009C3615 /* Debug */,
				39B8C8711504661700A55B5C /* Coverage */,
				3988B96514DC32690010062E /* Beta */,
				39D70CE314BD3516009C3615 /* Release */,
			);
			defaultConfigurationIsVisible = 0;
			defaultConfigurationName = Release;
		};
/* End XCConfigurationList section */

/* Begin XCVersionGroup section */
		1AED06071510EEF100CCDA4F /* Last Time.xcdatamodeld */ = {
			isa = XCVersionGroup;
			children = (
				1A8A6466159A1412009DD55F /* Last Time 6.xcdatamodel */,
				1A17C225158954DB00FED786 /* Last Time 4.xcdatamodel */,
				1AB6DEA61597705D00F68A50 /* Last Time 5.xcdatamodel */,
				1A03C072152F43D500249036 /* Last Time 3.xcdatamodel */,
				1A923742152F33F700521C89 /* Last Time 2.xcdatamodel */,
				1AED06081510EEF100CCDA4F /* Last Time.xcdatamodel */,
			);
			currentVersion = 1A8A6466159A1412009DD55F /* Last Time 6.xcdatamodel */;
			path = "Last Time.xcdatamodeld";
			sourceTree = "<group>";
			versionGroupType = wrapper.xcdatamodel;
		};
/* End XCVersionGroup section */
	};
	rootObject = 39D70CA914BD3515009C3615 /* Project object */;
}
