// !$*UTF8*$!
{
	archiveVersion = 1;
	classes = {
	};
	objectVersion = 46;
	objects = {

/* Begin PBXBuildFile section */
		3950E86014BFD6A1009C6F6F /* LogEntryViewController.m in Sources */ = {isa = PBXBuildFile; fileRef = 3950E85F14BFD6A1009C6F6F /* LogEntryViewController.m */; };
		3950E86714BFE0AB009C6F6F /* Foundation.framework in Frameworks */ = {isa = PBXBuildFile; fileRef = 39D70CB814BD3515009C3615 /* Foundation.framework */; };
		3950E86A14BFE0AB009C6F6F /* main.m in Sources */ = {isa = PBXBuildFile; fileRef = 3950E86914BFE0AB009C6F6F /* main.m */; };
		3950E87214BFE123009C6F6F /* Event.m in Sources */ = {isa = PBXBuildFile; fileRef = 39AED55B14BD38BA00AE6625 /* Event.m */; };
		3950E87314BFE127009C6F6F /* LogEntryStore.m in Sources */ = {isa = PBXBuildFile; fileRef = 39AED55F14BD395700AE6625 /* LogEntryStore.m */; };
		3950E87414BFE12B009C6F6F /* LogEntry.m in Sources */ = {isa = PBXBuildFile; fileRef = 39AED56314BD3B1F00AE6625 /* LogEntry.m */; };
		3950E87514BFE290009C6F6F /* CoreLocation.framework in Frameworks */ = {isa = PBXBuildFile; fileRef = 39861AB414BD5548006F30A0 /* CoreLocation.framework */; };
		39861AA714BD526D006F30A0 /* Foundation.framework in Frameworks */ = {isa = PBXBuildFile; fileRef = 39D70CB814BD3515009C3615 /* Foundation.framework */; };
		39861AAA14BD526D006F30A0 /* main.m in Sources */ = {isa = PBXBuildFile; fileRef = 39861AA914BD526D006F30A0 /* main.m */; };
		39861AB514BD5548006F30A0 /* CoreLocation.framework in Frameworks */ = {isa = PBXBuildFile; fileRef = 39861AB414BD5548006F30A0 /* CoreLocation.framework */; };
		39861AC014BD5D9D006F30A0 /* Foundation.framework in Frameworks */ = {isa = PBXBuildFile; fileRef = 39D70CB814BD3515009C3615 /* Foundation.framework */; };
		39861AC314BD5D9D006F30A0 /* main.m in Sources */ = {isa = PBXBuildFile; fileRef = 39861AC214BD5D9D006F30A0 /* main.m */; };
		39861ACB14BD5E60006F30A0 /* LogEntry.m in Sources */ = {isa = PBXBuildFile; fileRef = 39AED56314BD3B1F00AE6625 /* LogEntry.m */; };
		39861ACC14BD5E61006F30A0 /* LogEntry.m in Sources */ = {isa = PBXBuildFile; fileRef = 39AED56314BD3B1F00AE6625 /* LogEntry.m */; };
		39861ACD14BD5E71006F30A0 /* LogEntryStore.m in Sources */ = {isa = PBXBuildFile; fileRef = 39AED55F14BD395700AE6625 /* LogEntryStore.m */; };
		39861ACE14BD5EA7006F30A0 /* CoreLocation.framework in Frameworks */ = {isa = PBXBuildFile; fileRef = 39861AB414BD5548006F30A0 /* CoreLocation.framework */; };
		39AED55C14BD38BA00AE6625 /* Event.m in Sources */ = {isa = PBXBuildFile; fileRef = 39AED55B14BD38BA00AE6625 /* Event.m */; };
		39AED56014BD395700AE6625 /* LogEntryStore.m in Sources */ = {isa = PBXBuildFile; fileRef = 39AED55F14BD395700AE6625 /* LogEntryStore.m */; };
		39AED56414BD3B1F00AE6625 /* LogEntry.m in Sources */ = {isa = PBXBuildFile; fileRef = 39AED56314BD3B1F00AE6625 /* LogEntry.m */; };
		39AED56714BD3B6600AE6625 /* CoreLocation.framework in Frameworks */ = {isa = PBXBuildFile; fileRef = 39AED56614BD3B6600AE6625 /* CoreLocation.framework */; };
		39D70CB714BD3515009C3615 /* UIKit.framework in Frameworks */ = {isa = PBXBuildFile; fileRef = 39D70CB614BD3515009C3615 /* UIKit.framework */; };
		39D70CB914BD3515009C3615 /* Foundation.framework in Frameworks */ = {isa = PBXBuildFile; fileRef = 39D70CB814BD3515009C3615 /* Foundation.framework */; };
		39D70CBB14BD3515009C3615 /* CoreGraphics.framework in Frameworks */ = {isa = PBXBuildFile; fileRef = 39D70CBA14BD3515009C3615 /* CoreGraphics.framework */; };
		39D70CC114BD3515009C3615 /* InfoPlist.strings in Resources */ = {isa = PBXBuildFile; fileRef = 39D70CBF14BD3515009C3615 /* InfoPlist.strings */; };
		39D70CC314BD3515009C3615 /* main.m in Sources */ = {isa = PBXBuildFile; fileRef = 39D70CC214BD3515009C3615 /* main.m */; };
		39D70CC714BD3515009C3615 /* LastTimeAppDelegate.m in Sources */ = {isa = PBXBuildFile; fileRef = 39D70CC614BD3515009C3615 /* LastTimeAppDelegate.m */; };
		39D70CC914BD3515009C3615 /* MainWindow.xib in Resources */ = {isa = PBXBuildFile; fileRef = 39D70CC814BD3515009C3615 /* MainWindow.xib */; };
		39D70CD114BD3515009C3615 /* SenTestingKit.framework in Frameworks */ = {isa = PBXBuildFile; fileRef = 39D70CD014BD3515009C3615 /* SenTestingKit.framework */; };
		39D70CD214BD3515009C3615 /* UIKit.framework in Frameworks */ = {isa = PBXBuildFile; fileRef = 39D70CB614BD3515009C3615 /* UIKit.framework */; };
		39D70CD314BD3515009C3615 /* Foundation.framework in Frameworks */ = {isa = PBXBuildFile; fileRef = 39D70CB814BD3515009C3615 /* Foundation.framework */; };
		39D70CDB14BD3515009C3615 /* InfoPlist.strings in Resources */ = {isa = PBXBuildFile; fileRef = 39D70CD914BD3515009C3615 /* InfoPlist.strings */; };
		39D70CDE14BD3516009C3615 /* Last_TimeTests.m in Sources */ = {isa = PBXBuildFile; fileRef = 39D70CDD14BD3516009C3615 /* Last_TimeTests.m */; };
/* End PBXBuildFile section */

/* Begin PBXContainerItemProxy section */
		39D70CD414BD3515009C3615 /* PBXContainerItemProxy */ = {
			isa = PBXContainerItemProxy;
			containerPortal = 39D70CA914BD3515009C3615 /* Project object */;
			proxyType = 1;
			remoteGlobalIDString = 39D70CB114BD3515009C3615;
			remoteInfo = "Last Time";
		};
/* End PBXContainerItemProxy section */

/* Begin PBXCopyFilesBuildPhase section */
		3950E86314BFE0AB009C6F6F /* CopyFiles */ = {
			isa = PBXCopyFilesBuildPhase;
			buildActionMask = 2147483647;
			dstPath = /usr/share/man/man1/;
			dstSubfolderSpec = 0;
			files = (
			);
			runOnlyForDeploymentPostprocessing = 1;
		};
		39861AA314BD526D006F30A0 /* CopyFiles */ = {
			isa = PBXCopyFilesBuildPhase;
			buildActionMask = 2147483647;
			dstPath = /usr/share/man/man1/;
			dstSubfolderSpec = 0;
			files = (
			);
			runOnlyForDeploymentPostprocessing = 1;
		};
		39861ABC14BD5D9D006F30A0 /* CopyFiles */ = {
			isa = PBXCopyFilesBuildPhase;
			buildActionMask = 2147483647;
			dstPath = /usr/share/man/man1/;
			dstSubfolderSpec = 0;
			files = (
			);
			runOnlyForDeploymentPostprocessing = 1;
		};
/* End PBXCopyFilesBuildPhase section */

/* Begin PBXFileReference section */
		3950E85E14BFD6A1009C6F6F /* LogEntryViewController.h */ = {isa = PBXFileReference; fileEncoding = 4; lastKnownFileType = sourcecode.c.h; name = LogEntryViewController.h; path = Controllers/LogEntryViewController.h; sourceTree = "<group>"; };
		3950E85F14BFD6A1009C6F6F /* LogEntryViewController.m */ = {isa = PBXFileReference; fileEncoding = 4; lastKnownFileType = sourcecode.c.objc; name = LogEntryViewController.m; path = Controllers/LogEntryViewController.m; sourceTree = "<group>"; };
		3950E86514BFE0AB009C6F6F /* RandomEvent */ = {isa = PBXFileReference; explicitFileType = "compiled.mach-o.executable"; includeInIndex = 0; path = RandomEvent; sourceTree = BUILT_PRODUCTS_DIR; };
		3950E86914BFE0AB009C6F6F /* main.m */ = {isa = PBXFileReference; lastKnownFileType = sourcecode.c.objc; path = main.m; sourceTree = "<group>"; };
		39861AA514BD526D006F30A0 /* RandomLogEntry */ = {isa = PBXFileReference; explicitFileType = "compiled.mach-o.executable"; includeInIndex = 0; path = RandomLogEntry; sourceTree = BUILT_PRODUCTS_DIR; };
		39861AA914BD526D006F30A0 /* main.m */ = {isa = PBXFileReference; lastKnownFileType = sourcecode.c.objc; name = main.m; path = "Last Time/Tools/RandomLogEntry/main.m"; sourceTree = SOURCE_ROOT; };
		39861AB414BD5548006F30A0 /* CoreLocation.framework */ = {isa = PBXFileReference; lastKnownFileType = wrapper.framework; name = CoreLocation.framework; path = SDKs/MacOSX10.7.sdk/System/Library/Frameworks/CoreLocation.framework; sourceTree = DEVELOPER_DIR; };
		39861ABE14BD5D9D006F30A0 /* RandomLogEntryStore */ = {isa = PBXFileReference; explicitFileType = "compiled.mach-o.executable"; includeInIndex = 0; path = RandomLogEntryStore; sourceTree = BUILT_PRODUCTS_DIR; };
		39861AC214BD5D9D006F30A0 /* main.m */ = {isa = PBXFileReference; lastKnownFileType = sourcecode.c.objc; path = main.m; sourceTree = "<group>"; };
		39AED55A14BD38BA00AE6625 /* Event.h */ = {isa = PBXFileReference; fileEncoding = 4; lastKnownFileType = sourcecode.c.h; name = Event.h; path = Models/Event.h; sourceTree = "<group>"; };
		39AED55B14BD38BA00AE6625 /* Event.m */ = {isa = PBXFileReference; fileEncoding = 4; lastKnownFileType = sourcecode.c.objc; name = Event.m; path = Models/Event.m; sourceTree = "<group>"; };
		39AED55E14BD395700AE6625 /* LogEntryStore.h */ = {isa = PBXFileReference; fileEncoding = 4; lastKnownFileType = sourcecode.c.h; name = LogEntryStore.h; path = Models/LogEntryStore.h; sourceTree = "<group>"; };
		39AED55F14BD395700AE6625 /* LogEntryStore.m */ = {isa = PBXFileReference; fileEncoding = 4; lastKnownFileType = sourcecode.c.objc; name = LogEntryStore.m; path = Models/LogEntryStore.m; sourceTree = "<group>"; };
		39AED56214BD3B1F00AE6625 /* LogEntry.h */ = {isa = PBXFileReference; fileEncoding = 4; lastKnownFileType = sourcecode.c.h; name = LogEntry.h; path = Models/LogEntry.h; sourceTree = "<group>"; };
		39AED56314BD3B1F00AE6625 /* LogEntry.m */ = {isa = PBXFileReference; fileEncoding = 4; lastKnownFileType = sourcecode.c.objc; name = LogEntry.m; path = Models/LogEntry.m; sourceTree = "<group>"; };
		39AED56614BD3B6600AE6625 /* CoreLocation.framework */ = {isa = PBXFileReference; lastKnownFileType = wrapper.framework; name = CoreLocation.framework; path = System/Library/Frameworks/CoreLocation.framework; sourceTree = SDKROOT; };
		39D70CB214BD3515009C3615 /* Last Time.app */ = {isa = PBXFileReference; explicitFileType = wrapper.application; includeInIndex = 0; path = "Last Time.app"; sourceTree = BUILT_PRODUCTS_DIR; };
		39D70CB614BD3515009C3615 /* UIKit.framework */ = {isa = PBXFileReference; lastKnownFileType = wrapper.framework; name = UIKit.framework; path = System/Library/Frameworks/UIKit.framework; sourceTree = SDKROOT; };
		39D70CB814BD3515009C3615 /* Foundation.framework */ = {isa = PBXFileReference; lastKnownFileType = wrapper.framework; name = Foundation.framework; path = System/Library/Frameworks/Foundation.framework; sourceTree = SDKROOT; };
		39D70CBA14BD3515009C3615 /* CoreGraphics.framework */ = {isa = PBXFileReference; lastKnownFileType = wrapper.framework; name = CoreGraphics.framework; path = System/Library/Frameworks/CoreGraphics.framework; sourceTree = SDKROOT; };
		39D70CBE14BD3515009C3615 /* Last Time-Info.plist */ = {isa = PBXFileReference; lastKnownFileType = text.plist.xml; path = "Last Time-Info.plist"; sourceTree = "<group>"; };
		39D70CC014BD3515009C3615 /* en */ = {isa = PBXFileReference; lastKnownFileType = text.plist.strings; name = en; path = en.lproj/InfoPlist.strings; sourceTree = "<group>"; };
		39D70CC214BD3515009C3615 /* main.m */ = {isa = PBXFileReference; lastKnownFileType = sourcecode.c.objc; path = main.m; sourceTree = "<group>"; };
		39D70CC414BD3515009C3615 /* Last Time-Prefix.pch */ = {isa = PBXFileReference; lastKnownFileType = sourcecode.c.h; path = "Last Time-Prefix.pch"; sourceTree = "<group>"; };
		39D70CC514BD3515009C3615 /* LastTimeAppDelegate.h */ = {isa = PBXFileReference; lastKnownFileType = sourcecode.c.h; path = LastTimeAppDelegate.h; sourceTree = "<group>"; };
		39D70CC614BD3515009C3615 /* LastTimeAppDelegate.m */ = {isa = PBXFileReference; lastKnownFileType = sourcecode.c.objc; path = LastTimeAppDelegate.m; sourceTree = "<group>"; };
		39D70CC814BD3515009C3615 /* MainWindow.xib */ = {isa = PBXFileReference; lastKnownFileType = file.xib; path = MainWindow.xib; sourceTree = "<group>"; };
		39D70CCF14BD3515009C3615 /* Last TimeTests.octest */ = {isa = PBXFileReference; explicitFileType = wrapper.cfbundle; includeInIndex = 0; path = "Last TimeTests.octest"; sourceTree = BUILT_PRODUCTS_DIR; };
		39D70CD014BD3515009C3615 /* SenTestingKit.framework */ = {isa = PBXFileReference; lastKnownFileType = wrapper.framework; name = SenTestingKit.framework; path = Library/Frameworks/SenTestingKit.framework; sourceTree = DEVELOPER_DIR; };
		39D70CD814BD3515009C3615 /* Last TimeTests-Info.plist */ = {isa = PBXFileReference; lastKnownFileType = text.plist.xml; path = "Last TimeTests-Info.plist"; sourceTree = "<group>"; };
		39D70CDA14BD3515009C3615 /* en */ = {isa = PBXFileReference; lastKnownFileType = text.plist.strings; name = en; path = en.lproj/InfoPlist.strings; sourceTree = "<group>"; };
		39D70CDC14BD3515009C3615 /* Last_TimeTests.h */ = {isa = PBXFileReference; lastKnownFileType = sourcecode.c.h; path = Last_TimeTests.h; sourceTree = "<group>"; };
		39D70CDD14BD3516009C3615 /* Last_TimeTests.m */ = {isa = PBXFileReference; lastKnownFileType = sourcecode.c.objc; path = Last_TimeTests.m; sourceTree = "<group>"; };
/* End PBXFileReference section */

/* Begin PBXFrameworksBuildPhase section */
		3950E86214BFE0AB009C6F6F /* Frameworks */ = {
			isa = PBXFrameworksBuildPhase;
			buildActionMask = 2147483647;
			files = (
				3950E87514BFE290009C6F6F /* CoreLocation.framework in Frameworks */,
				3950E86714BFE0AB009C6F6F /* Foundation.framework in Frameworks */,
			);
			runOnlyForDeploymentPostprocessing = 0;
		};
		39861AA214BD526D006F30A0 /* Frameworks */ = {
			isa = PBXFrameworksBuildPhase;
			buildActionMask = 2147483647;
			files = (
				39861AB514BD5548006F30A0 /* CoreLocation.framework in Frameworks */,
				39861AA714BD526D006F30A0 /* Foundation.framework in Frameworks */,
			);
			runOnlyForDeploymentPostprocessing = 0;
		};
		39861ABB14BD5D9D006F30A0 /* Frameworks */ = {
			isa = PBXFrameworksBuildPhase;
			buildActionMask = 2147483647;
			files = (
				39861ACE14BD5EA7006F30A0 /* CoreLocation.framework in Frameworks */,
				39861AC014BD5D9D006F30A0 /* Foundation.framework in Frameworks */,
			);
			runOnlyForDeploymentPostprocessing = 0;
		};
		39D70CAF14BD3515009C3615 /* Frameworks */ = {
			isa = PBXFrameworksBuildPhase;
			buildActionMask = 2147483647;
			files = (
				39AED56714BD3B6600AE6625 /* CoreLocation.framework in Frameworks */,
				39D70CB714BD3515009C3615 /* UIKit.framework in Frameworks */,
				39D70CB914BD3515009C3615 /* Foundation.framework in Frameworks */,
				39D70CBB14BD3515009C3615 /* CoreGraphics.framework in Frameworks */,
			);
			runOnlyForDeploymentPostprocessing = 0;
		};
		39D70CCB14BD3515009C3615 /* Frameworks */ = {
			isa = PBXFrameworksBuildPhase;
			buildActionMask = 2147483647;
			files = (
				39D70CD114BD3515009C3615 /* SenTestingKit.framework in Frameworks */,
				39D70CD214BD3515009C3615 /* UIKit.framework in Frameworks */,
				39D70CD314BD3515009C3615 /* Foundation.framework in Frameworks */,
			);
			runOnlyForDeploymentPostprocessing = 0;
		};
/* End PBXFrameworksBuildPhase section */

/* Begin PBXGroup section */
		3950E85614BFCDD3009C6F6F /* Views */ = {
			isa = PBXGroup;
			children = (
				39D70CC814BD3515009C3615 /* MainWindow.xib */,
			);
			name = Views;
			sourceTree = "<group>";
		};
		3950E85814BFCDEC009C6F6F /* Controllers */ = {
			isa = PBXGroup;
			children = (
				3950E85E14BFD6A1009C6F6F /* LogEntryViewController.h */,
				3950E85F14BFD6A1009C6F6F /* LogEntryViewController.m */,
				39D70CC514BD3515009C3615 /* LastTimeAppDelegate.h */,
				39D70CC614BD3515009C3615 /* LastTimeAppDelegate.m */,
			);
			name = Controllers;
			sourceTree = "<group>";
		};
		3950E86814BFE0AB009C6F6F /* RandomEvent */ = {
			isa = PBXGroup;
			children = (
				3950E86914BFE0AB009C6F6F /* main.m */,
			);
			name = RandomEvent;
			path = "Last Time/Tools/RandomEvent";
			sourceTree = SOURCE_ROOT;
		};
		39861A9D14BD518C006F30A0 /* Tools */ = {
			isa = PBXGroup;
			children = (
				3950E86814BFE0AB009C6F6F /* RandomEvent */,
				39861AC114BD5D9D006F30A0 /* RandomLogEntryStore */,
				39861AA814BD526D006F30A0 /* RandomLogEntry */,
			);
			name = Tools;
			sourceTree = "<group>";
		};
		39861AA814BD526D006F30A0 /* RandomLogEntry */ = {
			isa = PBXGroup;
			children = (
				39861AA914BD526D006F30A0 /* main.m */,
			);
			name = RandomLogEntry;
			path = ../RandomLogEntry;
			sourceTree = "<group>";
		};
		39861AC114BD5D9D006F30A0 /* RandomLogEntryStore */ = {
			isa = PBXGroup;
			children = (
				39861AC214BD5D9D006F30A0 /* main.m */,
			);
			name = RandomLogEntryStore;
			path = "Last Time/Tools/RandomLogEntryStore";
			sourceTree = SOURCE_ROOT;
		};
		39D70CA714BD3515009C3615 = {
			isa = PBXGroup;
			children = (
				39D70CBC14BD3515009C3615 /* Last Time */,
				39D70CD614BD3515009C3615 /* Last TimeTests */,
				39D70CB514BD3515009C3615 /* Frameworks */,
				39D70CB314BD3515009C3615 /* Products */,
			);
			sourceTree = "<group>";
		};
		39D70CB314BD3515009C3615 /* Products */ = {
			isa = PBXGroup;
			children = (
				39D70CB214BD3515009C3615 /* Last Time.app */,
				39D70CCF14BD3515009C3615 /* Last TimeTests.octest */,
				39861AA514BD526D006F30A0 /* RandomLogEntry */,
				39861ABE14BD5D9D006F30A0 /* RandomLogEntryStore */,
				3950E86514BFE0AB009C6F6F /* RandomEvent */,
			);
			name = Products;
			sourceTree = "<group>";
		};
		39D70CB514BD3515009C3615 /* Frameworks */ = {
			isa = PBXGroup;
			children = (
				39861AB414BD5548006F30A0 /* CoreLocation.framework */,
				39AED56614BD3B6600AE6625 /* CoreLocation.framework */,
				39D70CB614BD3515009C3615 /* UIKit.framework */,
				39D70CB814BD3515009C3615 /* Foundation.framework */,
				39D70CBA14BD3515009C3615 /* CoreGraphics.framework */,
				39D70CD014BD3515009C3615 /* SenTestingKit.framework */,
			);
			name = Frameworks;
			sourceTree = "<group>";
		};
		39D70CBC14BD3515009C3615 /* Last Time */ = {
			isa = PBXGroup;
			children = (
				3950E85814BFCDEC009C6F6F /* Controllers */,
				3950E85614BFCDD3009C6F6F /* Views */,
				39D70CE714BD369C009C3615 /* Models */,
				39D70CBD14BD3515009C3615 /* Supporting Files */,
				39861A9D14BD518C006F30A0 /* Tools */,
			);
			path = "Last Time";
			sourceTree = "<group>";
		};
		39D70CBD14BD3515009C3615 /* Supporting Files */ = {
			isa = PBXGroup;
			children = (
				39D70CBE14BD3515009C3615 /* Last Time-Info.plist */,
				39D70CBF14BD3515009C3615 /* InfoPlist.strings */,
				39D70CC214BD3515009C3615 /* main.m */,
				39D70CC414BD3515009C3615 /* Last Time-Prefix.pch */,
			);
			name = "Supporting Files";
			sourceTree = "<group>";
		};
		39D70CD614BD3515009C3615 /* Last TimeTests */ = {
			isa = PBXGroup;
			children = (
				39D70CDC14BD3515009C3615 /* Last_TimeTests.h */,
				39D70CDD14BD3516009C3615 /* Last_TimeTests.m */,
				39D70CD714BD3515009C3615 /* Supporting Files */,
			);
			path = "Last TimeTests";
			sourceTree = "<group>";
		};
		39D70CD714BD3515009C3615 /* Supporting Files */ = {
			isa = PBXGroup;
			children = (
				39D70CD814BD3515009C3615 /* Last TimeTests-Info.plist */,
				39D70CD914BD3515009C3615 /* InfoPlist.strings */,
			);
			name = "Supporting Files";
			sourceTree = "<group>";
		};
		39D70CE714BD369C009C3615 /* Models */ = {
			isa = PBXGroup;
			children = (
				39AED55A14BD38BA00AE6625 /* Event.h */,
				39AED55B14BD38BA00AE6625 /* Event.m */,
				39AED55E14BD395700AE6625 /* LogEntryStore.h */,
				39AED55F14BD395700AE6625 /* LogEntryStore.m */,
				39AED56214BD3B1F00AE6625 /* LogEntry.h */,
				39AED56314BD3B1F00AE6625 /* LogEntry.m */,
			);
			name = Models;
			path = ..;
			sourceTree = "<group>";
		};
/* End PBXGroup section */

/* Begin PBXNativeTarget section */
		3950E86414BFE0AB009C6F6F /* RandomEvent */ = {
			isa = PBXNativeTarget;
			buildConfigurationList = 3950E86F14BFE0AB009C6F6F /* Build configuration list for PBXNativeTarget "RandomEvent" */;
			buildPhases = (
				3950E86114BFE0AB009C6F6F /* Sources */,
				3950E86214BFE0AB009C6F6F /* Frameworks */,
				3950E86314BFE0AB009C6F6F /* CopyFiles */,
			);
			buildRules = (
			);
			dependencies = (
			);
			name = RandomEvent;
			productName = RandomEvent;
			productReference = 3950E86514BFE0AB009C6F6F /* RandomEvent */;
			productType = "com.apple.product-type.tool";
		};
		39861AA414BD526D006F30A0 /* RandomLogEntry */ = {
			isa = PBXNativeTarget;
			buildConfigurationList = 39861AAF14BD526D006F30A0 /* Build configuration list for PBXNativeTarget "RandomLogEntry" */;
			buildPhases = (
				39861AA114BD526D006F30A0 /* Sources */,
				39861AA214BD526D006F30A0 /* Frameworks */,
				39861AA314BD526D006F30A0 /* CopyFiles */,
			);
			buildRules = (
			);
			dependencies = (
			);
			name = RandomLogEntry;
			productName = RandomLogEntry;
			productReference = 39861AA514BD526D006F30A0 /* RandomLogEntry */;
			productType = "com.apple.product-type.tool";
		};
		39861ABD14BD5D9D006F30A0 /* RandomLogEntryStore */ = {
			isa = PBXNativeTarget;
			buildConfigurationList = 39861AC814BD5D9D006F30A0 /* Build configuration list for PBXNativeTarget "RandomLogEntryStore" */;
			buildPhases = (
				39861ABA14BD5D9D006F30A0 /* Sources */,
				39861ABB14BD5D9D006F30A0 /* Frameworks */,
				39861ABC14BD5D9D006F30A0 /* CopyFiles */,
			);
			buildRules = (
			);
			dependencies = (
			);
			name = RandomLogEntryStore;
			productName = RandomLogEntryStore;
			productReference = 39861ABE14BD5D9D006F30A0 /* RandomLogEntryStore */;
			productType = "com.apple.product-type.tool";
		};
		39D70CB114BD3515009C3615 /* Last Time */ = {
			isa = PBXNativeTarget;
			buildConfigurationList = 39D70CE114BD3516009C3615 /* Build configuration list for PBXNativeTarget "Last Time" */;
			buildPhases = (
				39D70CAE14BD3515009C3615 /* Sources */,
				39D70CAF14BD3515009C3615 /* Frameworks */,
				39D70CB014BD3515009C3615 /* Resources */,
			);
			buildRules = (
			);
			dependencies = (
			);
			name = "Last Time";
			productName = "Last Time";
			productReference = 39D70CB214BD3515009C3615 /* Last Time.app */;
			productType = "com.apple.product-type.application";
		};
		39D70CCE14BD3515009C3615 /* Last TimeTests */ = {
			isa = PBXNativeTarget;
			buildConfigurationList = 39D70CE414BD3516009C3615 /* Build configuration list for PBXNativeTarget "Last TimeTests" */;
			buildPhases = (
				39D70CCA14BD3515009C3615 /* Sources */,
				39D70CCB14BD3515009C3615 /* Frameworks */,
				39D70CCC14BD3515009C3615 /* Resources */,
				39D70CCD14BD3515009C3615 /* ShellScript */,
			);
			buildRules = (
			);
			dependencies = (
				39D70CD514BD3515009C3615 /* PBXTargetDependency */,
			);
			name = "Last TimeTests";
			productName = "Last TimeTests";
			productReference = 39D70CCF14BD3515009C3615 /* Last TimeTests.octest */;
			productType = "com.apple.product-type.bundle";
		};
/* End PBXNativeTarget section */

/* Begin PBXProject section */
		39D70CA914BD3515009C3615 /* Project object */ = {
			isa = PBXProject;
			attributes = {
				LastUpgradeCheck = 0420;
				ORGANIZATIONNAME = Self;
			};
			buildConfigurationList = 39D70CAC14BD3515009C3615 /* Build configuration list for PBXProject "Last Time" */;
			compatibilityVersion = "Xcode 3.2";
			developmentRegion = English;
			hasScannedForEncodings = 0;
			knownRegions = (
				en,
			);
			mainGroup = 39D70CA714BD3515009C3615;
			productRefGroup = 39D70CB314BD3515009C3615 /* Products */;
			projectDirPath = "";
			projectRoot = "";
			targets = (
				39D70CB114BD3515009C3615 /* Last Time */,
				39D70CCE14BD3515009C3615 /* Last TimeTests */,
				39861AA414BD526D006F30A0 /* RandomLogEntry */,
				39861ABD14BD5D9D006F30A0 /* RandomLogEntryStore */,
				3950E86414BFE0AB009C6F6F /* RandomEvent */,
			);
		};
/* End PBXProject section */

/* Begin PBXResourcesBuildPhase section */
		39D70CB014BD3515009C3615 /* Resources */ = {
			isa = PBXResourcesBuildPhase;
			buildActionMask = 2147483647;
			files = (
				39D70CC114BD3515009C3615 /* InfoPlist.strings in Resources */,
				39D70CC914BD3515009C3615 /* MainWindow.xib in Resources */,
			);
			runOnlyForDeploymentPostprocessing = 0;
		};
		39D70CCC14BD3515009C3615 /* Resources */ = {
			isa = PBXResourcesBuildPhase;
			buildActionMask = 2147483647;
			files = (
				39D70CDB14BD3515009C3615 /* InfoPlist.strings in Resources */,
			);
			runOnlyForDeploymentPostprocessing = 0;
		};
/* End PBXResourcesBuildPhase section */

/* Begin PBXShellScriptBuildPhase section */
		39D70CCD14BD3515009C3615 /* ShellScript */ = {
			isa = PBXShellScriptBuildPhase;
			buildActionMask = 2147483647;
			files = (
			);
			inputPaths = (
			);
			outputPaths = (
			);
			runOnlyForDeploymentPostprocessing = 0;
			shellPath = /bin/sh;
			shellScript = "# Run the unit tests in this test bundle.\n\"${SYSTEM_DEVELOPER_DIR}/Tools/RunUnitTests\"\n";
		};
/* End PBXShellScriptBuildPhase section */

/* Begin PBXSourcesBuildPhase section */
		3950E86114BFE0AB009C6F6F /* Sources */ = {
			isa = PBXSourcesBuildPhase;
			buildActionMask = 2147483647;
			files = (
				3950E86A14BFE0AB009C6F6F /* main.m in Sources */,
				3950E87214BFE123009C6F6F /* Event.m in Sources */,
				3950E87314BFE127009C6F6F /* LogEntryStore.m in Sources */,
				3950E87414BFE12B009C6F6F /* LogEntry.m in Sources */,
			);
			runOnlyForDeploymentPostprocessing = 0;
		};
		39861AA114BD526D006F30A0 /* Sources */ = {
			isa = PBXSourcesBuildPhase;
			buildActionMask = 2147483647;
			files = (
				39861AAA14BD526D006F30A0 /* main.m in Sources */,
				39861ACB14BD5E60006F30A0 /* LogEntry.m in Sources */,
			);
			runOnlyForDeploymentPostprocessing = 0;
		};
		39861ABA14BD5D9D006F30A0 /* Sources */ = {
			isa = PBXSourcesBuildPhase;
			buildActionMask = 2147483647;
			files = (
				39861AC314BD5D9D006F30A0 /* main.m in Sources */,
				39861ACC14BD5E61006F30A0 /* LogEntry.m in Sources */,
				39861ACD14BD5E71006F30A0 /* LogEntryStore.m in Sources */,
			);
			runOnlyForDeploymentPostprocessing = 0;
		};
		39D70CAE14BD3515009C3615 /* Sources */ = {
			isa = PBXSourcesBuildPhase;
			buildActionMask = 2147483647;
			files = (
				39D70CC314BD3515009C3615 /* main.m in Sources */,
				39D70CC714BD3515009C3615 /* LastTimeAppDelegate.m in Sources */,
				39AED55C14BD38BA00AE6625 /* Event.m in Sources */,
				39AED56014BD395700AE6625 /* LogEntryStore.m in Sources */,
				39AED56414BD3B1F00AE6625 /* LogEntry.m in Sources */,
				3950E86014BFD6A1009C6F6F /* LogEntryViewController.m in Sources */,
			);
			runOnlyForDeploymentPostprocessing = 0;
		};
		39D70CCA14BD3515009C3615 /* Sources */ = {
			isa = PBXSourcesBuildPhase;
			buildActionMask = 2147483647;
			files = (
				39D70CDE14BD3516009C3615 /* Last_TimeTests.m in Sources */,
			);
			runOnlyForDeploymentPostprocessing = 0;
		};
/* End PBXSourcesBuildPhase section */

/* Begin PBXTargetDependency section */
		39D70CD514BD3515009C3615 /* PBXTargetDependency */ = {
			isa = PBXTargetDependency;
			target = 39D70CB114BD3515009C3615 /* Last Time */;
			targetProxy = 39D70CD414BD3515009C3615 /* PBXContainerItemProxy */;
		};
/* End PBXTargetDependency section */

/* Begin PBXVariantGroup section */
		39D70CBF14BD3515009C3615 /* InfoPlist.strings */ = {
			isa = PBXVariantGroup;
			children = (
				39D70CC014BD3515009C3615 /* en */,
			);
			name = InfoPlist.strings;
			sourceTree = "<group>";
		};
		39D70CD914BD3515009C3615 /* InfoPlist.strings */ = {
			isa = PBXVariantGroup;
			children = (
				39D70CDA14BD3515009C3615 /* en */,
			);
			name = InfoPlist.strings;
			sourceTree = "<group>";
		};
/* End PBXVariantGroup section */

/* Begin XCBuildConfiguration section */
		3950E87014BFE0AB009C6F6F /* Debug */ = {
			isa = XCBuildConfiguration;
			buildSettings = {
				ARCHS = "$(ARCHS_STANDARD_64_BIT)";
				CLANG_ENABLE_OBJC_ARC = YES;
				GCC_ENABLE_OBJC_EXCEPTIONS = YES;
				GCC_PRECOMPILE_PREFIX_HEADER = YES;
				MACOSX_DEPLOYMENT_TARGET = 10.7;
				ONLY_ACTIVE_ARCH = YES;
				PRODUCT_NAME = "$(TARGET_NAME)";
				SDKROOT = macosx;
			};
			name = Debug;
		};
		3950E87114BFE0AB009C6F6F /* Release */ = {
			isa = XCBuildConfiguration;
			buildSettings = {
				ARCHS = "$(ARCHS_STANDARD_64_BIT)";
				CLANG_ENABLE_OBJC_ARC = YES;
				DEBUG_INFORMATION_FORMAT = "dwarf-with-dsym";
				GCC_ENABLE_OBJC_EXCEPTIONS = YES;
				GCC_PRECOMPILE_PREFIX_HEADER = YES;
				MACOSX_DEPLOYMENT_TARGET = 10.7;
				PRODUCT_NAME = "$(TARGET_NAME)";
				SDKROOT = macosx;
			};
			name = Release;
		};
		39861AB014BD526D006F30A0 /* Debug */ = {
			isa = XCBuildConfiguration;
			buildSettings = {
				ARCHS = "$(ARCHS_STANDARD_64_BIT)";
				CLANG_ENABLE_OBJC_ARC = YES;
				GCC_ENABLE_OBJC_EXCEPTIONS = YES;
				GCC_PRECOMPILE_PREFIX_HEADER = YES;
				GCC_WARN_64_TO_32_BIT_CONVERSION = YES;
				GCC_WARN_SHADOW = YES;
				MACOSX_DEPLOYMENT_TARGET = 10.7;
				ONLY_ACTIVE_ARCH = YES;
				PRODUCT_NAME = "$(TARGET_NAME)";
				RUN_CLANG_STATIC_ANALYZER = YES;
				SDKROOT = macosx;
			};
			name = Debug;
		};
		39861AB114BD526D006F30A0 /* Release */ = {
			isa = XCBuildConfiguration;
			buildSettings = {
				ARCHS = "$(ARCHS_STANDARD_64_BIT)";
				CLANG_ENABLE_OBJC_ARC = YES;
				DEBUG_INFORMATION_FORMAT = "dwarf-with-dsym";
				GCC_ENABLE_OBJC_EXCEPTIONS = YES;
				GCC_PRECOMPILE_PREFIX_HEADER = YES;
				GCC_WARN_64_TO_32_BIT_CONVERSION = YES;
				GCC_WARN_SHADOW = YES;
				MACOSX_DEPLOYMENT_TARGET = 10.7;
				PRODUCT_NAME = "$(TARGET_NAME)";
				RUN_CLANG_STATIC_ANALYZER = YES;
				SDKROOT = macosx;
			};
			name = Release;
		};
		39861AC914BD5D9D006F30A0 /* Debug */ = {
			isa = XCBuildConfiguration;
			buildSettings = {
				ARCHS = "$(ARCHS_STANDARD_64_BIT)";
				CLANG_ENABLE_OBJC_ARC = YES;
				GCC_ENABLE_OBJC_EXCEPTIONS = YES;
				GCC_PRECOMPILE_PREFIX_HEADER = YES;
				GCC_WARN_64_TO_32_BIT_CONVERSION = YES;
				MACOSX_DEPLOYMENT_TARGET = 10.7;
				ONLY_ACTIVE_ARCH = YES;
				PRODUCT_NAME = "$(TARGET_NAME)";
				RUN_CLANG_STATIC_ANALYZER = YES;
				SDKROOT = macosx;
			};
			name = Debug;
		};
		39861ACA14BD5D9D006F30A0 /* Release */ = {
			isa = XCBuildConfiguration;
			buildSettings = {
				ARCHS = "$(ARCHS_STANDARD_64_BIT)";
				CLANG_ENABLE_OBJC_ARC = YES;
				DEBUG_INFORMATION_FORMAT = "dwarf-with-dsym";
				GCC_ENABLE_OBJC_EXCEPTIONS = YES;
				GCC_PRECOMPILE_PREFIX_HEADER = YES;
				GCC_WARN_64_TO_32_BIT_CONVERSION = YES;
				MACOSX_DEPLOYMENT_TARGET = 10.7;
				PRODUCT_NAME = "$(TARGET_NAME)";
				RUN_CLANG_STATIC_ANALYZER = YES;
				SDKROOT = macosx;
			};
			name = Release;
		};
		39D70CDF14BD3516009C3615 /* Debug */ = {
			isa = XCBuildConfiguration;
			buildSettings = {
				ALWAYS_SEARCH_USER_PATHS = NO;
				ARCHS = "$(ARCHS_STANDARD_32_BIT)";
				CLANG_ENABLE_OBJC_ARC = NO;
				"CODE_SIGN_IDENTITY[sdk=iphoneos*]" = "iPhone Developer";
				COPY_PHASE_STRIP = NO;
				GCC_C_LANGUAGE_STANDARD = gnu99;
				GCC_DYNAMIC_NO_PIC = NO;
				GCC_OPTIMIZATION_LEVEL = 0;
				GCC_PREPROCESSOR_DEFINITIONS = (
					"DEBUG=1",
					"$(inherited)",
				);
				GCC_SYMBOLS_PRIVATE_EXTERN = NO;
				GCC_VERSION = com.apple.compilers.llvm.clang.1_0;
				GCC_WARN_64_TO_32_BIT_CONVERSION = YES;
				GCC_WARN_ABOUT_MISSING_FIELD_INITIALIZERS = YES;
				GCC_WARN_ABOUT_MISSING_NEWLINE = YES;
				GCC_WARN_ABOUT_MISSING_PROTOTYPES = YES;
				GCC_WARN_ABOUT_RETURN_TYPE = YES;
				GCC_WARN_INITIALIZER_NOT_FULLY_BRACKETED = YES;
				GCC_WARN_SHADOW = YES;
				GCC_WARN_SIGN_COMPARE = YES;
				GCC_WARN_UNDECLARED_SELECTOR = YES;
				GCC_WARN_UNUSED_FUNCTION = YES;
				GCC_WARN_UNUSED_LABEL = YES;
				GCC_WARN_UNUSED_PARAMETER = YES;
				GCC_WARN_UNUSED_VARIABLE = YES;
				IPHONEOS_DEPLOYMENT_TARGET = 5.0;
				SDKROOT = iphoneos;
				TARGETED_DEVICE_FAMILY = "1,2";
			};
			name = Debug;
		};
		39D70CE014BD3516009C3615 /* Release */ = {
			isa = XCBuildConfiguration;
			buildSettings = {
				ALWAYS_SEARCH_USER_PATHS = NO;
				ARCHS = "$(ARCHS_STANDARD_32_BIT)";
				CLANG_ENABLE_OBJC_ARC = NO;
				"CODE_SIGN_IDENTITY[sdk=iphoneos*]" = "iPhone Developer";
				COPY_PHASE_STRIP = YES;
				GCC_C_LANGUAGE_STANDARD = gnu99;
				GCC_TREAT_WARNINGS_AS_ERRORS = YES;
				GCC_VERSION = com.apple.compilers.llvm.clang.1_0;
				GCC_WARN_64_TO_32_BIT_CONVERSION = YES;
				GCC_WARN_ABOUT_MISSING_FIELD_INITIALIZERS = YES;
				GCC_WARN_ABOUT_MISSING_NEWLINE = YES;
				GCC_WARN_ABOUT_MISSING_PROTOTYPES = YES;
				GCC_WARN_ABOUT_RETURN_TYPE = YES;
				GCC_WARN_INITIALIZER_NOT_FULLY_BRACKETED = YES;
				GCC_WARN_SHADOW = YES;
				GCC_WARN_SIGN_COMPARE = YES;
				GCC_WARN_UNDECLARED_SELECTOR = YES;
				GCC_WARN_UNUSED_FUNCTION = YES;
				GCC_WARN_UNUSED_LABEL = YES;
				GCC_WARN_UNUSED_PARAMETER = YES;
				GCC_WARN_UNUSED_VARIABLE = YES;
				IPHONEOS_DEPLOYMENT_TARGET = 5.0;
				OTHER_CFLAGS = "-DNS_BLOCK_ASSERTIONS=1";
				SDKROOT = iphoneos;
				TARGETED_DEVICE_FAMILY = "1,2";
				VALIDATE_PRODUCT = YES;
			};
			name = Release;
		};
		39D70CE214BD3516009C3615 /* Debug */ = {
			isa = XCBuildConfiguration;
			buildSettings = {
				CLANG_ENABLE_OBJC_ARC = YES;
				GCC_PRECOMPILE_PREFIX_HEADER = YES;
				GCC_PREFIX_HEADER = "Last Time/Last Time-Prefix.pch";
				INFOPLIST_FILE = "Last Time/Last Time-Info.plist";
				PRODUCT_NAME = "$(TARGET_NAME)";
				RUN_CLANG_STATIC_ANALYZER = YES;
				TARGETED_DEVICE_FAMILY = 1;
				WRAPPER_EXTENSION = app;
			};
			name = Debug;
		};
		39D70CE314BD3516009C3615 /* Release */ = {
			isa = XCBuildConfiguration;
			buildSettings = {
				CLANG_ENABLE_OBJC_ARC = YES;
				GCC_PRECOMPILE_PREFIX_HEADER = YES;
				GCC_PREFIX_HEADER = "Last Time/Last Time-Prefix.pch";
				INFOPLIST_FILE = "Last Time/Last Time-Info.plist";
				PRODUCT_NAME = "$(TARGET_NAME)";
				TARGETED_DEVICE_FAMILY = 1;
				WRAPPER_EXTENSION = app;
			};
			name = Release;
		};
		39D70CE514BD3516009C3615 /* Debug */ = {
			isa = XCBuildConfiguration;
			buildSettings = {
				BUNDLE_LOADER = "$(BUILT_PRODUCTS_DIR)/Last Time.app/Last Time";
				CLANG_ENABLE_OBJC_ARC = YES;
				FRAMEWORK_SEARCH_PATHS = (
					"$(SDKROOT)/Developer/Library/Frameworks",
					"$(DEVELOPER_LIBRARY_DIR)/Frameworks",
				);
				GCC_PRECOMPILE_PREFIX_HEADER = YES;
				GCC_PREFIX_HEADER = "Last Time/Last Time-Prefix.pch";
				INFOPLIST_FILE = "Last TimeTests/Last TimeTests-Info.plist";
				PRODUCT_NAME = "$(TARGET_NAME)";
				TEST_HOST = "$(BUNDLE_LOADER)";
				WRAPPER_EXTENSION = octest;
			};
			name = Debug;
		};
		39D70CE614BD3516009C3615 /* Release */ = {
			isa = XCBuildConfiguration;
			buildSettings = {
				BUNDLE_LOADER = "$(BUILT_PRODUCTS_DIR)/Last Time.app/Last Time";
				CLANG_ENABLE_OBJC_ARC = YES;
				FRAMEWORK_SEARCH_PATHS = (
					"$(SDKROOT)/Developer/Library/Frameworks",
					"$(DEVELOPER_LIBRARY_DIR)/Frameworks",
				);
				GCC_PRECOMPILE_PREFIX_HEADER = YES;
				GCC_PREFIX_HEADER = "Last Time/Last Time-Prefix.pch";
				INFOPLIST_FILE = "Last TimeTests/Last TimeTests-Info.plist";
				PRODUCT_NAME = "$(TARGET_NAME)";
				TEST_HOST = "$(BUNDLE_LOADER)";
				WRAPPER_EXTENSION = octest;
			};
			name = Release;
		};
/* End XCBuildConfiguration section */

/* Begin XCConfigurationList section */
		3950E86F14BFE0AB009C6F6F /* Build configuration list for PBXNativeTarget "RandomEvent" */ = {
			isa = XCConfigurationList;
			buildConfigurations = (
				3950E87014BFE0AB009C6F6F /* Debug */,
				3950E87114BFE0AB009C6F6F /* Release */,
			);
			defaultConfigurationIsVisible = 0;
		};
		39861AAF14BD526D006F30A0 /* Build configuration list for PBXNativeTarget "RandomLogEntry" */ = {
			isa = XCConfigurationList;
			buildConfigurations = (
				39861AB014BD526D006F30A0 /* Debug */,
				39861AB114BD526D006F30A0 /* Release */,
			);
			defaultConfigurationIsVisible = 0;
			defaultConfigurationName = Release;
		};
		39861AC814BD5D9D006F30A0 /* Build configuration list for PBXNativeTarget "RandomLogEntryStore" */ = {
			isa = XCConfigurationList;
			buildConfigurations = (
				39861AC914BD5D9D006F30A0 /* Debug */,
				39861ACA14BD5D9D006F30A0 /* Release */,
			);
			defaultConfigurationIsVisible = 0;
			defaultConfigurationName = Release;
		};
		39D70CAC14BD3515009C3615 /* Build configuration list for PBXProject "Last Time" */ = {
			isa = XCConfigurationList;
			buildConfigurations = (
				39D70CDF14BD3516009C3615 /* Debug */,
				39D70CE014BD3516009C3615 /* Release */,
			);
			defaultConfigurationIsVisible = 0;
			defaultConfigurationName = Release;
		};
		39D70CE114BD3516009C3615 /* Build configuration list for PBXNativeTarget "Last Time" */ = {
			isa = XCConfigurationList;
			buildConfigurations = (
				39D70CE214BD3516009C3615 /* Debug */,
				39D70CE314BD3516009C3615 /* Release */,
			);
			defaultConfigurationIsVisible = 0;
			defaultConfigurationName = Release;
		};
		39D70CE414BD3516009C3615 /* Build configuration list for PBXNativeTarget "Last TimeTests" */ = {
			isa = XCConfigurationList;
			buildConfigurations = (
				39D70CE514BD3516009C3615 /* Debug */,
				39D70CE614BD3516009C3615 /* Release */,
			);
			defaultConfigurationIsVisible = 0;
			defaultConfigurationName = Release;
		};
/* End XCConfigurationList section */
	};
	rootObject = 39D70CA914BD3515009C3615 /* Project object */;
}
