// !$*UTF8*$!
{
	archiveVersion = 1;
	classes = {
	};
	objectVersion = 46;
	objects = {

/* Begin PBXBuildFile section */
		1A161D6F152018D60062B4A5 /* Event.m in Sources */ = {isa = PBXBuildFile; fileRef = 1A161D6E152018D60062B4A5 /* Event.m */; };
		1AB4B3E7152961B900D66347 /* SegmentsController.m in Sources */ = {isa = PBXBuildFile; fileRef = 1AB4B3E6152961B800D66347 /* SegmentsController.m */; };
		1AC020A3152550200022A07B /* oldEvent.m in Sources */ = {isa = PBXBuildFile; fileRef = 1AC0209E152550200022A07B /* oldEvent.m */; };
		1AC020A4152550200022A07B /* oldEventFolder.m in Sources */ = {isa = PBXBuildFile; fileRef = 1AC020A0152550200022A07B /* oldEventFolder.m */; };
		1AC020A5152550200022A07B /* oldLogEntry.m in Sources */ = {isa = PBXBuildFile; fileRef = 1AC020A2152550200022A07B /* oldLogEntry.m */; };
		1AC09F891520BAB600C483DE /* PlistStore.m in Sources */ = {isa = PBXBuildFile; fileRef = 1AC09F881520BAB600C483DE /* PlistStore.m */; };
		1AC62B9F152950760019362B /* TimelineViewController.m in Sources */ = {isa = PBXBuildFile; fileRef = 1AC62B9E152950760019362B /* TimelineViewController.m */; };
		1ADD036815165531006EAD7E /* EventFolder.m in Sources */ = {isa = PBXBuildFile; fileRef = 1ADD036715165531006EAD7E /* EventFolder.m */; };
		1AED06051510EEC700CCDA4F /* CoreData.framework in Frameworks */ = {isa = PBXBuildFile; fileRef = 1AED06041510EEC700CCDA4F /* CoreData.framework */; };
		1AED06091510EEF100CCDA4F /* Last Time.xcdatamodeld in Sources */ = {isa = PBXBuildFile; fileRef = 1AED06071510EEF100CCDA4F /* Last Time.xcdatamodeld */; };
		1AED06241510F9F100CCDA4F /* LogEntry.m in Sources */ = {isa = PBXBuildFile; fileRef = 1AED06231510F9F100CCDA4F /* LogEntry.m */; };
		3904CFA114C078E200B7396A /* Foundation.framework in Frameworks */ = {isa = PBXBuildFile; fileRef = 39D70CB814BD3515009C3615 /* Foundation.framework */; };
		3904CFA414C078E200B7396A /* main.m in Sources */ = {isa = PBXBuildFile; fileRef = 3904CFA314C078E200B7396A /* main.m */; };
		3913EADC14EEB5DC0013A86A /* LocationSwitchCell.m in Sources */ = {isa = PBXBuildFile; fileRef = 3913EADB14EEB5DC0013A86A /* LocationSwitchCell.m */; };
		391AF43C14F0C03F00DCA3F0 /* NumberCell.m in Sources */ = {isa = PBXBuildFile; fileRef = 391AF43B14F0C03F00DCA3F0 /* NumberCell.m */; };
		392009FF14E4B88D006B6A79 /* CustomTableViewController.m in Sources */ = {isa = PBXBuildFile; fileRef = 392009FE14E4B88D006B6A79 /* CustomTableViewController.m */; };
		39200A1414E76C18006B6A79 /* EventController.xib in Resources */ = {isa = PBXBuildFile; fileRef = 39200A1314E76C17006B6A79 /* EventController.xib */; };
		39339BF914F1C59F0068CC29 /* UIBarButtonItem+WEPopover.m in Sources */ = {isa = PBXBuildFile; fileRef = 39339BF114F1C59F0068CC29 /* UIBarButtonItem+WEPopover.m */; };
		39339BFA14F1C59F0068CC29 /* WEPopoverContainerView.m in Sources */ = {isa = PBXBuildFile; fileRef = 39339BF314F1C59F0068CC29 /* WEPopoverContainerView.m */; };
		39339BFB14F1C59F0068CC29 /* WEPopoverController.m in Sources */ = {isa = PBXBuildFile; fileRef = 39339BF514F1C59F0068CC29 /* WEPopoverController.m */; };
		39339BFC14F1C59F0068CC29 /* WETouchableView.m in Sources */ = {isa = PBXBuildFile; fileRef = 39339BF814F1C59F0068CC29 /* WETouchableView.m */; };
		39339C1314F1CEBA0068CC29 /* popoverArrowDown.png in Resources */ = {isa = PBXBuildFile; fileRef = 39339C0414F1CEBA0068CC29 /* popoverArrowDown.png */; };
		39339C1414F1CEBA0068CC29 /* popoverArrowDown@2x.png in Resources */ = {isa = PBXBuildFile; fileRef = 39339C0514F1CEBA0068CC29 /* popoverArrowDown@2x.png */; };
		39339C1514F1CEBA0068CC29 /* popoverArrowDownSimple.png in Resources */ = {isa = PBXBuildFile; fileRef = 39339C0614F1CEBA0068CC29 /* popoverArrowDownSimple.png */; };
		39339C1614F1CEBA0068CC29 /* popoverArrowLeft.png in Resources */ = {isa = PBXBuildFile; fileRef = 39339C0714F1CEBA0068CC29 /* popoverArrowLeft.png */; };
		39339C1714F1CEBA0068CC29 /* popoverArrowLeft@2x.png in Resources */ = {isa = PBXBuildFile; fileRef = 39339C0814F1CEBA0068CC29 /* popoverArrowLeft@2x.png */; };
		39339C1814F1CEBA0068CC29 /* popoverArrowLeftSimple.png in Resources */ = {isa = PBXBuildFile; fileRef = 39339C0914F1CEBA0068CC29 /* popoverArrowLeftSimple.png */; };
		39339C1914F1CEBA0068CC29 /* popoverArrowRight.png in Resources */ = {isa = PBXBuildFile; fileRef = 39339C0A14F1CEBA0068CC29 /* popoverArrowRight.png */; };
		39339C1A14F1CEBA0068CC29 /* popoverArrowRight@2x.png in Resources */ = {isa = PBXBuildFile; fileRef = 39339C0B14F1CEBA0068CC29 /* popoverArrowRight@2x.png */; };
		39339C1B14F1CEBA0068CC29 /* popoverArrowRightSimple.png in Resources */ = {isa = PBXBuildFile; fileRef = 39339C0C14F1CEBA0068CC29 /* popoverArrowRightSimple.png */; };
		39339C1C14F1CEBA0068CC29 /* popoverArrowUp.png in Resources */ = {isa = PBXBuildFile; fileRef = 39339C0D14F1CEBA0068CC29 /* popoverArrowUp.png */; };
		39339C1D14F1CEBA0068CC29 /* popoverArrowUp@2x.png in Resources */ = {isa = PBXBuildFile; fileRef = 39339C0E14F1CEBA0068CC29 /* popoverArrowUp@2x.png */; };
		39339C1E14F1CEBA0068CC29 /* popoverArrowUpSimple.png in Resources */ = {isa = PBXBuildFile; fileRef = 39339C0F14F1CEBA0068CC29 /* popoverArrowUpSimple.png */; };
		39339C1F14F1CEBA0068CC29 /* popoverBg.png in Resources */ = {isa = PBXBuildFile; fileRef = 39339C1014F1CEBA0068CC29 /* popoverBg.png */; };
		39339C2014F1CEBA0068CC29 /* popoverBg@2x.png in Resources */ = {isa = PBXBuildFile; fileRef = 39339C1114F1CEBA0068CC29 /* popoverBg@2x.png */; };
		39339C2114F1CEBA0068CC29 /* popoverBgSimple.png in Resources */ = {isa = PBXBuildFile; fileRef = 39339C1214F1CEBA0068CC29 /* popoverBgSimple.png */; };
		3940D3F014F17DE20056D01B /* HistoryLogCell.xib in Resources */ = {isa = PBXBuildFile; fileRef = 3940D3EF14F17DE20056D01B /* HistoryLogCell.xib */; };
		3940D3F414F17E230056D01B /* HistoryLogCell.m in Sources */ = {isa = PBXBuildFile; fileRef = 3940D3F314F17E230056D01B /* HistoryLogCell.m */; };
		39458C4F1509C4470001903F /* icon-57.png in Resources */ = {isa = PBXBuildFile; fileRef = 39458C4E1509C4470001903F /* icon-57.png */; };
		39458C511509C44A0001903F /* icon-114.png in Resources */ = {isa = PBXBuildFile; fileRef = 39458C501509C44A0001903F /* icon-114.png */; };
		3950E86714BFE0AB009C6F6F /* Foundation.framework in Frameworks */ = {isa = PBXBuildFile; fileRef = 39D70CB814BD3515009C3615 /* Foundation.framework */; };
		3950E86A14BFE0AB009C6F6F /* main.m in Sources */ = {isa = PBXBuildFile; fileRef = 3950E86914BFE0AB009C6F6F /* main.m */; };
		3969111514C9BCF0006E8272 /* EventController.m in Sources */ = {isa = PBXBuildFile; fileRef = 3969111014C9BCF0006E8272 /* EventController.m */; };
		3969111614C9BCF0006E8272 /* FolderListViewController.m in Sources */ = {isa = PBXBuildFile; fileRef = 3969111214C9BCF0006E8272 /* FolderListViewController.m */; };
		3969111714C9BCF0006E8272 /* LastTimeAppDelegate.m in Sources */ = {isa = PBXBuildFile; fileRef = 3969111414C9BCF0006E8272 /* LastTimeAppDelegate.m */; };
		3969112614C9BD04006E8272 /* MainWindow.xib in Resources */ = {isa = PBXBuildFile; fileRef = 3969112414C9BD04006E8272 /* MainWindow.xib */; };
		39825C9014E8757200C4D684 /* FileHelpers.m in Sources */ = {isa = PBXBuildFile; fileRef = 39825C8F14E8757200C4D684 /* FileHelpers.m */; };
		39861AA714BD526D006F30A0 /* Foundation.framework in Frameworks */ = {isa = PBXBuildFile; fileRef = 39D70CB814BD3515009C3615 /* Foundation.framework */; };
		39861AAA14BD526D006F30A0 /* main.m in Sources */ = {isa = PBXBuildFile; fileRef = 39861AA914BD526D006F30A0 /* main.m */; };
		3988B9BC14E0214F0010062E /* EditableTableCell.m in Sources */ = {isa = PBXBuildFile; fileRef = 3988B9BB14E0214F0010062E /* EditableTableCell.m */; };
		398F458514F1B6E50095A405 /* map-pin.png in Resources */ = {isa = PBXBuildFile; fileRef = 398F458314F1B6E50095A405 /* map-pin.png */; };
		398F458614F1B6E50095A405 /* map-pin@2x.png in Resources */ = {isa = PBXBuildFile; fileRef = 398F458414F1B6E50095A405 /* map-pin@2x.png */; };
		39918C1714F6062000D8D4EE /* EventListViewController.m in Sources */ = {isa = PBXBuildFile; fileRef = 39918C1514F6062000D8D4EE /* EventListViewController.m */; };
		39918C1A14F606A200D8D4EE /* EventListViewController.xib in Resources */ = {isa = PBXBuildFile; fileRef = 39918C1914F606A200D8D4EE /* EventListViewController.xib */; };
		39918C2514F7F99700D8D4EE /* EventStore.m in Sources */ = {isa = PBXBuildFile; fileRef = 39918C2414F7F99700D8D4EE /* EventStore.m */; };
		399F70B714FB1FB00012F089 /* FolderListCell.m in Sources */ = {isa = PBXBuildFile; fileRef = 399F70B614FB1FB00012F089 /* FolderListCell.m */; };
		399F70BD14FD1B290012F089 /* default_data.plist in Resources */ = {isa = PBXBuildFile; fileRef = 399F70BC14FD1B290012F089 /* default_data.plist */; };
		39A0F9F714F0B9AF00BA0AFA /* Foundation.framework in Frameworks */ = {isa = PBXBuildFile; fileRef = 39D70CB814BD3515009C3615 /* Foundation.framework */; };
		39A0F9FA14F0B9AF00BA0AFA /* main.m in Sources */ = {isa = PBXBuildFile; fileRef = 39A0F9F914F0B9AF00BA0AFA /* main.m */; };
		39AA478114DAD8B300580EB9 /* EventDetailController.m in Sources */ = {isa = PBXBuildFile; fileRef = 39AA477F14DAD8B300580EB9 /* EventDetailController.m */; };
		39AED56714BD3B6600AE6625 /* CoreLocation.framework in Frameworks */ = {isa = PBXBuildFile; fileRef = 39AED56614BD3B6600AE6625 /* CoreLocation.framework */; };
		39BE368C14F3E2BD00DBCC43 /* Icon-72.png in Resources */ = {isa = PBXBuildFile; fileRef = 39BE368514F3E2BD00DBCC43 /* Icon-72.png */; };
		39BF455714F33BC40059C8B9 /* libz.dylib in Frameworks */ = {isa = PBXBuildFile; fileRef = 39BF455614F33BC40059C8B9 /* libz.dylib */; };
		39C10D3A15005B6A00DF3F70 /* MGSplitCornersView.m in Sources */ = {isa = PBXBuildFile; fileRef = 39C10D3515005B6A00DF3F70 /* MGSplitCornersView.m */; };
		39C10D3B15005B6A00DF3F70 /* MGSplitDividerView.m in Sources */ = {isa = PBXBuildFile; fileRef = 39C10D3715005B6A00DF3F70 /* MGSplitDividerView.m */; };
		39C10D3C15005B6A00DF3F70 /* MGSplitViewController.m in Sources */ = {isa = PBXBuildFile; fileRef = 39C10D3915005B6A00DF3F70 /* MGSplitViewController.m */; };
		39D70CB714BD3515009C3615 /* UIKit.framework in Frameworks */ = {isa = PBXBuildFile; fileRef = 39D70CB614BD3515009C3615 /* UIKit.framework */; };
		39D70CB914BD3515009C3615 /* Foundation.framework in Frameworks */ = {isa = PBXBuildFile; fileRef = 39D70CB814BD3515009C3615 /* Foundation.framework */; };
		39D70CBB14BD3515009C3615 /* CoreGraphics.framework in Frameworks */ = {isa = PBXBuildFile; fileRef = 39D70CBA14BD3515009C3615 /* CoreGraphics.framework */; };
		39D70CC114BD3515009C3615 /* InfoPlist.strings in Resources */ = {isa = PBXBuildFile; fileRef = 39D70CBF14BD3515009C3615 /* InfoPlist.strings */; };
		39D70CC314BD3515009C3615 /* main.m in Sources */ = {isa = PBXBuildFile; fileRef = 39D70CC214BD3515009C3615 /* main.m */; };
		39DB081614E95640006E4E08 /* FolderPickerCell.m in Sources */ = {isa = PBXBuildFile; fileRef = 39DB081514E95640006E4E08 /* FolderPickerCell.m */; };
		39F6436014E40AAE004B0900 /* DatePickerCell.m in Sources */ = {isa = PBXBuildFile; fileRef = 39F6435F14E40AAE004B0900 /* DatePickerCell.m */; };
		39F6F10E14D1A2B800DBA262 /* HistoryLogDetailController.m in Sources */ = {isa = PBXBuildFile; fileRef = 39F6F10C14D1A2B800DBA262 /* HistoryLogDetailController.m */; };
		39FEDFA914EAC2C2009672A5 /* UIColor+Custom.m in Sources */ = {isa = PBXBuildFile; fileRef = 39FEDFA814EAC2C2009672A5 /* UIColor+Custom.m */; };
/* End PBXBuildFile section */

/* Begin PBXCopyFilesBuildPhase section */
		3904CF9D14C078E200B7396A /* CopyFiles */ = {
			isa = PBXCopyFilesBuildPhase;
			buildActionMask = 2147483647;
			dstPath = /usr/share/man/man1/;
			dstSubfolderSpec = 0;
			files = (
			);
			runOnlyForDeploymentPostprocessing = 1;
		};
		3950E86314BFE0AB009C6F6F /* CopyFiles */ = {
			isa = PBXCopyFilesBuildPhase;
			buildActionMask = 2147483647;
			dstPath = /usr/share/man/man1/;
			dstSubfolderSpec = 0;
			files = (
			);
			runOnlyForDeploymentPostprocessing = 1;
		};
		39861AA314BD526D006F30A0 /* CopyFiles */ = {
			isa = PBXCopyFilesBuildPhase;
			buildActionMask = 2147483647;
			dstPath = /usr/share/man/man1/;
			dstSubfolderSpec = 0;
			files = (
			);
			runOnlyForDeploymentPostprocessing = 1;
		};
		39A0F9F314F0B9AF00BA0AFA /* CopyFiles */ = {
			isa = PBXCopyFilesBuildPhase;
			buildActionMask = 2147483647;
			dstPath = /usr/share/man/man1/;
			dstSubfolderSpec = 0;
			files = (
			);
			runOnlyForDeploymentPostprocessing = 1;
		};
/* End PBXCopyFilesBuildPhase section */

/* Begin PBXFileReference section */
		1A161D6D152018D60062B4A5 /* Event.h */ = {isa = PBXFileReference; fileEncoding = 4; lastKnownFileType = sourcecode.c.h; path = Event.h; sourceTree = "<group>"; };
		1A161D6E152018D60062B4A5 /* Event.m */ = {isa = PBXFileReference; fileEncoding = 4; lastKnownFileType = sourcecode.c.objc; path = Event.m; sourceTree = "<group>"; };
		1AB4B3E5152961B800D66347 /* SegmentsController.h */ = {isa = PBXFileReference; fileEncoding = 4; lastKnownFileType = sourcecode.c.h; name = SegmentsController.h; path = "Last Time/Support/SegmentsController.h"; sourceTree = SOURCE_ROOT; };
		1AB4B3E6152961B800D66347 /* SegmentsController.m */ = {isa = PBXFileReference; fileEncoding = 4; lastKnownFileType = sourcecode.c.objc; name = SegmentsController.m; path = "Last Time/Support/SegmentsController.m"; sourceTree = SOURCE_ROOT; };
		1AC0209D152550200022A07B /* oldEvent.h */ = {isa = PBXFileReference; fileEncoding = 4; lastKnownFileType = sourcecode.c.h; path = oldEvent.h; sourceTree = "<group>"; };
		1AC0209E152550200022A07B /* oldEvent.m */ = {isa = PBXFileReference; fileEncoding = 4; lastKnownFileType = sourcecode.c.objc; path = oldEvent.m; sourceTree = "<group>"; };
		1AC0209F152550200022A07B /* oldEventFolder.h */ = {isa = PBXFileReference; fileEncoding = 4; lastKnownFileType = sourcecode.c.h; path = oldEventFolder.h; sourceTree = "<group>"; };
		1AC020A0152550200022A07B /* oldEventFolder.m */ = {isa = PBXFileReference; fileEncoding = 4; lastKnownFileType = sourcecode.c.objc; path = oldEventFolder.m; sourceTree = "<group>"; };
		1AC020A1152550200022A07B /* oldLogEntry.h */ = {isa = PBXFileReference; fileEncoding = 4; lastKnownFileType = sourcecode.c.h; path = oldLogEntry.h; sourceTree = "<group>"; };
		1AC020A2152550200022A07B /* oldLogEntry.m */ = {isa = PBXFileReference; fileEncoding = 4; lastKnownFileType = sourcecode.c.objc; path = oldLogEntry.m; sourceTree = "<group>"; };
		1AC09F871520BAB600C483DE /* PlistStore.h */ = {isa = PBXFileReference; fileEncoding = 4; lastKnownFileType = sourcecode.c.h; path = PlistStore.h; sourceTree = "<group>"; };
		1AC09F881520BAB600C483DE /* PlistStore.m */ = {isa = PBXFileReference; fileEncoding = 4; lastKnownFileType = sourcecode.c.objc; path = PlistStore.m; sourceTree = "<group>"; };
		1AC62B9D152950760019362B /* TimelineViewController.h */ = {isa = PBXFileReference; fileEncoding = 4; lastKnownFileType = sourcecode.c.h; path = TimelineViewController.h; sourceTree = "<group>"; };
		1AC62B9E152950760019362B /* TimelineViewController.m */ = {isa = PBXFileReference; fileEncoding = 4; lastKnownFileType = sourcecode.c.objc; path = TimelineViewController.m; sourceTree = "<group>"; };
		1ADD036615165531006EAD7E /* EventFolder.h */ = {isa = PBXFileReference; fileEncoding = 4; lastKnownFileType = sourcecode.c.h; path = EventFolder.h; sourceTree = "<group>"; };
		1ADD036715165531006EAD7E /* EventFolder.m */ = {isa = PBXFileReference; fileEncoding = 4; lastKnownFileType = sourcecode.c.objc; path = EventFolder.m; sourceTree = "<group>"; };
		1AED06041510EEC700CCDA4F /* CoreData.framework */ = {isa = PBXFileReference; lastKnownFileType = wrapper.framework; name = CoreData.framework; path = System/Library/Frameworks/CoreData.framework; sourceTree = SDKROOT; };
		1AED06081510EEF100CCDA4F /* Last Time.xcdatamodel */ = {isa = PBXFileReference; lastKnownFileType = wrapper.xcdatamodel; path = "Last Time.xcdatamodel"; sourceTree = "<group>"; };
		1AED06221510F9F100CCDA4F /* LogEntry.h */ = {isa = PBXFileReference; fileEncoding = 4; lastKnownFileType = sourcecode.c.h; path = LogEntry.h; sourceTree = "<group>"; };
		1AED06231510F9F100CCDA4F /* LogEntry.m */ = {isa = PBXFileReference; fileEncoding = 4; lastKnownFileType = sourcecode.c.objc; path = LogEntry.m; sourceTree = "<group>"; };
		3904CF9F14C078E200B7396A /* RandomEventFolder */ = {isa = PBXFileReference; explicitFileType = "compiled.mach-o.executable"; includeInIndex = 0; path = RandomEventFolder; sourceTree = BUILT_PRODUCTS_DIR; };
		3904CFA314C078E200B7396A /* main.m */ = {isa = PBXFileReference; lastKnownFileType = sourcecode.c.objc; path = main.m; sourceTree = "<group>"; };
		3913EADA14EEB5DC0013A86A /* LocationSwitchCell.h */ = {isa = PBXFileReference; fileEncoding = 4; lastKnownFileType = sourcecode.c.h; name = LocationSwitchCell.h; path = Support/LocationSwitchCell.h; sourceTree = "<group>"; };
		3913EADB14EEB5DC0013A86A /* LocationSwitchCell.m */ = {isa = PBXFileReference; fileEncoding = 4; lastKnownFileType = sourcecode.c.objc; name = LocationSwitchCell.m; path = Support/LocationSwitchCell.m; sourceTree = "<group>"; };
		391AF43A14F0C03F00DCA3F0 /* NumberCell.h */ = {isa = PBXFileReference; fileEncoding = 4; lastKnownFileType = sourcecode.c.h; name = NumberCell.h; path = Support/NumberCell.h; sourceTree = "<group>"; };
		391AF43B14F0C03F00DCA3F0 /* NumberCell.m */ = {isa = PBXFileReference; fileEncoding = 4; lastKnownFileType = sourcecode.c.objc; name = NumberCell.m; path = Support/NumberCell.m; sourceTree = "<group>"; };
		392009FD14E4B88D006B6A79 /* CustomTableViewController.h */ = {isa = PBXFileReference; fileEncoding = 4; lastKnownFileType = sourcecode.c.h; path = CustomTableViewController.h; sourceTree = "<group>"; };
		392009FE14E4B88D006B6A79 /* CustomTableViewController.m */ = {isa = PBXFileReference; fileEncoding = 4; lastKnownFileType = sourcecode.c.objc; path = CustomTableViewController.m; sourceTree = "<group>"; };
		39200A1314E76C17006B6A79 /* EventController.xib */ = {isa = PBXFileReference; fileEncoding = 4; lastKnownFileType = file.xib; path = EventController.xib; sourceTree = "<group>"; };
		39339BF014F1C59F0068CC29 /* UIBarButtonItem+WEPopover.h */ = {isa = PBXFileReference; fileEncoding = 4; lastKnownFileType = sourcecode.c.h; path = "UIBarButtonItem+WEPopover.h"; sourceTree = "<group>"; };
		39339BF114F1C59F0068CC29 /* UIBarButtonItem+WEPopover.m */ = {isa = PBXFileReference; fileEncoding = 4; lastKnownFileType = sourcecode.c.objc; path = "UIBarButtonItem+WEPopover.m"; sourceTree = "<group>"; };
		39339BF214F1C59F0068CC29 /* WEPopoverContainerView.h */ = {isa = PBXFileReference; fileEncoding = 4; lastKnownFileType = sourcecode.c.h; path = WEPopoverContainerView.h; sourceTree = "<group>"; };
		39339BF314F1C59F0068CC29 /* WEPopoverContainerView.m */ = {isa = PBXFileReference; fileEncoding = 4; lastKnownFileType = sourcecode.c.objc; path = WEPopoverContainerView.m; sourceTree = "<group>"; };
		39339BF414F1C59F0068CC29 /* WEPopoverController.h */ = {isa = PBXFileReference; fileEncoding = 4; lastKnownFileType = sourcecode.c.h; path = WEPopoverController.h; sourceTree = "<group>"; };
		39339BF514F1C59F0068CC29 /* WEPopoverController.m */ = {isa = PBXFileReference; fileEncoding = 4; lastKnownFileType = sourcecode.c.objc; path = WEPopoverController.m; sourceTree = "<group>"; };
		39339BF614F1C59F0068CC29 /* WEPopoverParentView.h */ = {isa = PBXFileReference; fileEncoding = 4; lastKnownFileType = sourcecode.c.h; path = WEPopoverParentView.h; sourceTree = "<group>"; };
		39339BF714F1C59F0068CC29 /* WETouchableView.h */ = {isa = PBXFileReference; fileEncoding = 4; lastKnownFileType = sourcecode.c.h; path = WETouchableView.h; sourceTree = "<group>"; };
		39339BF814F1C59F0068CC29 /* WETouchableView.m */ = {isa = PBXFileReference; fileEncoding = 4; lastKnownFileType = sourcecode.c.objc; path = WETouchableView.m; sourceTree = "<group>"; };
		39339C0414F1CEBA0068CC29 /* popoverArrowDown.png */ = {isa = PBXFileReference; lastKnownFileType = image.png; name = popoverArrowDown.png; path = Images/popoverArrowDown.png; sourceTree = "<group>"; };
		39339C0514F1CEBA0068CC29 /* popoverArrowDown@2x.png */ = {isa = PBXFileReference; lastKnownFileType = image.png; name = "popoverArrowDown@2x.png"; path = "Images/popoverArrowDown@2x.png"; sourceTree = "<group>"; };
		39339C0614F1CEBA0068CC29 /* popoverArrowDownSimple.png */ = {isa = PBXFileReference; lastKnownFileType = image.png; name = popoverArrowDownSimple.png; path = Images/popoverArrowDownSimple.png; sourceTree = "<group>"; };
		39339C0714F1CEBA0068CC29 /* popoverArrowLeft.png */ = {isa = PBXFileReference; lastKnownFileType = image.png; name = popoverArrowLeft.png; path = Images/popoverArrowLeft.png; sourceTree = "<group>"; };
		39339C0814F1CEBA0068CC29 /* popoverArrowLeft@2x.png */ = {isa = PBXFileReference; lastKnownFileType = image.png; name = "popoverArrowLeft@2x.png"; path = "Images/popoverArrowLeft@2x.png"; sourceTree = "<group>"; };
		39339C0914F1CEBA0068CC29 /* popoverArrowLeftSimple.png */ = {isa = PBXFileReference; lastKnownFileType = image.png; name = popoverArrowLeftSimple.png; path = Images/popoverArrowLeftSimple.png; sourceTree = "<group>"; };
		39339C0A14F1CEBA0068CC29 /* popoverArrowRight.png */ = {isa = PBXFileReference; lastKnownFileType = image.png; name = popoverArrowRight.png; path = Images/popoverArrowRight.png; sourceTree = "<group>"; };
		39339C0B14F1CEBA0068CC29 /* popoverArrowRight@2x.png */ = {isa = PBXFileReference; lastKnownFileType = image.png; name = "popoverArrowRight@2x.png"; path = "Images/popoverArrowRight@2x.png"; sourceTree = "<group>"; };
		39339C0C14F1CEBA0068CC29 /* popoverArrowRightSimple.png */ = {isa = PBXFileReference; lastKnownFileType = image.png; name = popoverArrowRightSimple.png; path = Images/popoverArrowRightSimple.png; sourceTree = "<group>"; };
		39339C0D14F1CEBA0068CC29 /* popoverArrowUp.png */ = {isa = PBXFileReference; lastKnownFileType = image.png; name = popoverArrowUp.png; path = Images/popoverArrowUp.png; sourceTree = "<group>"; };
		39339C0E14F1CEBA0068CC29 /* popoverArrowUp@2x.png */ = {isa = PBXFileReference; lastKnownFileType = image.png; name = "popoverArrowUp@2x.png"; path = "Images/popoverArrowUp@2x.png"; sourceTree = "<group>"; };
		39339C0F14F1CEBA0068CC29 /* popoverArrowUpSimple.png */ = {isa = PBXFileReference; lastKnownFileType = image.png; name = popoverArrowUpSimple.png; path = Images/popoverArrowUpSimple.png; sourceTree = "<group>"; };
		39339C1014F1CEBA0068CC29 /* popoverBg.png */ = {isa = PBXFileReference; lastKnownFileType = image.png; name = popoverBg.png; path = Images/popoverBg.png; sourceTree = "<group>"; };
		39339C1114F1CEBA0068CC29 /* popoverBg@2x.png */ = {isa = PBXFileReference; lastKnownFileType = image.png; name = "popoverBg@2x.png"; path = "Images/popoverBg@2x.png"; sourceTree = "<group>"; };
		39339C1214F1CEBA0068CC29 /* popoverBgSimple.png */ = {isa = PBXFileReference; lastKnownFileType = image.png; name = popoverBgSimple.png; path = Images/popoverBgSimple.png; sourceTree = "<group>"; };
		3940D3EF14F17DE20056D01B /* HistoryLogCell.xib */ = {isa = PBXFileReference; fileEncoding = 4; lastKnownFileType = file.xib; path = HistoryLogCell.xib; sourceTree = "<group>"; };
		3940D3F214F17E230056D01B /* HistoryLogCell.h */ = {isa = PBXFileReference; fileEncoding = 4; lastKnownFileType = sourcecode.c.h; name = HistoryLogCell.h; path = ../Support/HistoryLogCell.h; sourceTree = "<group>"; };
		3940D3F314F17E230056D01B /* HistoryLogCell.m */ = {isa = PBXFileReference; fileEncoding = 4; lastKnownFileType = sourcecode.c.objc; name = HistoryLogCell.m; path = ../Support/HistoryLogCell.m; sourceTree = "<group>"; };
		39458C4E1509C4470001903F /* icon-57.png */ = {isa = PBXFileReference; lastKnownFileType = image.png; path = "icon-57.png"; sourceTree = "<group>"; };
		39458C501509C44A0001903F /* icon-114.png */ = {isa = PBXFileReference; lastKnownFileType = image.png; path = "icon-114.png"; sourceTree = "<group>"; };
		3950E86514BFE0AB009C6F6F /* RandomEvent */ = {isa = PBXFileReference; explicitFileType = "compiled.mach-o.executable"; includeInIndex = 0; path = RandomEvent; sourceTree = BUILT_PRODUCTS_DIR; };
		3950E86914BFE0AB009C6F6F /* main.m */ = {isa = PBXFileReference; lastKnownFileType = sourcecode.c.objc; path = main.m; sourceTree = "<group>"; };
		3969110F14C9BCF0006E8272 /* EventController.h */ = {isa = PBXFileReference; fileEncoding = 4; lastKnownFileType = sourcecode.c.h; path = EventController.h; sourceTree = "<group>"; };
		3969111014C9BCF0006E8272 /* EventController.m */ = {isa = PBXFileReference; fileEncoding = 4; lastKnownFileType = sourcecode.c.objc; path = EventController.m; sourceTree = "<group>"; };
		3969111114C9BCF0006E8272 /* FolderListViewController.h */ = {isa = PBXFileReference; fileEncoding = 4; lastKnownFileType = sourcecode.c.h; path = FolderListViewController.h; sourceTree = "<group>"; };
		3969111214C9BCF0006E8272 /* FolderListViewController.m */ = {isa = PBXFileReference; fileEncoding = 4; lastKnownFileType = sourcecode.c.objc; path = FolderListViewController.m; sourceTree = "<group>"; };
		3969111314C9BCF0006E8272 /* LastTimeAppDelegate.h */ = {isa = PBXFileReference; fileEncoding = 4; lastKnownFileType = sourcecode.c.h; path = LastTimeAppDelegate.h; sourceTree = "<group>"; };
		3969111414C9BCF0006E8272 /* LastTimeAppDelegate.m */ = {isa = PBXFileReference; fileEncoding = 4; lastKnownFileType = sourcecode.c.objc; path = LastTimeAppDelegate.m; sourceTree = "<group>"; };
		3969112414C9BD04006E8272 /* MainWindow.xib */ = {isa = PBXFileReference; fileEncoding = 4; lastKnownFileType = file.xib; path = MainWindow.xib; sourceTree = "<group>"; };
		39825C8E14E8757200C4D684 /* FileHelpers.h */ = {isa = PBXFileReference; fileEncoding = 4; lastKnownFileType = sourcecode.c.h; name = FileHelpers.h; path = Support/FileHelpers.h; sourceTree = "<group>"; };
		39825C8F14E8757200C4D684 /* FileHelpers.m */ = {isa = PBXFileReference; fileEncoding = 4; lastKnownFileType = sourcecode.c.objc; name = FileHelpers.m; path = Support/FileHelpers.m; sourceTree = "<group>"; };
		39861AA514BD526D006F30A0 /* RandomLogEntry */ = {isa = PBXFileReference; explicitFileType = "compiled.mach-o.executable"; includeInIndex = 0; path = RandomLogEntry; sourceTree = BUILT_PRODUCTS_DIR; };
		39861AA914BD526D006F30A0 /* main.m */ = {isa = PBXFileReference; lastKnownFileType = sourcecode.c.objc; name = main.m; path = "Last Time/Tools/RandomLogEntry/main.m"; sourceTree = SOURCE_ROOT; };
		3988B96114DC31500010062E /* libTestFlight.a */ = {isa = PBXFileReference; lastKnownFileType = archive.ar; path = libTestFlight.a; sourceTree = "<group>"; };
		3988B96214DC31500010062E /* TestFlight.h */ = {isa = PBXFileReference; fileEncoding = 4; lastKnownFileType = sourcecode.c.h; path = TestFlight.h; sourceTree = "<group>"; };
		3988B9BA14E0214F0010062E /* EditableTableCell.h */ = {isa = PBXFileReference; fileEncoding = 4; lastKnownFileType = sourcecode.c.h; name = EditableTableCell.h; path = Support/EditableTableCell.h; sourceTree = "<group>"; };
		3988B9BB14E0214F0010062E /* EditableTableCell.m */ = {isa = PBXFileReference; fileEncoding = 4; lastKnownFileType = sourcecode.c.objc; name = EditableTableCell.m; path = Support/EditableTableCell.m; sourceTree = "<group>"; };
		398F458314F1B6E50095A405 /* map-pin.png */ = {isa = PBXFileReference; lastKnownFileType = image.png; path = "map-pin.png"; sourceTree = "<group>"; };
		398F458414F1B6E50095A405 /* map-pin@2x.png */ = {isa = PBXFileReference; lastKnownFileType = image.png; path = "map-pin@2x.png"; sourceTree = "<group>"; };
		39918C1414F6062000D8D4EE /* EventListViewController.h */ = {isa = PBXFileReference; fileEncoding = 4; lastKnownFileType = sourcecode.c.h; path = EventListViewController.h; sourceTree = "<group>"; };
		39918C1514F6062000D8D4EE /* EventListViewController.m */ = {isa = PBXFileReference; fileEncoding = 4; lastKnownFileType = sourcecode.c.objc; path = EventListViewController.m; sourceTree = "<group>"; };
		39918C1914F606A200D8D4EE /* EventListViewController.xib */ = {isa = PBXFileReference; fileEncoding = 4; lastKnownFileType = file.xib; path = EventListViewController.xib; sourceTree = "<group>"; };
		39918C2314F7F99700D8D4EE /* EventStore.h */ = {isa = PBXFileReference; fileEncoding = 4; lastKnownFileType = sourcecode.c.h; path = EventStore.h; sourceTree = "<group>"; };
		39918C2414F7F99700D8D4EE /* EventStore.m */ = {isa = PBXFileReference; fileEncoding = 4; lastKnownFileType = sourcecode.c.objc; path = EventStore.m; sourceTree = "<group>"; };
		399F70B514FB1FB00012F089 /* FolderListCell.h */ = {isa = PBXFileReference; fileEncoding = 4; lastKnownFileType = sourcecode.c.h; name = FolderListCell.h; path = "Last Time/Support/FolderListCell.h"; sourceTree = SOURCE_ROOT; };
		399F70B614FB1FB00012F089 /* FolderListCell.m */ = {isa = PBXFileReference; fileEncoding = 4; lastKnownFileType = sourcecode.c.objc; name = FolderListCell.m; path = "Last Time/Support/FolderListCell.m"; sourceTree = SOURCE_ROOT; };
		399F70BC14FD1B290012F089 /* default_data.plist */ = {isa = PBXFileReference; fileEncoding = 4; lastKnownFileType = text.plist.xml; name = default_data.plist; path = Resources/default_data.plist; sourceTree = "<group>"; };
		39A0F9F514F0B9AF00BA0AFA /* DurationTest */ = {isa = PBXFileReference; explicitFileType = "compiled.mach-o.executable"; includeInIndex = 0; path = DurationTest; sourceTree = BUILT_PRODUCTS_DIR; };
		39A0F9F914F0B9AF00BA0AFA /* main.m */ = {isa = PBXFileReference; lastKnownFileType = sourcecode.c.objc; name = main.m; path = "Last Time/Tools/DurationTest/main.m"; sourceTree = SOURCE_ROOT; };
		39AA477E14DAD8B300580EB9 /* EventDetailController.h */ = {isa = PBXFileReference; fileEncoding = 4; lastKnownFileType = sourcecode.c.h; path = EventDetailController.h; sourceTree = "<group>"; };
		39AA477F14DAD8B300580EB9 /* EventDetailController.m */ = {isa = PBXFileReference; fileEncoding = 4; lastKnownFileType = sourcecode.c.objc; path = EventDetailController.m; sourceTree = "<group>"; };
		39AED56614BD3B6600AE6625 /* CoreLocation.framework */ = {isa = PBXFileReference; lastKnownFileType = wrapper.framework; name = CoreLocation.framework; path = System/Library/Frameworks/CoreLocation.framework; sourceTree = SDKROOT; };
		39B8C8771504684800A55B5C /* libprofile_rt.dylib */ = {isa = PBXFileReference; lastKnownFileType = "compiled.mach-o.dylib"; name = libprofile_rt.dylib; path = Platforms/iPhoneOS.platform/Developer/usr/lib/libprofile_rt.dylib; sourceTree = DEVELOPER_DIR; };
		39BE368514F3E2BD00DBCC43 /* Icon-72.png */ = {isa = PBXFileReference; lastKnownFileType = image.png; path = "Icon-72.png"; sourceTree = "<group>"; };
		39BF455614F33BC40059C8B9 /* libz.dylib */ = {isa = PBXFileReference; lastKnownFileType = "compiled.mach-o.dylib"; name = libz.dylib; path = usr/lib/libz.dylib; sourceTree = SDKROOT; };
		39C10D3415005B6A00DF3F70 /* MGSplitCornersView.h */ = {isa = PBXFileReference; fileEncoding = 4; lastKnownFileType = sourcecode.c.h; path = MGSplitCornersView.h; sourceTree = "<group>"; };
		39C10D3515005B6A00DF3F70 /* MGSplitCornersView.m */ = {isa = PBXFileReference; fileEncoding = 4; lastKnownFileType = sourcecode.c.objc; path = MGSplitCornersView.m; sourceTree = "<group>"; };
		39C10D3615005B6A00DF3F70 /* MGSplitDividerView.h */ = {isa = PBXFileReference; fileEncoding = 4; lastKnownFileType = sourcecode.c.h; path = MGSplitDividerView.h; sourceTree = "<group>"; };
		39C10D3715005B6A00DF3F70 /* MGSplitDividerView.m */ = {isa = PBXFileReference; fileEncoding = 4; lastKnownFileType = sourcecode.c.objc; path = MGSplitDividerView.m; sourceTree = "<group>"; };
		39C10D3815005B6A00DF3F70 /* MGSplitViewController.h */ = {isa = PBXFileReference; fileEncoding = 4; lastKnownFileType = sourcecode.c.h; path = MGSplitViewController.h; sourceTree = "<group>"; };
		39C10D3915005B6A00DF3F70 /* MGSplitViewController.m */ = {isa = PBXFileReference; fileEncoding = 4; lastKnownFileType = sourcecode.c.objc; path = MGSplitViewController.m; sourceTree = "<group>"; };
		39D70CB214BD3515009C3615 /* Last Time.app */ = {isa = PBXFileReference; explicitFileType = wrapper.application; includeInIndex = 0; path = "Last Time.app"; sourceTree = BUILT_PRODUCTS_DIR; };
		39D70CB614BD3515009C3615 /* UIKit.framework */ = {isa = PBXFileReference; lastKnownFileType = wrapper.framework; name = UIKit.framework; path = System/Library/Frameworks/UIKit.framework; sourceTree = SDKROOT; };
		39D70CB814BD3515009C3615 /* Foundation.framework */ = {isa = PBXFileReference; lastKnownFileType = wrapper.framework; name = Foundation.framework; path = System/Library/Frameworks/Foundation.framework; sourceTree = SDKROOT; };
		39D70CBA14BD3515009C3615 /* CoreGraphics.framework */ = {isa = PBXFileReference; lastKnownFileType = wrapper.framework; name = CoreGraphics.framework; path = System/Library/Frameworks/CoreGraphics.framework; sourceTree = SDKROOT; };
		39D70CBE14BD3515009C3615 /* Last Time-Info.plist */ = {isa = PBXFileReference; lastKnownFileType = text.plist.xml; path = "Last Time-Info.plist"; sourceTree = "<group>"; };
		39D70CC014BD3515009C3615 /* en */ = {isa = PBXFileReference; lastKnownFileType = text.plist.strings; name = en; path = en.lproj/InfoPlist.strings; sourceTree = "<group>"; };
		39D70CC214BD3515009C3615 /* main.m */ = {isa = PBXFileReference; lastKnownFileType = sourcecode.c.objc; path = main.m; sourceTree = "<group>"; };
		39D70CC414BD3515009C3615 /* Last Time-Prefix.pch */ = {isa = PBXFileReference; lastKnownFileType = sourcecode.c.h; path = "Last Time-Prefix.pch"; sourceTree = "<group>"; };
		39D70CD014BD3515009C3615 /* SenTestingKit.framework */ = {isa = PBXFileReference; lastKnownFileType = wrapper.framework; name = SenTestingKit.framework; path = Library/Frameworks/SenTestingKit.framework; sourceTree = DEVELOPER_DIR; };
		39DB081414E95640006E4E08 /* FolderPickerCell.h */ = {isa = PBXFileReference; fileEncoding = 4; lastKnownFileType = sourcecode.c.h; name = FolderPickerCell.h; path = Support/FolderPickerCell.h; sourceTree = "<group>"; };
		39DB081514E95640006E4E08 /* FolderPickerCell.m */ = {isa = PBXFileReference; fileEncoding = 4; lastKnownFileType = sourcecode.c.objc; name = FolderPickerCell.m; path = Support/FolderPickerCell.m; sourceTree = "<group>"; };
		39F6435E14E40AAE004B0900 /* DatePickerCell.h */ = {isa = PBXFileReference; fileEncoding = 4; lastKnownFileType = sourcecode.c.h; name = DatePickerCell.h; path = Support/DatePickerCell.h; sourceTree = "<group>"; };
		39F6435F14E40AAE004B0900 /* DatePickerCell.m */ = {isa = PBXFileReference; fileEncoding = 4; lastKnownFileType = sourcecode.c.objc; name = DatePickerCell.m; path = Support/DatePickerCell.m; sourceTree = "<group>"; };
		39F6F10B14D1A2B700DBA262 /* HistoryLogDetailController.h */ = {isa = PBXFileReference; fileEncoding = 4; lastKnownFileType = sourcecode.c.h; path = HistoryLogDetailController.h; sourceTree = "<group>"; };
		39F6F10C14D1A2B800DBA262 /* HistoryLogDetailController.m */ = {isa = PBXFileReference; fileEncoding = 4; lastKnownFileType = sourcecode.c.objc; path = HistoryLogDetailController.m; sourceTree = "<group>"; };
		39FEDFA714EAC2C2009672A5 /* UIColor+Custom.h */ = {isa = PBXFileReference; fileEncoding = 4; lastKnownFileType = sourcecode.c.h; name = "UIColor+Custom.h"; path = "Support/UIColor+Custom.h"; sourceTree = "<group>"; };
		39FEDFA814EAC2C2009672A5 /* UIColor+Custom.m */ = {isa = PBXFileReference; fileEncoding = 4; lastKnownFileType = sourcecode.c.objc; name = "UIColor+Custom.m"; path = "Support/UIColor+Custom.m"; sourceTree = "<group>"; };
/* End PBXFileReference section */

/* Begin PBXFrameworksBuildPhase section */
		3904CF9C14C078E200B7396A /* Frameworks */ = {
			isa = PBXFrameworksBuildPhase;
			buildActionMask = 2147483647;
			files = (
				3904CFA114C078E200B7396A /* Foundation.framework in Frameworks */,
			);
			runOnlyForDeploymentPostprocessing = 0;
		};
		3950E86214BFE0AB009C6F6F /* Frameworks */ = {
			isa = PBXFrameworksBuildPhase;
			buildActionMask = 2147483647;
			files = (
				3950E86714BFE0AB009C6F6F /* Foundation.framework in Frameworks */,
			);
			runOnlyForDeploymentPostprocessing = 0;
		};
		39861AA214BD526D006F30A0 /* Frameworks */ = {
			isa = PBXFrameworksBuildPhase;
			buildActionMask = 2147483647;
			files = (
				39861AA714BD526D006F30A0 /* Foundation.framework in Frameworks */,
			);
			runOnlyForDeploymentPostprocessing = 0;
		};
		39A0F9F214F0B9AF00BA0AFA /* Frameworks */ = {
			isa = PBXFrameworksBuildPhase;
			buildActionMask = 2147483647;
			files = (
				39A0F9F714F0B9AF00BA0AFA /* Foundation.framework in Frameworks */,
			);
			runOnlyForDeploymentPostprocessing = 0;
		};
		39D70CAF14BD3515009C3615 /* Frameworks */ = {
			isa = PBXFrameworksBuildPhase;
			buildActionMask = 2147483647;
			files = (
				1AED06051510EEC700CCDA4F /* CoreData.framework in Frameworks */,
				39BF455714F33BC40059C8B9 /* libz.dylib in Frameworks */,
				39AED56714BD3B6600AE6625 /* CoreLocation.framework in Frameworks */,
				39D70CB714BD3515009C3615 /* UIKit.framework in Frameworks */,
				39D70CB914BD3515009C3615 /* Foundation.framework in Frameworks */,
				39D70CBB14BD3515009C3615 /* CoreGraphics.framework in Frameworks */,
			);
			runOnlyForDeploymentPostprocessing = 0;
		};
/* End PBXFrameworksBuildPhase section */

/* Begin PBXGroup section */
		1AC0209C152550200022A07B /* old */ = {
			isa = PBXGroup;
			children = (
				1AC0209D152550200022A07B /* oldEvent.h */,
				1AC0209E152550200022A07B /* oldEvent.m */,
				1AC0209F152550200022A07B /* oldEventFolder.h */,
				1AC020A0152550200022A07B /* oldEventFolder.m */,
				1AC020A1152550200022A07B /* oldLogEntry.h */,
				1AC020A2152550200022A07B /* oldLogEntry.m */,
			);
			path = old;
			sourceTree = "<group>";
		};
		3904CFA214C078E200B7396A /* RandomEventFolder */ = {
			isa = PBXGroup;
			children = (
				3904CFA314C078E200B7396A /* main.m */,
			);
			name = RandomEventFolder;
			path = "Last Time/Tools/RandomEventFolder";
			sourceTree = SOURCE_ROOT;
		};
		39339BEF14F1C59F0068CC29 /* Popover */ = {
			isa = PBXGroup;
			children = (
				39339C0314F1CE690068CC29 /* Images */,
				39339BF014F1C59F0068CC29 /* UIBarButtonItem+WEPopover.h */,
				39339BF114F1C59F0068CC29 /* UIBarButtonItem+WEPopover.m */,
				39339BF214F1C59F0068CC29 /* WEPopoverContainerView.h */,
				39339BF314F1C59F0068CC29 /* WEPopoverContainerView.m */,
				39339BF414F1C59F0068CC29 /* WEPopoverController.h */,
				39339BF514F1C59F0068CC29 /* WEPopoverController.m */,
				39339BF614F1C59F0068CC29 /* WEPopoverParentView.h */,
				39339BF714F1C59F0068CC29 /* WETouchableView.h */,
				39339BF814F1C59F0068CC29 /* WETouchableView.m */,
			);
			name = Popover;
			path = Resources/Popover;
			sourceTree = "<group>";
		};
		39339C0314F1CE690068CC29 /* Images */ = {
			isa = PBXGroup;
			children = (
				39339C0414F1CEBA0068CC29 /* popoverArrowDown.png */,
				39339C0514F1CEBA0068CC29 /* popoverArrowDown@2x.png */,
				39339C0614F1CEBA0068CC29 /* popoverArrowDownSimple.png */,
				39339C0714F1CEBA0068CC29 /* popoverArrowLeft.png */,
				39339C0814F1CEBA0068CC29 /* popoverArrowLeft@2x.png */,
				39339C0914F1CEBA0068CC29 /* popoverArrowLeftSimple.png */,
				39339C0A14F1CEBA0068CC29 /* popoverArrowRight.png */,
				39339C0B14F1CEBA0068CC29 /* popoverArrowRight@2x.png */,
				39339C0C14F1CEBA0068CC29 /* popoverArrowRightSimple.png */,
				39339C0D14F1CEBA0068CC29 /* popoverArrowUp.png */,
				39339C0E14F1CEBA0068CC29 /* popoverArrowUp@2x.png */,
				39339C0F14F1CEBA0068CC29 /* popoverArrowUpSimple.png */,
				39339C1014F1CEBA0068CC29 /* popoverBg.png */,
				39339C1114F1CEBA0068CC29 /* popoverBg@2x.png */,
				39339C1214F1CEBA0068CC29 /* popoverBgSimple.png */,
			);
			name = Images;
			sourceTree = "<group>";
		};
		3950E86814BFE0AB009C6F6F /* RandomEvent */ = {
			isa = PBXGroup;
			children = (
				3950E86914BFE0AB009C6F6F /* main.m */,
			);
			name = RandomEvent;
			path = "Last Time/Tools/RandomEvent";
			sourceTree = SOURCE_ROOT;
		};
		3969110E14C9BCF0006E8272 /* Controllers */ = {
			isa = PBXGroup;
			children = (
				1AB4B3E5152961B800D66347 /* SegmentsController.h */,
				1AB4B3E6152961B800D66347 /* SegmentsController.m */,
				3969111314C9BCF0006E8272 /* LastTimeAppDelegate.h */,
				3969111414C9BCF0006E8272 /* LastTimeAppDelegate.m */,
				392009FD14E4B88D006B6A79 /* CustomTableViewController.h */,
				392009FE14E4B88D006B6A79 /* CustomTableViewController.m */,
				39918C1214F604BC00D8D4EE /* Event */,
				39918C1114F604AD00D8D4EE /* Folder */,
				39918C1314F604D700D8D4EE /* Log Entry */,
			);
			path = Controllers;
			sourceTree = "<group>";
		};
		3969111814C9BCF8006E8272 /* Models */ = {
			isa = PBXGroup;
			children = (
				1AED06071510EEF100CCDA4F /* Last Time.xcdatamodeld */,
				1A161D6D152018D60062B4A5 /* Event.h */,
				1A161D6E152018D60062B4A5 /* Event.m */,
				1ADD036615165531006EAD7E /* EventFolder.h */,
				1ADD036715165531006EAD7E /* EventFolder.m */,
				39918C2314F7F99700D8D4EE /* EventStore.h */,
				39918C2414F7F99700D8D4EE /* EventStore.m */,
				1AED06221510F9F100CCDA4F /* LogEntry.h */,
				1AED06231510F9F100CCDA4F /* LogEntry.m */,
				1AC09F871520BAB600C483DE /* PlistStore.h */,
				1AC09F881520BAB600C483DE /* PlistStore.m */,
				1AC0209C152550200022A07B /* old */,
			);
			path = Models;
			sourceTree = "<group>";
		};
		3969112214C9BD04006E8272 /* Views */ = {
			isa = PBXGroup;
			children = (
				39200A1314E76C17006B6A79 /* EventController.xib */,
				39918C1914F606A200D8D4EE /* EventListViewController.xib */,
				3969112414C9BD04006E8272 /* MainWindow.xib */,
				3940D3EF14F17DE20056D01B /* HistoryLogCell.xib */,
			);
			path = Views;
			sourceTree = "<group>";
		};
		39861A9D14BD518C006F30A0 /* Tools */ = {
			isa = PBXGroup;
			children = (
				39A0F9F814F0B9AF00BA0AFA /* DurationTest */,
				3904CFA214C078E200B7396A /* RandomEventFolder */,
				3950E86814BFE0AB009C6F6F /* RandomEvent */,
				39861AA814BD526D006F30A0 /* RandomLogEntry */,
			);
			name = Tools;
			sourceTree = "<group>";
		};
		39861AA814BD526D006F30A0 /* RandomLogEntry */ = {
			isa = PBXGroup;
			children = (
				39861AA914BD526D006F30A0 /* main.m */,
			);
			name = RandomLogEntry;
			path = ../RandomLogEntry;
			sourceTree = "<group>";
		};
		3988B95F14DC31360010062E /* Resources */ = {
			isa = PBXGroup;
			children = (
				39339BEF14F1C59F0068CC29 /* Popover */,
				39EF4A4A14F1AE1000A8BAB7 /* Images */,
				3988B96014DC31500010062E /* TestFlight */,
				399F70BC14FD1B290012F089 /* default_data.plist */,
			);
			name = Resources;
			sourceTree = "<group>";
		};
		3988B96014DC31500010062E /* TestFlight */ = {
			isa = PBXGroup;
			children = (
				3988B96114DC31500010062E /* libTestFlight.a */,
				3988B96214DC31500010062E /* TestFlight.h */,
			);
			name = TestFlight;
			path = Resources/TestFlight;
			sourceTree = "<group>";
		};
		39918C1114F604AD00D8D4EE /* Folder */ = {
			isa = PBXGroup;
			children = (
				3969111114C9BCF0006E8272 /* FolderListViewController.h */,
				3969111214C9BCF0006E8272 /* FolderListViewController.m */,
				399F70B514FB1FB00012F089 /* FolderListCell.h */,
				399F70B614FB1FB00012F089 /* FolderListCell.m */,
			);
			name = Folder;
			sourceTree = "<group>";
		};
		39918C1214F604BC00D8D4EE /* Event */ = {
			isa = PBXGroup;
			children = (
				3969110F14C9BCF0006E8272 /* EventController.h */,
				3969111014C9BCF0006E8272 /* EventController.m */,
				39AA477E14DAD8B300580EB9 /* EventDetailController.h */,
				39AA477F14DAD8B300580EB9 /* EventDetailController.m */,
				39918C1414F6062000D8D4EE /* EventListViewController.h */,
				39918C1514F6062000D8D4EE /* EventListViewController.m */,
				1AC62B9D152950760019362B /* TimelineViewController.h */,
				1AC62B9E152950760019362B /* TimelineViewController.m */,
			);
			name = Event;
			sourceTree = "<group>";
		};
		39918C1314F604D700D8D4EE /* Log Entry */ = {
			isa = PBXGroup;
			children = (
				39F6F10B14D1A2B700DBA262 /* HistoryLogDetailController.h */,
				39F6F10C14D1A2B800DBA262 /* HistoryLogDetailController.m */,
				3940D3F214F17E230056D01B /* HistoryLogCell.h */,
				3940D3F314F17E230056D01B /* HistoryLogCell.m */,
			);
			name = "Log Entry";
			sourceTree = "<group>";
		};
		39A0F9F814F0B9AF00BA0AFA /* DurationTest */ = {
			isa = PBXGroup;
			children = (
				39A0F9F914F0B9AF00BA0AFA /* main.m */,
			);
			name = DurationTest;
			path = ../DurationTest;
			sourceTree = "<group>";
		};
		39BE368414F3E2BD00DBCC43 /* Icons */ = {
			isa = PBXGroup;
			children = (
				39458C501509C44A0001903F /* icon-114.png */,
				39458C4E1509C4470001903F /* icon-57.png */,
				39BE368514F3E2BD00DBCC43 /* Icon-72.png */,
			);
			path = Icons;
			sourceTree = "<group>";
		};
		39C10D3315005B6A00DF3F70 /* MGSplitView */ = {
			isa = PBXGroup;
			children = (
				39C10D3415005B6A00DF3F70 /* MGSplitCornersView.h */,
				39C10D3515005B6A00DF3F70 /* MGSplitCornersView.m */,
				39C10D3615005B6A00DF3F70 /* MGSplitDividerView.h */,
				39C10D3715005B6A00DF3F70 /* MGSplitDividerView.m */,
				39C10D3815005B6A00DF3F70 /* MGSplitViewController.h */,
				39C10D3915005B6A00DF3F70 /* MGSplitViewController.m */,
			);
			name = MGSplitView;
			path = Resources/MGSplitView;
			sourceTree = "<group>";
		};
		39D70CA714BD3515009C3615 = {
			isa = PBXGroup;
			children = (
				39D70CBC14BD3515009C3615 /* Last Time */,
				39D70CB514BD3515009C3615 /* Frameworks */,
				39D70CB314BD3515009C3615 /* Products */,
			);
			sourceTree = "<group>";
		};
		39D70CB314BD3515009C3615 /* Products */ = {
			isa = PBXGroup;
			children = (
				39D70CB214BD3515009C3615 /* Last Time.app */,
				39861AA514BD526D006F30A0 /* RandomLogEntry */,
				3950E86514BFE0AB009C6F6F /* RandomEvent */,
				3904CF9F14C078E200B7396A /* RandomEventFolder */,
				39A0F9F514F0B9AF00BA0AFA /* DurationTest */,
			);
			name = Products;
			sourceTree = "<group>";
		};
		39D70CB514BD3515009C3615 /* Frameworks */ = {
			isa = PBXGroup;
			children = (
				1AED06041510EEC700CCDA4F /* CoreData.framework */,
				39BF455614F33BC40059C8B9 /* libz.dylib */,
				39B8C8771504684800A55B5C /* libprofile_rt.dylib */,
				39AED56614BD3B6600AE6625 /* CoreLocation.framework */,
				39D70CB614BD3515009C3615 /* UIKit.framework */,
				39D70CB814BD3515009C3615 /* Foundation.framework */,
				39D70CBA14BD3515009C3615 /* CoreGraphics.framework */,
				39D70CD014BD3515009C3615 /* SenTestingKit.framework */,
			);
			name = Frameworks;
			sourceTree = "<group>";
		};
		39D70CBC14BD3515009C3615 /* Last Time */ = {
			isa = PBXGroup;
			children = (
				3969110E14C9BCF0006E8272 /* Controllers */,
				3969111814C9BCF8006E8272 /* Models */,
				3969112214C9BD04006E8272 /* Views */,
				39F6F11414D1B79B00DBA262 /* Supporting Classes */,
				39D70CBD14BD3515009C3615 /* Supporting Files */,
				3988B95F14DC31360010062E /* Resources */,
				39861A9D14BD518C006F30A0 /* Tools */,
			);
			path = "Last Time";
			sourceTree = "<group>";
		};
		39D70CBD14BD3515009C3615 /* Supporting Files */ = {
			isa = PBXGroup;
			children = (
				39D70CBE14BD3515009C3615 /* Last Time-Info.plist */,
				39D70CBF14BD3515009C3615 /* InfoPlist.strings */,
				39D70CC214BD3515009C3615 /* main.m */,
				39D70CC414BD3515009C3615 /* Last Time-Prefix.pch */,
			);
			name = "Supporting Files";
			sourceTree = "<group>";
		};
		39EF4A4A14F1AE1000A8BAB7 /* Images */ = {
			isa = PBXGroup;
			children = (
				39BE368414F3E2BD00DBCC43 /* Icons */,
				398F458314F1B6E50095A405 /* map-pin.png */,
				398F458414F1B6E50095A405 /* map-pin@2x.png */,
			);
			name = Images;
			path = Resources/Images;
			sourceTree = "<group>";
		};
		39F6F11414D1B79B00DBA262 /* Supporting Classes */ = {
			isa = PBXGroup;
			children = (
				39FEDFAB14EAC350009672A5 /* Custom Cells */,
				39FEDFA714EAC2C2009672A5 /* UIColor+Custom.h */,
				39FEDFA814EAC2C2009672A5 /* UIColor+Custom.m */,
				39825C8E14E8757200C4D684 /* FileHelpers.h */,
				39825C8F14E8757200C4D684 /* FileHelpers.m */,
				39C10D3315005B6A00DF3F70 /* MGSplitView */,
			);
			name = "Supporting Classes";
			sourceTree = "<group>";
		};
		39FEDFAB14EAC350009672A5 /* Custom Cells */ = {
			isa = PBXGroup;
			children = (
				3988B9BA14E0214F0010062E /* EditableTableCell.h */,
				3988B9BB14E0214F0010062E /* EditableTableCell.m */,
				39F6435E14E40AAE004B0900 /* DatePickerCell.h */,
				39F6435F14E40AAE004B0900 /* DatePickerCell.m */,
				39DB081414E95640006E4E08 /* FolderPickerCell.h */,
				39DB081514E95640006E4E08 /* FolderPickerCell.m */,
				3913EADA14EEB5DC0013A86A /* LocationSwitchCell.h */,
				3913EADB14EEB5DC0013A86A /* LocationSwitchCell.m */,
				391AF43A14F0C03F00DCA3F0 /* NumberCell.h */,
				391AF43B14F0C03F00DCA3F0 /* NumberCell.m */,
			);
			name = "Custom Cells";
			sourceTree = "<group>";
		};
/* End PBXGroup section */

/* Begin PBXNativeTarget section */
		3904CF9E14C078E200B7396A /* RandomEventFolder */ = {
			isa = PBXNativeTarget;
			buildConfigurationList = 3904CFA914C078E200B7396A /* Build configuration list for PBXNativeTarget "RandomEventFolder" */;
			buildPhases = (
				3904CF9B14C078E200B7396A /* Sources */,
				3904CF9C14C078E200B7396A /* Frameworks */,
				3904CF9D14C078E200B7396A /* CopyFiles */,
			);
			buildRules = (
			);
			dependencies = (
			);
			name = RandomEventFolder;
			productName = RandomEventFolder;
			productReference = 3904CF9F14C078E200B7396A /* RandomEventFolder */;
			productType = "com.apple.product-type.tool";
		};
		3950E86414BFE0AB009C6F6F /* RandomEvent */ = {
			isa = PBXNativeTarget;
			buildConfigurationList = 3950E86F14BFE0AB009C6F6F /* Build configuration list for PBXNativeTarget "RandomEvent" */;
			buildPhases = (
				3950E86114BFE0AB009C6F6F /* Sources */,
				3950E86214BFE0AB009C6F6F /* Frameworks */,
				3950E86314BFE0AB009C6F6F /* CopyFiles */,
			);
			buildRules = (
			);
			dependencies = (
			);
			name = RandomEvent;
			productName = RandomEvent;
			productReference = 3950E86514BFE0AB009C6F6F /* RandomEvent */;
			productType = "com.apple.product-type.tool";
		};
		39861AA414BD526D006F30A0 /* RandomLogEntry */ = {
			isa = PBXNativeTarget;
			buildConfigurationList = 39861AAF14BD526D006F30A0 /* Build configuration list for PBXNativeTarget "RandomLogEntry" */;
			buildPhases = (
				39861AA114BD526D006F30A0 /* Sources */,
				39861AA214BD526D006F30A0 /* Frameworks */,
				39861AA314BD526D006F30A0 /* CopyFiles */,
			);
			buildRules = (
			);
			dependencies = (
			);
			name = RandomLogEntry;
			productName = RandomLogEntry;
			productReference = 39861AA514BD526D006F30A0 /* RandomLogEntry */;
			productType = "com.apple.product-type.tool";
		};
		39A0F9F414F0B9AF00BA0AFA /* DurationTest */ = {
			isa = PBXNativeTarget;
			buildConfigurationList = 39A0F9FF14F0B9AF00BA0AFA /* Build configuration list for PBXNativeTarget "DurationTest" */;
			buildPhases = (
				39A0F9F114F0B9AF00BA0AFA /* Sources */,
				39A0F9F214F0B9AF00BA0AFA /* Frameworks */,
				39A0F9F314F0B9AF00BA0AFA /* CopyFiles */,
			);
			buildRules = (
			);
			dependencies = (
			);
			name = DurationTest;
			productName = DurationTest;
			productReference = 39A0F9F514F0B9AF00BA0AFA /* DurationTest */;
			productType = "com.apple.product-type.tool";
		};
		39D70CB114BD3515009C3615 /* Last Time */ = {
			isa = PBXNativeTarget;
			buildConfigurationList = 39D70CE114BD3516009C3615 /* Build configuration list for PBXNativeTarget "Last Time" */;
			buildPhases = (
				39D70CAE14BD3515009C3615 /* Sources */,
				39D70CAF14BD3515009C3615 /* Frameworks */,
				39D70CB014BD3515009C3615 /* Resources */,
				39BF451714F2A2000059C8B9 /* ShellScript */,
			);
			buildRules = (
			);
			dependencies = (
			);
			name = "Last Time";
			productName = "Last Time";
			productReference = 39D70CB214BD3515009C3615 /* Last Time.app */;
			productType = "com.apple.product-type.application";
		};
/* End PBXNativeTarget section */

/* Begin PBXProject section */
		39D70CA914BD3515009C3615 /* Project object */ = {
			isa = PBXProject;
			attributes = {
				LastUpgradeCheck = 0440;
				ORGANIZATIONNAME = Self;
			};
			buildConfigurationList = 39D70CAC14BD3515009C3615 /* Build configuration list for PBXProject "Last Time" */;
			compatibilityVersion = "Xcode 3.2";
			developmentRegion = English;
			hasScannedForEncodings = 0;
			knownRegions = (
				en,
			);
			mainGroup = 39D70CA714BD3515009C3615;
			productRefGroup = 39D70CB314BD3515009C3615 /* Products */;
			projectDirPath = "";
			projectRoot = "";
			targets = (
				39D70CB114BD3515009C3615 /* Last Time */,
				39861AA414BD526D006F30A0 /* RandomLogEntry */,
				3950E86414BFE0AB009C6F6F /* RandomEvent */,
				3904CF9E14C078E200B7396A /* RandomEventFolder */,
				39A0F9F414F0B9AF00BA0AFA /* DurationTest */,
			);
		};
/* End PBXProject section */

/* Begin PBXResourcesBuildPhase section */
		39D70CB014BD3515009C3615 /* Resources */ = {
			isa = PBXResourcesBuildPhase;
			buildActionMask = 2147483647;
			files = (
				39D70CC114BD3515009C3615 /* InfoPlist.strings in Resources */,
				3969112614C9BD04006E8272 /* MainWindow.xib in Resources */,
				39200A1414E76C18006B6A79 /* EventController.xib in Resources */,
				3940D3F014F17DE20056D01B /* HistoryLogCell.xib in Resources */,
				398F458514F1B6E50095A405 /* map-pin.png in Resources */,
				398F458614F1B6E50095A405 /* map-pin@2x.png in Resources */,
				39339C1314F1CEBA0068CC29 /* popoverArrowDown.png in Resources */,
				39339C1414F1CEBA0068CC29 /* popoverArrowDown@2x.png in Resources */,
				39339C1514F1CEBA0068CC29 /* popoverArrowDownSimple.png in Resources */,
				39339C1614F1CEBA0068CC29 /* popoverArrowLeft.png in Resources */,
				39339C1714F1CEBA0068CC29 /* popoverArrowLeft@2x.png in Resources */,
				39339C1814F1CEBA0068CC29 /* popoverArrowLeftSimple.png in Resources */,
				39339C1914F1CEBA0068CC29 /* popoverArrowRight.png in Resources */,
				39339C1A14F1CEBA0068CC29 /* popoverArrowRight@2x.png in Resources */,
				39339C1B14F1CEBA0068CC29 /* popoverArrowRightSimple.png in Resources */,
				39339C1C14F1CEBA0068CC29 /* popoverArrowUp.png in Resources */,
				39339C1D14F1CEBA0068CC29 /* popoverArrowUp@2x.png in Resources */,
				39339C1E14F1CEBA0068CC29 /* popoverArrowUpSimple.png in Resources */,
				39339C1F14F1CEBA0068CC29 /* popoverBg.png in Resources */,
				39339C2014F1CEBA0068CC29 /* popoverBg@2x.png in Resources */,
				39339C2114F1CEBA0068CC29 /* popoverBgSimple.png in Resources */,
				39BE368C14F3E2BD00DBCC43 /* Icon-72.png in Resources */,
				39918C1A14F606A200D8D4EE /* EventListViewController.xib in Resources */,
				399F70BD14FD1B290012F089 /* default_data.plist in Resources */,
				39458C4F1509C4470001903F /* icon-57.png in Resources */,
				39458C511509C44A0001903F /* icon-114.png in Resources */,
			);
			runOnlyForDeploymentPostprocessing = 0;
		};
/* End PBXResourcesBuildPhase section */

/* Begin PBXShellScriptBuildPhase section */
		39BF451714F2A2000059C8B9 /* ShellScript */ = {
			isa = PBXShellScriptBuildPhase;
			buildActionMask = 2147483647;
			files = (
			);
			inputPaths = (
			);
			outputPaths = (
			);
			runOnlyForDeploymentPostprocessing = 0;
			shellPath = /bin/sh;
			shellScript = "#if [[ $CONFIGURATION == \"Distribution\" ]]; then\n#    BUILD_NUMBER=`date +\"%Y%m%d%H%M%S\"`\n#    GIT_TAG=`git describe --tags --abbrev=0`\n\n#    agvtool new-marketing-version $GIT_TAG\n#    agvtool new-version -all $BUILD_NUMBER\n#fi";
			showEnvVarsInLog = 0;
		};
/* End PBXShellScriptBuildPhase section */

/* Begin PBXSourcesBuildPhase section */
		3904CF9B14C078E200B7396A /* Sources */ = {
			isa = PBXSourcesBuildPhase;
			buildActionMask = 2147483647;
			files = (
				3904CFA414C078E200B7396A /* main.m in Sources */,
			);
			runOnlyForDeploymentPostprocessing = 0;
		};
		3950E86114BFE0AB009C6F6F /* Sources */ = {
			isa = PBXSourcesBuildPhase;
			buildActionMask = 2147483647;
			files = (
				3950E86A14BFE0AB009C6F6F /* main.m in Sources */,
			);
			runOnlyForDeploymentPostprocessing = 0;
		};
		39861AA114BD526D006F30A0 /* Sources */ = {
			isa = PBXSourcesBuildPhase;
			buildActionMask = 2147483647;
			files = (
				39861AAA14BD526D006F30A0 /* main.m in Sources */,
			);
			runOnlyForDeploymentPostprocessing = 0;
		};
		39A0F9F114F0B9AF00BA0AFA /* Sources */ = {
			isa = PBXSourcesBuildPhase;
			buildActionMask = 2147483647;
			files = (
				39A0F9FA14F0B9AF00BA0AFA /* main.m in Sources */,
			);
			runOnlyForDeploymentPostprocessing = 0;
		};
		39D70CAE14BD3515009C3615 /* Sources */ = {
			isa = PBXSourcesBuildPhase;
			buildActionMask = 2147483647;
			files = (
				39D70CC314BD3515009C3615 /* main.m in Sources */,
				3969111514C9BCF0006E8272 /* EventController.m in Sources */,
				3969111614C9BCF0006E8272 /* FolderListViewController.m in Sources */,
				3969111714C9BCF0006E8272 /* LastTimeAppDelegate.m in Sources */,
				39F6F10E14D1A2B800DBA262 /* HistoryLogDetailController.m in Sources */,
				39AA478114DAD8B300580EB9 /* EventDetailController.m in Sources */,
				3988B9BC14E0214F0010062E /* EditableTableCell.m in Sources */,
				39F6436014E40AAE004B0900 /* DatePickerCell.m in Sources */,
				392009FF14E4B88D006B6A79 /* CustomTableViewController.m in Sources */,
				39825C9014E8757200C4D684 /* FileHelpers.m in Sources */,
				39DB081614E95640006E4E08 /* FolderPickerCell.m in Sources */,
				39FEDFA914EAC2C2009672A5 /* UIColor+Custom.m in Sources */,
				3913EADC14EEB5DC0013A86A /* LocationSwitchCell.m in Sources */,
				391AF43C14F0C03F00DCA3F0 /* NumberCell.m in Sources */,
				3940D3F414F17E230056D01B /* HistoryLogCell.m in Sources */,
				39339BF914F1C59F0068CC29 /* UIBarButtonItem+WEPopover.m in Sources */,
				39339BFA14F1C59F0068CC29 /* WEPopoverContainerView.m in Sources */,
				39339BFB14F1C59F0068CC29 /* WEPopoverController.m in Sources */,
				39339BFC14F1C59F0068CC29 /* WETouchableView.m in Sources */,
				39918C1714F6062000D8D4EE /* EventListViewController.m in Sources */,
				39918C2514F7F99700D8D4EE /* EventStore.m in Sources */,
				399F70B714FB1FB00012F089 /* FolderListCell.m in Sources */,
				39C10D3A15005B6A00DF3F70 /* MGSplitCornersView.m in Sources */,
				39C10D3B15005B6A00DF3F70 /* MGSplitDividerView.m in Sources */,
				39C10D3C15005B6A00DF3F70 /* MGSplitViewController.m in Sources */,
				1AED06091510EEF100CCDA4F /* Last Time.xcdatamodeld in Sources */,
				1AED06241510F9F100CCDA4F /* LogEntry.m in Sources */,
				1ADD036815165531006EAD7E /* EventFolder.m in Sources */,
				1A161D6F152018D60062B4A5 /* Event.m in Sources */,
				1AC09F891520BAB600C483DE /* PlistStore.m in Sources */,
				1AC020A3152550200022A07B /* oldEvent.m in Sources */,
				1AC020A4152550200022A07B /* oldEventFolder.m in Sources */,
				1AC020A5152550200022A07B /* oldLogEntry.m in Sources */,
				1AC62B9F152950760019362B /* TimelineViewController.m in Sources */,
				1AB4B3E7152961B900D66347 /* SegmentsController.m in Sources */,
			);
			runOnlyForDeploymentPostprocessing = 0;
		};
/* End PBXSourcesBuildPhase section */

/* Begin PBXVariantGroup section */
		39D70CBF14BD3515009C3615 /* InfoPlist.strings */ = {
			isa = PBXVariantGroup;
			children = (
				39D70CC014BD3515009C3615 /* en */,
			);
			name = InfoPlist.strings;
			sourceTree = "<group>";
		};
/* End PBXVariantGroup section */

/* Begin XCBuildConfiguration section */
		3904CFAA14C078E200B7396A /* Debug */ = {
			isa = XCBuildConfiguration;
			buildSettings = {
				ARCHS = "$(ARCHS_STANDARD_64_BIT)";
				CLANG_ENABLE_OBJC_ARC = YES;
				GCC_ENABLE_OBJC_EXCEPTIONS = YES;
				GCC_PRECOMPILE_PREFIX_HEADER = YES;
				MACOSX_DEPLOYMENT_TARGET = 10.7;
				ONLY_ACTIVE_ARCH = YES;
				PRODUCT_NAME = "$(TARGET_NAME)";
				SDKROOT = macosx;
			};
			name = Debug;
		};
		3904CFAB14C078E200B7396A /* Release */ = {
			isa = XCBuildConfiguration;
			buildSettings = {
				ARCHS = "$(ARCHS_STANDARD_64_BIT)";
				CLANG_ENABLE_OBJC_ARC = YES;
				DEBUG_INFORMATION_FORMAT = "dwarf-with-dsym";
				GCC_ENABLE_OBJC_EXCEPTIONS = YES;
				GCC_PRECOMPILE_PREFIX_HEADER = YES;
				MACOSX_DEPLOYMENT_TARGET = 10.7;
				PRODUCT_NAME = "$(TARGET_NAME)";
				SDKROOT = macosx;
			};
			name = Release;
		};
		3950E87014BFE0AB009C6F6F /* Debug */ = {
			isa = XCBuildConfiguration;
			buildSettings = {
				ARCHS = "$(ARCHS_STANDARD_64_BIT)";
				CLANG_ENABLE_OBJC_ARC = YES;
				GCC_ENABLE_OBJC_EXCEPTIONS = YES;
				GCC_PRECOMPILE_PREFIX_HEADER = YES;
				MACOSX_DEPLOYMENT_TARGET = 10.7;
				ONLY_ACTIVE_ARCH = YES;
				PRODUCT_NAME = "$(TARGET_NAME)";
				SDKROOT = macosx;
			};
			name = Debug;
		};
		3950E87114BFE0AB009C6F6F /* Release */ = {
			isa = XCBuildConfiguration;
			buildSettings = {
				ARCHS = "$(ARCHS_STANDARD_64_BIT)";
				CLANG_ENABLE_OBJC_ARC = YES;
				DEBUG_INFORMATION_FORMAT = "dwarf-with-dsym";
				GCC_ENABLE_OBJC_EXCEPTIONS = YES;
				GCC_PRECOMPILE_PREFIX_HEADER = YES;
				MACOSX_DEPLOYMENT_TARGET = 10.7;
				PRODUCT_NAME = "$(TARGET_NAME)";
				SDKROOT = macosx;
			};
			name = Release;
		};
		39861AB014BD526D006F30A0 /* Debug */ = {
			isa = XCBuildConfiguration;
			buildSettings = {
				ARCHS = "$(ARCHS_STANDARD_64_BIT)";
				CLANG_ENABLE_OBJC_ARC = YES;
				GCC_ENABLE_OBJC_EXCEPTIONS = YES;
				GCC_PRECOMPILE_PREFIX_HEADER = YES;
				GCC_WARN_64_TO_32_BIT_CONVERSION = YES;
				GCC_WARN_SHADOW = YES;
				MACOSX_DEPLOYMENT_TARGET = 10.7;
				ONLY_ACTIVE_ARCH = YES;
				PRODUCT_NAME = "$(TARGET_NAME)";
				RUN_CLANG_STATIC_ANALYZER = YES;
				SDKROOT = macosx;
			};
			name = Debug;
		};
		39861AB114BD526D006F30A0 /* Release */ = {
			isa = XCBuildConfiguration;
			buildSettings = {
				ARCHS = "$(ARCHS_STANDARD_64_BIT)";
				CLANG_ENABLE_OBJC_ARC = YES;
				DEBUG_INFORMATION_FORMAT = "dwarf-with-dsym";
				GCC_ENABLE_OBJC_EXCEPTIONS = YES;
				GCC_PRECOMPILE_PREFIX_HEADER = YES;
				GCC_WARN_64_TO_32_BIT_CONVERSION = YES;
				GCC_WARN_SHADOW = YES;
				MACOSX_DEPLOYMENT_TARGET = 10.7;
				PRODUCT_NAME = "$(TARGET_NAME)";
				RUN_CLANG_STATIC_ANALYZER = YES;
				SDKROOT = macosx;
			};
			name = Release;
		};
		3988B96414DC32690010062E /* TestFlight */ = {
			isa = XCBuildConfiguration;
			buildSettings = {
				ALWAYS_SEARCH_USER_PATHS = NO;
				ARCHS = "$(ARCHS_STANDARD_32_BIT)";
				CLANG_ENABLE_OBJC_ARC = YES;
				COPY_PHASE_STRIP = NO;
				CURRENT_PROJECT_VERSION = 20120306210007;
				GCC_C_LANGUAGE_STANDARD = gnu99;
				GCC_DYNAMIC_NO_PIC = NO;
				GCC_OPTIMIZATION_LEVEL = s;
				GCC_PREPROCESSOR_DEFINITIONS = (
					"DEBUG=1",
					"$(inherited)",
				);
				GCC_SYMBOLS_PRIVATE_EXTERN = NO;
				GCC_VERSION = "";
				GCC_WARN_64_TO_32_BIT_CONVERSION = YES;
				GCC_WARN_ABOUT_MISSING_FIELD_INITIALIZERS = YES;
				GCC_WARN_ABOUT_MISSING_NEWLINE = YES;
				GCC_WARN_ABOUT_MISSING_PROTOTYPES = YES;
				GCC_WARN_ABOUT_RETURN_TYPE = YES;
				GCC_WARN_INITIALIZER_NOT_FULLY_BRACKETED = YES;
				GCC_WARN_SHADOW = YES;
				GCC_WARN_SIGN_COMPARE = YES;
				GCC_WARN_UNDECLARED_SELECTOR = YES;
				GCC_WARN_UNINITIALIZED_AUTOS = YES;
				GCC_WARN_UNUSED_FUNCTION = YES;
				GCC_WARN_UNUSED_LABEL = YES;
				GCC_WARN_UNUSED_PARAMETER = NO;
				GCC_WARN_UNUSED_VARIABLE = YES;
				IPHONEOS_DEPLOYMENT_TARGET = 5.0;
				SDKROOT = iphoneos;
				TARGETED_DEVICE_FAMILY = "1,2";
				VERSIONING_SYSTEM = "apple-generic";
			};
			name = TestFlight;
		};
		3988B96514DC32690010062E /* TestFlight */ = {
			isa = XCBuildConfiguration;
			buildSettings = {
				CLANG_ENABLE_OBJC_ARC = YES;
				CODE_SIGN_IDENTITY = "iPhone Distribution";
				"CODE_SIGN_IDENTITY[sdk=iphoneos*]" = "iPhone Distribution";
				GCC_PRECOMPILE_PREFIX_HEADER = YES;
				GCC_PREFIX_HEADER = "Last Time/Last Time-Prefix.pch";
				GCC_PREPROCESSOR_DEFINITIONS = "TESTFLIGHT=1";
				GCC_TREAT_WARNINGS_AS_ERRORS = YES;
				GCC_VERSION = com.apple.compilers.llvm.clang.1_0;
				INFOPLIST_FILE = "Last Time/Last Time-Info.plist";
				IPHONEOS_DEPLOYMENT_TARGET = 5.0;
				LIBRARY_SEARCH_PATHS = (
					"$(inherited)",
					"\"$(SRCROOT)/Last Time/Resources/TestFlight\"",
					"\"$(SYSTEM_APPS_DIR)/Xcode.app/Contents/Developer/Platforms/iPhoneOS.platform/Developer/usr/lib\"",
				);
				OTHER_LDFLAGS = "-lTestFlight";
				PRODUCT_NAME = "$(TARGET_NAME)";
				PROVISIONING_PROFILE = "";
				"PROVISIONING_PROFILE[sdk=iphoneos*]" = "";
				RUN_CLANG_STATIC_ANALYZER = NO;
				STRIP_STYLE = debugging;
				TARGETED_DEVICE_FAMILY = "1,2";
				VALIDATE_PRODUCT = YES;
				WRAPPER_EXTENSION = app;
			};
			name = TestFlight;
		};
		3988B96714DC32690010062E /* TestFlight */ = {
			isa = XCBuildConfiguration;
			buildSettings = {
				ARCHS = "$(ARCHS_STANDARD_64_BIT)";
				CLANG_ENABLE_OBJC_ARC = YES;
				GCC_ENABLE_OBJC_EXCEPTIONS = YES;
				GCC_PRECOMPILE_PREFIX_HEADER = YES;
				GCC_WARN_64_TO_32_BIT_CONVERSION = YES;
				GCC_WARN_SHADOW = YES;
				MACOSX_DEPLOYMENT_TARGET = 10.7;
				ONLY_ACTIVE_ARCH = YES;
				PRODUCT_NAME = "$(TARGET_NAME)";
				RUN_CLANG_STATIC_ANALYZER = YES;
				SDKROOT = macosx;
			};
			name = TestFlight;
		};
		3988B96814DC32690010062E /* TestFlight */ = {
			isa = XCBuildConfiguration;
			buildSettings = {
				ARCHS = "$(ARCHS_STANDARD_64_BIT)";
				CLANG_ENABLE_OBJC_ARC = YES;
				GCC_ENABLE_OBJC_EXCEPTIONS = YES;
				GCC_PRECOMPILE_PREFIX_HEADER = YES;
				MACOSX_DEPLOYMENT_TARGET = 10.7;
				ONLY_ACTIVE_ARCH = YES;
				PRODUCT_NAME = "$(TARGET_NAME)";
				SDKROOT = macosx;
			};
			name = TestFlight;
		};
		3988B96914DC32690010062E /* TestFlight */ = {
			isa = XCBuildConfiguration;
			buildSettings = {
				ARCHS = "$(ARCHS_STANDARD_64_BIT)";
				CLANG_ENABLE_OBJC_ARC = YES;
				GCC_ENABLE_OBJC_EXCEPTIONS = YES;
				GCC_PRECOMPILE_PREFIX_HEADER = YES;
				MACOSX_DEPLOYMENT_TARGET = 10.7;
				ONLY_ACTIVE_ARCH = YES;
				PRODUCT_NAME = "$(TARGET_NAME)";
				SDKROOT = macosx;
			};
			name = TestFlight;
		};
		39A0FA0014F0B9AF00BA0AFA /* Debug */ = {
			isa = XCBuildConfiguration;
			buildSettings = {
				ARCHS = "$(ARCHS_STANDARD_64_BIT)";
				CLANG_ENABLE_OBJC_ARC = YES;
				GCC_ENABLE_OBJC_EXCEPTIONS = YES;
				GCC_PRECOMPILE_PREFIX_HEADER = YES;
				GCC_WARN_UNINITIALIZED_AUTOS = YES;
				MACOSX_DEPLOYMENT_TARGET = 10.8;
				ONLY_ACTIVE_ARCH = YES;
				PRODUCT_NAME = "$(TARGET_NAME)";
				SDKROOT = macosx;
			};
			name = Debug;
		};
		39A0FA0114F0B9AF00BA0AFA /* TestFlight */ = {
			isa = XCBuildConfiguration;
			buildSettings = {
				ARCHS = "$(ARCHS_STANDARD_64_BIT)";
				CLANG_ENABLE_OBJC_ARC = YES;
				DEBUG_INFORMATION_FORMAT = "dwarf-with-dsym";
				GCC_ENABLE_OBJC_EXCEPTIONS = YES;
				GCC_PRECOMPILE_PREFIX_HEADER = YES;
				GCC_WARN_UNINITIALIZED_AUTOS = YES;
				MACOSX_DEPLOYMENT_TARGET = 10.8;
				PRODUCT_NAME = "$(TARGET_NAME)";
				SDKROOT = macosx;
			};
			name = TestFlight;
		};
		39A0FA0214F0B9AF00BA0AFA /* Release */ = {
			isa = XCBuildConfiguration;
			buildSettings = {
				ARCHS = "$(ARCHS_STANDARD_64_BIT)";
				CLANG_ENABLE_OBJC_ARC = YES;
				DEBUG_INFORMATION_FORMAT = "dwarf-with-dsym";
				GCC_ENABLE_OBJC_EXCEPTIONS = YES;
				GCC_PRECOMPILE_PREFIX_HEADER = YES;
				GCC_WARN_UNINITIALIZED_AUTOS = YES;
				MACOSX_DEPLOYMENT_TARGET = 10.8;
				PRODUCT_NAME = "$(TARGET_NAME)";
				SDKROOT = macosx;
			};
			name = Release;
		};
		39B8C8701504661700A55B5C /* Coverage */ = {
			isa = XCBuildConfiguration;
			buildSettings = {
				ALWAYS_SEARCH_USER_PATHS = NO;
				ARCHS = "$(ARCHS_STANDARD_32_BIT)";
				CLANG_ENABLE_OBJC_ARC = YES;
				COPY_PHASE_STRIP = NO;
				CURRENT_PROJECT_VERSION = 20120306210007;
				GCC_C_LANGUAGE_STANDARD = gnu99;
				GCC_DYNAMIC_NO_PIC = NO;
				GCC_OPTIMIZATION_LEVEL = 0;
				GCC_PREPROCESSOR_DEFINITIONS = (
					"DEBUG=1",
					"$(inherited)",
				);
				GCC_SYMBOLS_PRIVATE_EXTERN = NO;
				GCC_VERSION = "";
				GCC_WARN_64_TO_32_BIT_CONVERSION = YES;
				GCC_WARN_ABOUT_MISSING_FIELD_INITIALIZERS = YES;
				GCC_WARN_ABOUT_MISSING_NEWLINE = YES;
				GCC_WARN_ABOUT_MISSING_PROTOTYPES = YES;
				GCC_WARN_ABOUT_RETURN_TYPE = YES;
				GCC_WARN_INITIALIZER_NOT_FULLY_BRACKETED = YES;
				GCC_WARN_SHADOW = YES;
				GCC_WARN_SIGN_COMPARE = YES;
				GCC_WARN_UNDECLARED_SELECTOR = YES;
				GCC_WARN_UNINITIALIZED_AUTOS = YES;
				GCC_WARN_UNUSED_FUNCTION = YES;
				GCC_WARN_UNUSED_LABEL = YES;
				GCC_WARN_UNUSED_PARAMETER = NO;
				GCC_WARN_UNUSED_VARIABLE = YES;
				IPHONEOS_DEPLOYMENT_TARGET = 5.0;
				OTHER_CFLAGS = "";
				SDKROOT = iphoneos;
				TARGETED_DEVICE_FAMILY = "1,2";
				VERSIONING_SYSTEM = "apple-generic";
			};
			name = Coverage;
		};
		39B8C8711504661700A55B5C /* Coverage */ = {
			isa = XCBuildConfiguration;
			buildSettings = {
				CLANG_ENABLE_OBJC_ARC = YES;
				CODE_SIGN_IDENTITY = "iPhone Developer";
				"CODE_SIGN_IDENTITY[sdk=iphoneos*]" = "iPhone Developer";
				GCC_GENERATE_TEST_COVERAGE_FILES = YES;
				GCC_INSTRUMENT_PROGRAM_FLOW_ARCS = YES;
				GCC_PRECOMPILE_PREFIX_HEADER = YES;
				GCC_PREFIX_HEADER = "Last Time/Last Time-Prefix.pch";
				GCC_VERSION = com.apple.compilers.llvm.clang.1_0;
				INFOPLIST_FILE = "Last Time/Last Time-Info.plist";
				IPHONEOS_DEPLOYMENT_TARGET = 5.0;
				LIBRARY_SEARCH_PATHS = (
					"$(inherited)",
					"\"$(SRCROOT)/Last Time/Resources/TestFlight\"",
					"\"$(SYSTEM_APPS_DIR)/Xcode.app/Contents/Developer/Platforms/iPhoneOS.platform/Developer/usr/lib\"",
				);
				OTHER_CFLAGS = (
					"-DDEBUG=1",
					"-ftest-coverage",
					"-fprofile-arcs",
				);
				OTHER_LDFLAGS = "-lprofile_rt";
				PRODUCT_NAME = "Last Time";
				PROVISIONING_PROFILE = "";
				"PROVISIONING_PROFILE[sdk=iphoneos*]" = "";
				RUN_CLANG_STATIC_ANALYZER = YES;
				STRIP_STYLE = debugging;
				TARGETED_DEVICE_FAMILY = "1,2";
				VALIDATE_PRODUCT = YES;
				WRAPPER_EXTENSION = app;
			};
			name = Coverage;
		};
		39B8C8731504661700A55B5C /* Coverage */ = {
			isa = XCBuildConfiguration;
			buildSettings = {
				ARCHS = "$(ARCHS_STANDARD_64_BIT)";
				CLANG_ENABLE_OBJC_ARC = YES;
				GCC_ENABLE_OBJC_EXCEPTIONS = YES;
				GCC_PRECOMPILE_PREFIX_HEADER = YES;
				GCC_WARN_64_TO_32_BIT_CONVERSION = YES;
				GCC_WARN_SHADOW = YES;
				MACOSX_DEPLOYMENT_TARGET = 10.7;
				ONLY_ACTIVE_ARCH = YES;
				PRODUCT_NAME = "$(TARGET_NAME)";
				RUN_CLANG_STATIC_ANALYZER = YES;
				SDKROOT = macosx;
			};
			name = Coverage;
		};
		39B8C8741504661700A55B5C /* Coverage */ = {
			isa = XCBuildConfiguration;
			buildSettings = {
				ARCHS = "$(ARCHS_STANDARD_64_BIT)";
				CLANG_ENABLE_OBJC_ARC = YES;
				GCC_ENABLE_OBJC_EXCEPTIONS = YES;
				GCC_PRECOMPILE_PREFIX_HEADER = YES;
				MACOSX_DEPLOYMENT_TARGET = 10.7;
				ONLY_ACTIVE_ARCH = YES;
				PRODUCT_NAME = "$(TARGET_NAME)";
				SDKROOT = macosx;
			};
			name = Coverage;
		};
		39B8C8751504661700A55B5C /* Coverage */ = {
			isa = XCBuildConfiguration;
			buildSettings = {
				ARCHS = "$(ARCHS_STANDARD_64_BIT)";
				CLANG_ENABLE_OBJC_ARC = YES;
				GCC_ENABLE_OBJC_EXCEPTIONS = YES;
				GCC_PRECOMPILE_PREFIX_HEADER = YES;
				MACOSX_DEPLOYMENT_TARGET = 10.7;
				ONLY_ACTIVE_ARCH = YES;
				PRODUCT_NAME = "$(TARGET_NAME)";
				SDKROOT = macosx;
			};
			name = Coverage;
		};
		39B8C8761504661700A55B5C /* Coverage */ = {
			isa = XCBuildConfiguration;
			buildSettings = {
				ARCHS = "$(ARCHS_STANDARD_64_BIT)";
				CLANG_ENABLE_OBJC_ARC = YES;
				GCC_ENABLE_OBJC_EXCEPTIONS = YES;
				GCC_PRECOMPILE_PREFIX_HEADER = YES;
				GCC_WARN_UNINITIALIZED_AUTOS = YES;
				MACOSX_DEPLOYMENT_TARGET = 10.8;
				ONLY_ACTIVE_ARCH = YES;
				PRODUCT_NAME = "$(TARGET_NAME)";
				SDKROOT = macosx;
			};
			name = Coverage;
		};
		39D70CDF14BD3516009C3615 /* Debug */ = {
			isa = XCBuildConfiguration;
			buildSettings = {
				ALWAYS_SEARCH_USER_PATHS = NO;
				ARCHS = "$(ARCHS_STANDARD_32_BIT)";
				CLANG_ENABLE_OBJC_ARC = YES;
				COPY_PHASE_STRIP = NO;
				CURRENT_PROJECT_VERSION = 20120306210007;
				GCC_C_LANGUAGE_STANDARD = gnu99;
				GCC_DYNAMIC_NO_PIC = NO;
				GCC_OPTIMIZATION_LEVEL = 0;
				GCC_PREPROCESSOR_DEFINITIONS = (
					"DEBUG=1",
					"$(inherited)",
				);
				GCC_SYMBOLS_PRIVATE_EXTERN = NO;
				GCC_VERSION = "";
				GCC_WARN_64_TO_32_BIT_CONVERSION = YES;
				GCC_WARN_ABOUT_MISSING_FIELD_INITIALIZERS = YES;
				GCC_WARN_ABOUT_MISSING_NEWLINE = YES;
				GCC_WARN_ABOUT_MISSING_PROTOTYPES = YES;
				GCC_WARN_ABOUT_RETURN_TYPE = YES;
				GCC_WARN_INITIALIZER_NOT_FULLY_BRACKETED = YES;
				GCC_WARN_SHADOW = YES;
				GCC_WARN_SIGN_COMPARE = YES;
				GCC_WARN_UNDECLARED_SELECTOR = YES;
				GCC_WARN_UNINITIALIZED_AUTOS = YES;
				GCC_WARN_UNUSED_FUNCTION = YES;
				GCC_WARN_UNUSED_LABEL = YES;
				GCC_WARN_UNUSED_PARAMETER = NO;
				GCC_WARN_UNUSED_VARIABLE = YES;
				IPHONEOS_DEPLOYMENT_TARGET = 5.0;
				OTHER_CFLAGS = "";
				SDKROOT = iphoneos;
				TARGETED_DEVICE_FAMILY = "1,2";
				VERSIONING_SYSTEM = "apple-generic";
			};
			name = Debug;
		};
		39D70CE014BD3516009C3615 /* Release */ = {
			isa = XCBuildConfiguration;
			buildSettings = {
				ALWAYS_SEARCH_USER_PATHS = NO;
				ARCHS = "$(ARCHS_STANDARD_32_BIT)";
				CLANG_ENABLE_OBJC_ARC = YES;
				COPY_PHASE_STRIP = YES;
				CURRENT_PROJECT_VERSION = 20120306210007;
				GCC_C_LANGUAGE_STANDARD = gnu99;
				GCC_TREAT_WARNINGS_AS_ERRORS = YES;
				GCC_VERSION = "";
				GCC_WARN_64_TO_32_BIT_CONVERSION = YES;
				GCC_WARN_ABOUT_MISSING_FIELD_INITIALIZERS = YES;
				GCC_WARN_ABOUT_MISSING_NEWLINE = YES;
				GCC_WARN_ABOUT_MISSING_PROTOTYPES = YES;
				GCC_WARN_ABOUT_RETURN_TYPE = YES;
				GCC_WARN_INITIALIZER_NOT_FULLY_BRACKETED = YES;
				GCC_WARN_SHADOW = YES;
				GCC_WARN_SIGN_COMPARE = YES;
				GCC_WARN_UNDECLARED_SELECTOR = YES;
				GCC_WARN_UNINITIALIZED_AUTOS = YES;
				GCC_WARN_UNUSED_FUNCTION = YES;
				GCC_WARN_UNUSED_LABEL = YES;
				GCC_WARN_UNUSED_PARAMETER = NO;
				GCC_WARN_UNUSED_VARIABLE = YES;
				IPHONEOS_DEPLOYMENT_TARGET = 5.0;
				OTHER_CFLAGS = "-DNS_BLOCK_ASSERTIONS=1";
				SDKROOT = iphoneos;
				TARGETED_DEVICE_FAMILY = "1,2";
				VALIDATE_PRODUCT = YES;
				VERSIONING_SYSTEM = "apple-generic";
			};
			name = Release;
		};
		39D70CE214BD3516009C3615 /* Debug */ = {
			isa = XCBuildConfiguration;
			buildSettings = {
				CLANG_ENABLE_OBJC_ARC = YES;
				CODE_SIGN_IDENTITY = "iPhone Developer";
				"CODE_SIGN_IDENTITY[sdk=iphoneos*]" = "iPhone Developer";
				GCC_PRECOMPILE_PREFIX_HEADER = YES;
				GCC_PREFIX_HEADER = "Last Time/Last Time-Prefix.pch";
				GCC_VERSION = com.apple.compilers.llvm.clang.1_0;
				INFOPLIST_FILE = "Last Time/Last Time-Info.plist";
				IPHONEOS_DEPLOYMENT_TARGET = 5.0;
				LIBRARY_SEARCH_PATHS = (
					"$(inherited)",
					"\"$(SRCROOT)/Last Time/Resources/TestFlight\"",
					"\"$(SYSTEM_APPS_DIR)/Xcode.app/Contents/Developer/Platforms/iPhoneOS.platform/Developer/usr/lib\"",
				);
				PRODUCT_NAME = "$(TARGET_NAME)";
				PROVISIONING_PROFILE = "";
				"PROVISIONING_PROFILE[sdk=iphoneos*]" = "";
				RUN_CLANG_STATIC_ANALYZER = YES;
				STRIP_STYLE = debugging;
				TARGETED_DEVICE_FAMILY = "1,2";
				VALIDATE_PRODUCT = YES;
				WRAPPER_EXTENSION = app;
			};
			name = Debug;
		};
		39D70CE314BD3516009C3615 /* Release */ = {
			isa = XCBuildConfiguration;
			buildSettings = {
				CLANG_ENABLE_OBJC_ARC = YES;
				CODE_SIGN_IDENTITY = "iPhone Distribution: James Moore";
				"CODE_SIGN_IDENTITY[sdk=iphoneos*]" = "iPhone Distribution: James Moore";
				DEPLOYMENT_POSTPROCESSING = YES;
				GCC_PRECOMPILE_PREFIX_HEADER = YES;
				GCC_PREFIX_HEADER = "Last Time/Last Time-Prefix.pch";
				GCC_PREPROCESSOR_DEFINITIONS = "TESTFLIGHT=1";
				GCC_VERSION = com.apple.compilers.llvm.clang.1_0;
				INFOPLIST_FILE = "Last Time/Last Time-Info.plist";
				IPHONEOS_DEPLOYMENT_TARGET = 5.0;
				LIBRARY_SEARCH_PATHS = (
					"$(inherited)",
					"\"$(SRCROOT)/Last Time/Resources/TestFlight\"",
					"\"$(SYSTEM_APPS_DIR)/Xcode.app/Contents/Developer/Platforms/iPhoneOS.platform/Developer/usr/lib\"",
				);
				OTHER_LDFLAGS = "-lTestFlight";
				PRODUCT_NAME = "$(TARGET_NAME)";
				PROVISIONING_PROFILE = "4A20681E-C3D8-460C-9E3C-135A78E03705";
				"PROVISIONING_PROFILE[sdk=iphoneos*]" = "4A20681E-C3D8-460C-9E3C-135A78E03705";
				RUN_CLANG_STATIC_ANALYZER = NO;
				STRIP_INSTALLED_PRODUCT = YES;
				TARGETED_DEVICE_FAMILY = "1,2";
				VALIDATE_PRODUCT = YES;
				WRAPPER_EXTENSION = app;
			};
			name = Release;
		};
/* End XCBuildConfiguration section */

/* Begin XCConfigurationList section */
		3904CFA914C078E200B7396A /* Build configuration list for PBXNativeTarget "RandomEventFolder" */ = {
			isa = XCConfigurationList;
			buildConfigurations = (
				3904CFAA14C078E200B7396A /* Debug */,
				39B8C8751504661700A55B5C /* Coverage */,
				3988B96914DC32690010062E /* TestFlight */,
				3904CFAB14C078E200B7396A /* Release */,
			);
			defaultConfigurationIsVisible = 0;
			defaultConfigurationName = Release;
		};
		3950E86F14BFE0AB009C6F6F /* Build configuration list for PBXNativeTarget "RandomEvent" */ = {
			isa = XCConfigurationList;
			buildConfigurations = (
				3950E87014BFE0AB009C6F6F /* Debug */,
				39B8C8741504661700A55B5C /* Coverage */,
				3988B96814DC32690010062E /* TestFlight */,
				3950E87114BFE0AB009C6F6F /* Release */,
			);
			defaultConfigurationIsVisible = 0;
			defaultConfigurationName = Release;
		};
		39861AAF14BD526D006F30A0 /* Build configuration list for PBXNativeTarget "RandomLogEntry" */ = {
			isa = XCConfigurationList;
			buildConfigurations = (
				39861AB014BD526D006F30A0 /* Debug */,
				39B8C8731504661700A55B5C /* Coverage */,
				3988B96714DC32690010062E /* TestFlight */,
				39861AB114BD526D006F30A0 /* Release */,
			);
			defaultConfigurationIsVisible = 0;
			defaultConfigurationName = Release;
		};
		39A0F9FF14F0B9AF00BA0AFA /* Build configuration list for PBXNativeTarget "DurationTest" */ = {
			isa = XCConfigurationList;
			buildConfigurations = (
				39A0FA0014F0B9AF00BA0AFA /* Debug */,
				39B8C8761504661700A55B5C /* Coverage */,
				39A0FA0114F0B9AF00BA0AFA /* TestFlight */,
				39A0FA0214F0B9AF00BA0AFA /* Release */,
			);
			defaultConfigurationIsVisible = 0;
			defaultConfigurationName = Release;
		};
		39D70CAC14BD3515009C3615 /* Build configuration list for PBXProject "Last Time" */ = {
			isa = XCConfigurationList;
			buildConfigurations = (
				39D70CDF14BD3516009C3615 /* Debug */,
				39B8C8701504661700A55B5C /* Coverage */,
				3988B96414DC32690010062E /* TestFlight */,
				39D70CE014BD3516009C3615 /* Release */,
			);
			defaultConfigurationIsVisible = 0;
			defaultConfigurationName = Release;
		};
		39D70CE114BD3516009C3615 /* Build configuration list for PBXNativeTarget "Last Time" */ = {
			isa = XCConfigurationList;
			buildConfigurations = (
				39D70CE214BD3516009C3615 /* Debug */,
				39B8C8711504661700A55B5C /* Coverage */,
				3988B96514DC32690010062E /* TestFlight */,
				39D70CE314BD3516009C3615 /* Release */,
			);
			defaultConfigurationIsVisible = 0;
			defaultConfigurationName = Release;
		};
/* End XCConfigurationList section */

/* Begin XCVersionGroup section */
		1AED06071510EEF100CCDA4F /* Last Time.xcdatamodeld */ = {
			isa = XCVersionGroup;
			children = (
				1AED06081510EEF100CCDA4F /* Last Time.xcdatamodel */,
			);
			currentVersion = 1AED06081510EEF100CCDA4F /* Last Time.xcdatamodel */;
			path = "Last Time.xcdatamodeld";
			sourceTree = "<group>";
			versionGroupType = wrapper.xcdatamodel;
		};
/* End XCVersionGroup section */
	};
	rootObject = 39D70CA914BD3515009C3615 /* Project object */;
}
